{
  "object": {
    "pins": [
      {
        "package": "Alamofire",
        "repositoryURL": "https://github.com/Alamofire/Alamofire.git",
        "state": {
          "branch": null,
          "revision": "9e0328127dfb801cefe8ac53a13c0c90a7770448",
          "version": "5.4.0"
        }
      },
      {
        "package": "IQKeyboardManagerSwift",
        "repositoryURL": "https://github.com/hackiftekhar/IQKeyboardManager",
        "state": {
          "branch": null,
          "revision": "4dc6bc7d1c9747bd0c261c8c055903f9fdef91f7",
          "version": "6.5.6"
        }
      },
      {
        "package": "Kingfisher",
        "repositoryURL": "https://github.com/onevcat/Kingfisher.git",
        "state": {
          "branch": null,
          "revision": "2a10bf41da75599a9f8e872dbd44fe0155a2e00c",
          "version": "5.15.8"
        }
      },
      {
        "package": "SupportDocs",
        "repositoryURL": "https://github.com/aheze/SupportDocs",
        "state": {
          "branch": null,
          "revision": "c58f17ad9cf79065a07235bc117ccfad938a446b",
          "version": "1.1.0"
        }
      },
      {
        "package": "PageView",
        "repositoryURL": "https://github.com/Connapptivity/SwiftUI-PageView.git",
        "state": {
          "branch": null,
          "revision": "19b2f4ca3ec44be9338600d79c3a981a2cfab0d5",
          "version": "1.1.1"
        }
      }
    ]
  },
  "version": 1
}
