// !$*UTF8*$!
{
	archiveVersion = 1;
	classes = {
	};
	objectVersion = 54;
	objects = {

/* Begin PBXBuildFile section */
		620590F124FDBB21001565BF /* Montserrat-Medium.ttf in Resources */ = {isa = PBXBuildFile; fileRef = 620590B924FDBB21001565BF /* Montserrat-Medium.ttf */; };
		620590F224FDBB21001565BF /* Montserrat-Light.ttf in Resources */ = {isa = PBXBuildFile; fileRef = 620590BA24FDBB21001565BF /* Montserrat-Light.ttf */; };
		620590F324FDBB21001565BF /* Montserrat-ExtraLight.ttf in Resources */ = {isa = PBXBuildFile; fileRef = 620590BB24FDBB21001565BF /* Montserrat-ExtraLight.ttf */; };
		620590F424FDBB21001565BF /* Montserrat-Thin.ttf in Resources */ = {isa = PBXBuildFile; fileRef = 620590BC24FDBB21001565BF /* Montserrat-Thin.ttf */; };
		620590F524FDBB21001565BF /* Montserrat-Bold.ttf in Resources */ = {isa = PBXBuildFile; fileRef = 620590BD24FDBB21001565BF /* Montserrat-Bold.ttf */; };
		620590F624FDBB21001565BF /* Montserrat-SemiBold.ttf in Resources */ = {isa = PBXBuildFile; fileRef = 620590BE24FDBB21001565BF /* Montserrat-SemiBold.ttf */; };
		620590F724FDBB21001565BF /* Montserrat-ExtraBold.ttf in Resources */ = {isa = PBXBuildFile; fileRef = 620590BF24FDBB21001565BF /* Montserrat-ExtraBold.ttf */; };
		620590F824FDBB21001565BF /* Montserrat-Black.ttf in Resources */ = {isa = PBXBuildFile; fileRef = 620590C024FDBB21001565BF /* Montserrat-Black.ttf */; };
		620590F924FDBB21001565BF /* Montserrat-Regular.ttf in Resources */ = {isa = PBXBuildFile; fileRef = 620590C124FDBB21001565BF /* Montserrat-Regular.ttf */; };
		620590FA24FDBB21001565BF /* Assets.xcassets in Resources */ = {isa = PBXBuildFile; fileRef = 620590C224FDBB21001565BF /* Assets.xcassets */; };
		620590FC24FDBB21001565BF /* Preview Assets.xcassets in Resources */ = {isa = PBXBuildFile; fileRef = 620590C524FDBB21001565BF /* Preview Assets.xcassets */; };
		620590FD24FDBB21001565BF /* LaunchScreen.storyboard in Resources */ = {isa = PBXBuildFile; fileRef = 620590C624FDBB21001565BF /* LaunchScreen.storyboard */; };
		620590FE24FDBB21001565BF /* Extensions.swift in Sources */ = {isa = PBXBuildFile; fileRef = 620590C924FDBB21001565BF /* Extensions.swift */; };
		620590FF24FDBB21001565BF /* PushNotificationManager.swift in Sources */ = {isa = PBXBuildFile; fileRef = 620590CB24FDBB21001565BF /* PushNotificationManager.swift */; };
		6205910024FDBB21001565BF /* PushNotificationSender.swift in Sources */ = {isa = PBXBuildFile; fileRef = 620590CC24FDBB21001565BF /* PushNotificationSender.swift */; };
		6205910124FDBB21001565BF /* FirebaseManager.swift in Sources */ = {isa = PBXBuildFile; fileRef = 620590CD24FDBB21001565BF /* FirebaseManager.swift */; };
		6205910224FDBB21001565BF /* AppDelegate.swift in Sources */ = {isa = PBXBuildFile; fileRef = 620590CE24FDBB21001565BF /* AppDelegate.swift */; };
		6205910324FDBB21001565BF /* Categories.swift in Sources */ = {isa = PBXBuildFile; fileRef = 620590D024FDBB21001565BF /* Categories.swift */; };
		6205910424FDBB21001565BF /* User.swift in Sources */ = {isa = PBXBuildFile; fileRef = 620590D124FDBB21001565BF /* User.swift */; };
		6205910524FDBB21001565BF /* UserData.swift in Sources */ = {isa = PBXBuildFile; fileRef = 620590D224FDBB21001565BF /* UserData.swift */; };
		6205910724FDBB21001565BF /* ViewRouter.swift in Sources */ = {isa = PBXBuildFile; fileRef = 620590D424FDBB21001565BF /* ViewRouter.swift */; };
		6205910824FDBB21001565BF /* ChatData.swift in Sources */ = {isa = PBXBuildFile; fileRef = 620590D524FDBB21001565BF /* ChatData.swift */; };
		6205910924FDBB21001565BF /* TimerView.swift in Sources */ = {isa = PBXBuildFile; fileRef = 620590D824FDBB21001565BF /* TimerView.swift */; };
		6205910A24FDBB21001565BF /* SettingView.swift in Sources */ = {isa = PBXBuildFile; fileRef = 620590DA24FDBB21001565BF /* SettingView.swift */; };
		6205910B24FDBB21001565BF /* CTA.swift in Sources */ = {isa = PBXBuildFile; fileRef = 620590DC24FDBB21001565BF /* CTA.swift */; };
		6205910C24FDBB21001565BF /* Home.swift in Sources */ = {isa = PBXBuildFile; fileRef = 620590DD24FDBB21001565BF /* Home.swift */; };
		6205910D24FDBB21001565BF /* Header.swift in Sources */ = {isa = PBXBuildFile; fileRef = 620590DE24FDBB21001565BF /* Header.swift */; };
		6205910E24FDBB21001565BF /* ChatCell.swift in Sources */ = {isa = PBXBuildFile; fileRef = 620590E024FDBB21001565BF /* ChatCell.swift */; };
		6205910F24FDBB21001565BF /* AddChat.swift in Sources */ = {isa = PBXBuildFile; fileRef = 620590E124FDBB21001565BF /* AddChat.swift */; };
		6205911024FDBB21001565BF /* ChatView.swift in Sources */ = {isa = PBXBuildFile; fileRef = 620590E224FDBB21001565BF /* ChatView.swift */; };
		6205911324FDBB21001565BF /* LeaderboardView.swift in Sources */ = {isa = PBXBuildFile; fileRef = 620590E624FDBB21001565BF /* LeaderboardView.swift */; };
		6205911424FDBB21001565BF /* LeaderboardTabBar.swift in Sources */ = {isa = PBXBuildFile; fileRef = 620590E724FDBB21001565BF /* LeaderboardTabBar.swift */; };
		6205911524FDBB21001565BF /* TabBar.swift in Sources */ = {isa = PBXBuildFile; fileRef = 620590E924FDBB21001565BF /* TabBar.swift */; };
		6205911624FDBB21001565BF /* TimerButtonStyles.swift in Sources */ = {isa = PBXBuildFile; fileRef = 620590EA24FDBB21001565BF /* TimerButtonStyles.swift */; };
		6205911724FDBB21001565BF /* ContentView.swift in Sources */ = {isa = PBXBuildFile; fileRef = 620590EB24FDBB21001565BF /* ContentView.swift */; };
		6205911824FDBB21001565BF /* RegistrationView.swift in Sources */ = {isa = PBXBuildFile; fileRef = 620590ED24FDBB21001565BF /* RegistrationView.swift */; };
		6205911924FDBB21001565BF /* LoginView.swift in Sources */ = {isa = PBXBuildFile; fileRef = 620590EE24FDBB21001565BF /* LoginView.swift */; };
		6205911B24FDBB21001565BF /* SceneDelegate.swift in Sources */ = {isa = PBXBuildFile; fileRef = 620590F024FDBB21001565BF /* SceneDelegate.swift */; };
		6205911D24FDBD1D001565BF /* ErrorModel.swift in Sources */ = {isa = PBXBuildFile; fileRef = 6205911C24FDBD1D001565BF /* ErrorModel.swift */; };
		62109C89259055B700483ADB /* MiniProfileSubview.swift in Sources */ = {isa = PBXBuildFile; fileRef = 62109C88259055B700483ADB /* MiniProfileSubview.swift */; };
		622430A125747BDE0031CF78 /* RecentChatGroupSubview.swift in Sources */ = {isa = PBXBuildFile; fileRef = 622430A025747BDE0031CF78 /* RecentChatGroupSubview.swift */; };
		624FAEF6256EF08D000E0203 /* InputFieldSubview.swift in Sources */ = {isa = PBXBuildFile; fileRef = 624FAEF5256EF08D000E0203 /* InputFieldSubview.swift */; };
		624FAEF9256EF137000E0203 /* ButtonsSubview.swift in Sources */ = {isa = PBXBuildFile; fileRef = 624FAEF8256EF137000E0203 /* ButtonsSubview.swift */; };
		624FAEFC256EF2EA000E0203 /* VectorImageRepresentable.swift in Sources */ = {isa = PBXBuildFile; fileRef = 624FAEFB256EF2EA000E0203 /* VectorImageRepresentable.swift */; };
		624FAEFF256EF32D000E0203 /* FloatingBlobSubview.swift in Sources */ = {isa = PBXBuildFile; fileRef = 624FAEFE256EF32D000E0203 /* FloatingBlobSubview.swift */; };
		624FAF02256EF540000E0203 /* TitleSubview.swift in Sources */ = {isa = PBXBuildFile; fileRef = 624FAF01256EF540000E0203 /* TitleSubview.swift */; };
		624FAF06256EF8BE000E0203 /* LoginButtonStyles.swift in Sources */ = {isa = PBXBuildFile; fileRef = 624FAF05256EF8BE000E0203 /* LoginButtonStyles.swift */; };
		624FAF2B256F0A00000E0203 /* RegistrationInputSubview.swift in Sources */ = {isa = PBXBuildFile; fileRef = 624FAF2A256F0A00000E0203 /* RegistrationInputSubview.swift */; };
		624FAFDE25720ACC000E0203 /* RecentGroupRowSubview.swift in Sources */ = {isa = PBXBuildFile; fileRef = 624FAFDD25720ACC000E0203 /* RecentGroupRowSubview.swift */; };
		6258E4DD2595AC900072DA87 /* OtherUserProfileView.swift in Sources */ = {isa = PBXBuildFile; fileRef = 6258E4DC2595AC900072DA87 /* OtherUserProfileView.swift */; };
		6258E4E1259942AC0072DA87 /* BottomCardSubview.swift in Sources */ = {isa = PBXBuildFile; fileRef = 6258E4E0259942AC0072DA87 /* BottomCardSubview.swift */; };
		62654ABA25A7D13300F7172C /* placeholder.pdf in Resources */ = {isa = PBXBuildFile; fileRef = 62654AB925A7D13300F7172C /* placeholder.pdf */; };
		62654AC625A7DB5200F7172C /* Google Plists in Resources */ = {isa = PBXBuildFile; fileRef = 62654AC525A7DB5200F7172C /* Google Plists */; };
		62654ACA25A7E01D00F7172C /* ContentViewSubviews.swift in Sources */ = {isa = PBXBuildFile; fileRef = 62654AC925A7E01D00F7172C /* ContentViewSubviews.swift */; };
		626E7815258D3EEB008633AB /* ProfileRingView.swift in Sources */ = {isa = PBXBuildFile; fileRef = 626E7814258D3EEB008633AB /* ProfileRingView.swift */; };
		626EEC8C25897BC200E7A7A5 /* RecentChatTextRow.swift in Sources */ = {isa = PBXBuildFile; fileRef = 626EEC8B25897BC200E7A7A5 /* RecentChatTextRow.swift */; };
		626EEC8F25897BD200E7A7A5 /* AllGroupTextRow.swift in Sources */ = {isa = PBXBuildFile; fileRef = 626EEC8E25897BD200E7A7A5 /* AllGroupTextRow.swift */; };
		626EECB2258988D700E7A7A5 /* RecentsView2.swift in Sources */ = {isa = PBXBuildFile; fileRef = 626EECB1258988D700E7A7A5 /* RecentsView2.swift */; };
		628A12762518683B001C4B13 /* IntroView.swift in Sources */ = {isa = PBXBuildFile; fileRef = 628A12752518683B001C4B13 /* IntroView.swift */; };
		628A127D25186938001C4B13 /* IntroPage.swift in Sources */ = {isa = PBXBuildFile; fileRef = 628A127C25186938001C4B13 /* IntroPage.swift */; };
		628A128025186940001C4B13 /* IntroCustomize.swift in Sources */ = {isa = PBXBuildFile; fileRef = 628A127F25186940001C4B13 /* IntroCustomize.swift */; };
		6293A8B525A268B500E9B8DE /* ChatViewModel.swift in Sources */ = {isa = PBXBuildFile; fileRef = 6293A8B425A268B500E9B8DE /* ChatViewModel.swift */; };
		62C3ED21250597A300CEA882 /* CreateGroupView.swift in Sources */ = {isa = PBXBuildFile; fileRef = 62C3ED20250597A300CEA882 /* CreateGroupView.swift */; };
		62E98613257D96C9003B5113 /* RecentPeopleRowSubview.swift in Sources */ = {isa = PBXBuildFile; fileRef = 62E98612257D96C9003B5113 /* RecentPeopleRowSubview.swift */; };
		62F24BE4251415DB00777610 /* Lottie.swift in Sources */ = {isa = PBXBuildFile; fileRef = 62F24BE3251415DB00777610 /* Lottie.swift */; };
		62F24C03251419F400777610 /* planeLoading.json in Resources */ = {isa = PBXBuildFile; fileRef = 62F24C02251419F400777610 /* planeLoading.json */; };
		62F24C0B25141AF400777610 /* LottieUIView.swift in Sources */ = {isa = PBXBuildFile; fileRef = 62F24C0A25141AF400777610 /* LottieUIView.swift */; };
		62F3D9B22557C156008B2356 /* ErrorMessage.swift in Sources */ = {isa = PBXBuildFile; fileRef = 62F3D9B12557C156008B2356 /* ErrorMessage.swift */; };
		62FAED0D259BC2580015B094 /* PasswordResetView.swift in Sources */ = {isa = PBXBuildFile; fileRef = 62FAED0C259BC2580015B094 /* PasswordResetView.swift */; };
		AE19201E25A3160300ABB098 /* CountrySelectionView.swift in Sources */ = {isa = PBXBuildFile; fileRef = AE19201D25A3160300ABB098 /* CountrySelectionView.swift */; };
		AE19202125A3160C00ABB098 /* LanguageSelectionView.swift in Sources */ = {isa = PBXBuildFile; fileRef = AE19202025A3160C00ABB098 /* LanguageSelectionView.swift */; };
		BE167C452514333A00402C14 /* SettingsData.swift in Sources */ = {isa = PBXBuildFile; fileRef = BE167C442514333A00402C14 /* SettingsData.swift */; };
		BE3E16182517F96900E0A845 /* TimerManager.swift in Sources */ = {isa = PBXBuildFile; fileRef = BE3E16172517F96900E0A845 /* TimerManager.swift */; };
		BE5C7F2F259D05DB00824346 /* IntroMentor.swift in Sources */ = {isa = PBXBuildFile; fileRef = BE5C7F2E259D05DB00824346 /* IntroMentor.swift */; };
		BE5F3760259C3B9400542AA0 /* SupportDocs in Frameworks */ = {isa = PBXBuildFile; productRef = BE5F375F259C3B9400542AA0 /* SupportDocs */; };
		E10463FA26B0A77B00C7A742 /* PairingListView.swift in Sources */ = {isa = PBXBuildFile; fileRef = E10463F926B0A77B00C7A742 /* PairingListView.swift */; };
		E10C058625900A100020FD7C /* Pods_StudyHub.framework in Frameworks */ = {isa = PBXBuildFile; fileRef = 47F4119D880B6AFBE91DBA85 /* Pods_StudyHub.framework */; settings = {ATTRIBUTES = (Required, ); }; };
		E10C05CD259013B70020FD7C /* MemberListSubview.swift in Sources */ = {isa = PBXBuildFile; fileRef = E10C05CC259013B70020FD7C /* MemberListSubview.swift */; };
		E11157A32593CF31005E9AEA /* VoiceChat.swift in Sources */ = {isa = PBXBuildFile; fileRef = E11157A22593CF31005E9AEA /* VoiceChat.swift */; };
		E122F4C426A6095000C81936 /* Kingfisher in Frameworks */ = {isa = PBXBuildFile; productRef = E122F4C326A6095000C81936 /* Kingfisher */; };
		E122F4C626A6095000C81936 /* KingfisherSwiftUI in Frameworks */ = {isa = PBXBuildFile; productRef = E122F4C526A6095000C81936 /* KingfisherSwiftUI */; };
		E12C5F8C259A26FE00D3314E /* TimerStatsView.swift in Sources */ = {isa = PBXBuildFile; fileRef = E12C5F8B259A26FE00D3314E /* TimerStatsView.swift */; };
		E12C5FA5259A518500D3314E /* BarChartView.swift in Sources */ = {isa = PBXBuildFile; fileRef = E12C5F92259A518500D3314E /* BarChartView.swift */; };
		E12C5FA6259A518500D3314E /* BarChartRow.swift in Sources */ = {isa = PBXBuildFile; fileRef = E12C5F93259A518500D3314E /* BarChartRow.swift */; };
		E12C5FA7259A518500D3314E /* LabelView.swift in Sources */ = {isa = PBXBuildFile; fileRef = E12C5F94259A518500D3314E /* LabelView.swift */; };
		E12C5FA8259A518500D3314E /* BarChartCell.swift in Sources */ = {isa = PBXBuildFile; fileRef = E12C5F95259A518500D3314E /* BarChartCell.swift */; };
		E12C5FA9259A518500D3314E /* Helpers.swift in Sources */ = {isa = PBXBuildFile; fileRef = E12C5F96259A518500D3314E /* Helpers.swift */; };
		E12C5FAA259A518500D3314E /* PieChartRow.swift in Sources */ = {isa = PBXBuildFile; fileRef = E12C5F98259A518500D3314E /* PieChartRow.swift */; };
		E12C5FAB259A518500D3314E /* PieChartHelpers.swift in Sources */ = {isa = PBXBuildFile; fileRef = E12C5F99259A518500D3314E /* PieChartHelpers.swift */; };
		E12C5FAC259A518500D3314E /* PieChartCell.swift in Sources */ = {isa = PBXBuildFile; fileRef = E12C5F9A259A518500D3314E /* PieChartCell.swift */; };
		E12C5FAD259A518500D3314E /* PieChartView.swift in Sources */ = {isa = PBXBuildFile; fileRef = E12C5F9B259A518500D3314E /* PieChartView.swift */; };
		E12C5FAE259A518500D3314E /* IndicatorPoint.swift in Sources */ = {isa = PBXBuildFile; fileRef = E12C5F9D259A518500D3314E /* IndicatorPoint.swift */; };
		E12C5FAF259A518500D3314E /* LineView.swift in Sources */ = {isa = PBXBuildFile; fileRef = E12C5F9E259A518500D3314E /* LineView.swift */; };
		E12C5FB0259A518500D3314E /* Legend.swift in Sources */ = {isa = PBXBuildFile; fileRef = E12C5F9F259A518500D3314E /* Legend.swift */; };
		E12C5FB1259A518500D3314E /* LineChartView.swift in Sources */ = {isa = PBXBuildFile; fileRef = E12C5FA0259A518500D3314E /* LineChartView.swift */; };
		E12C5FB2259A518500D3314E /* MagnifierRect.swift in Sources */ = {isa = PBXBuildFile; fileRef = E12C5FA1259A518500D3314E /* MagnifierRect.swift */; };
		E12C5FB3259A518500D3314E /* Path+QuadCurve.swift in Sources */ = {isa = PBXBuildFile; fileRef = E12C5FA2259A518500D3314E /* Path+QuadCurve.swift */; };
		E12C5FB4259A518500D3314E /* MultiLineChartView.swift in Sources */ = {isa = PBXBuildFile; fileRef = E12C5FA3259A518500D3314E /* MultiLineChartView.swift */; };
		E12C5FB5259A518500D3314E /* Line.swift in Sources */ = {isa = PBXBuildFile; fileRef = E12C5FA4259A518500D3314E /* Line.swift */; };
		E12C83EF25A8F52300C2F827 /* ChatHeader.swift in Sources */ = {isa = PBXBuildFile; fileRef = E12C83EE25A8F52200C2F827 /* ChatHeader.swift */; };
		E12C83F225A8F9DF00C2F827 /* ReactionSelectView.swift in Sources */ = {isa = PBXBuildFile; fileRef = E12C83F125A8F9DF00C2F827 /* ReactionSelectView.swift */; };
		E12E5FC92584924900FB216C /* test.MP4 in Resources */ = {isa = PBXBuildFile; fileRef = E12E5FC82584924900FB216C /* test.MP4 */; };
		E133D66125A7D0B100730B7C /* FullImageView.swift in Sources */ = {isa = PBXBuildFile; fileRef = E133D66025A7D0B100730B7C /* FullImageView.swift */; };
		E155D69B251AA665008281AE /* ProfileStats.swift in Sources */ = {isa = PBXBuildFile; fileRef = E155D69A251AA665008281AE /* ProfileStats.swift */; };
		E155D69E251AA66F008281AE /* ProfileView.swift in Sources */ = {isa = PBXBuildFile; fileRef = E155D69D251AA66F008281AE /* ProfileView.swift */; };
		E155D6A3251AACA9008281AE /* ImagePicker.swift in Sources */ = {isa = PBXBuildFile; fileRef = E155D6A2251AACA9008281AE /* ImagePicker.swift */; };
		E15A20AF253FA796006E042E /* Homev2.swift in Sources */ = {isa = PBXBuildFile; fileRef = E15A20AE253FA796006E042E /* Homev2.swift */; };
		E15A20B2253FA7A6006E042E /* ProfilePic.swift in Sources */ = {isa = PBXBuildFile; fileRef = E15A20B1253FA7A6006E042E /* ProfilePic.swift */; };
		E15A20B9253FAC28006E042E /* Test.swift in Sources */ = {isa = PBXBuildFile; fileRef = E15A20B8253FAC28006E042E /* Test.swift */; };
		E163D30D25A280CC00102895 /* QuizView.swift in Sources */ = {isa = PBXBuildFile; fileRef = E163D30825A280CC00102895 /* QuizView.swift */; };
		E163D30E25A280CC00102895 /* QuizData.swift in Sources */ = {isa = PBXBuildFile; fileRef = E163D30925A280CC00102895 /* QuizData.swift */; };
		E163D30F25A280CC00102895 /* QuizDetails.swift in Sources */ = {isa = PBXBuildFile; fileRef = E163D30A25A280CC00102895 /* QuizDetails.swift */; };
		E163D31025A280CC00102895 /* QuizQuestion.swift in Sources */ = {isa = PBXBuildFile; fileRef = E163D30B25A280CC00102895 /* QuizQuestion.swift */; };
		E163D31125A280CC00102895 /* QuizBtn.swift in Sources */ = {isa = PBXBuildFile; fileRef = E163D30C25A280CC00102895 /* QuizBtn.swift */; };
		E163D32F25A28F5200102895 /* AddQuiz.swift in Sources */ = {isa = PBXBuildFile; fileRef = E163D32E25A28F5200102895 /* AddQuiz.swift */; };
		E163D33325A28F6500102895 /* QuizAddRow.swift in Sources */ = {isa = PBXBuildFile; fileRef = E163D33225A28F6500102895 /* QuizAddRow.swift */; };
		E163D33625A2914700102895 /* QuizInputFieldView.swift in Sources */ = {isa = PBXBuildFile; fileRef = E163D33525A2914700102895 /* QuizInputFieldView.swift */; };
		E163D37925A2CC1500102895 /* VCGridView.swift in Sources */ = {isa = PBXBuildFile; fileRef = E163D37825A2CC1400102895 /* VCGridView.swift */; };
		E1646BF925912076003B2FB4 /* DevChatBanner.swift in Sources */ = {isa = PBXBuildFile; fileRef = E1646BF825912076003B2FB4 /* DevChatBanner.swift */; };
		E170EF562540BF9000BEE97C /* GroupsView.swift in Sources */ = {isa = PBXBuildFile; fileRef = E170EF552540BF9000BEE97C /* GroupsView.swift */; };
		E1760ABC25925A3600AA8BCF /* MentorPairingView.swift in Sources */ = {isa = PBXBuildFile; fileRef = E1760ABB25925A3600AA8BCF /* MentorPairingView.swift */; };
		E1760AC425925A9C00AA8BCF /* 34595-confetti-for-ios-and-android.json in Resources */ = {isa = PBXBuildFile; fileRef = E1760AC325925A9C00AA8BCF /* 34595-confetti-for-ios-and-android.json */; };
		E19289062598455000B67C3C /* TimerSelectView.swift in Sources */ = {isa = PBXBuildFile; fileRef = E19289052598455000B67C3C /* TimerSelectView.swift */; };
		E192890925984AE600B67C3C /* TimerLog.swift in Sources */ = {isa = PBXBuildFile; fileRef = E192890825984AE600B67C3C /* TimerLog.swift */; };
		E193F3DA26A108440050BA0E /* Lottie in Frameworks */ = {isa = PBXBuildFile; productRef = E193F3D926A108440050BA0E /* Lottie */; };
		E193F3DD26A108590050BA0E /* SDWebImage in Frameworks */ = {isa = PBXBuildFile; productRef = E193F3DC26A108590050BA0E /* SDWebImage */; };
		E193F3F626A110F60050BA0E /* FirebaseAnalytics in Frameworks */ = {isa = PBXBuildFile; productRef = E193F3F526A110F60050BA0E /* FirebaseAnalytics */; };
		E193F3F826A110F60050BA0E /* FirebaseAnalyticsSwift-Beta in Frameworks */ = {isa = PBXBuildFile; productRef = E193F3F726A110F60050BA0E /* FirebaseAnalyticsSwift-Beta */; };
		E193F3FA26A110F60050BA0E /* FirebaseAuth in Frameworks */ = {isa = PBXBuildFile; productRef = E193F3F926A110F60050BA0E /* FirebaseAuth */; };
		E193F3FC26A110F60050BA0E /* FirebaseFirestore in Frameworks */ = {isa = PBXBuildFile; productRef = E193F3FB26A110F60050BA0E /* FirebaseFirestore */; };
		E193F3FE26A110F60050BA0E /* FirebaseFirestoreSwift-Beta in Frameworks */ = {isa = PBXBuildFile; productRef = E193F3FD26A110F60050BA0E /* FirebaseFirestoreSwift-Beta */; };
		E193F40026A110F60050BA0E /* FirebaseMessaging in Frameworks */ = {isa = PBXBuildFile; productRef = E193F3FF26A110F60050BA0E /* FirebaseMessaging */; };
		E193F40226A110F60050BA0E /* FirebaseStorage in Frameworks */ = {isa = PBXBuildFile; productRef = E193F40126A110F60050BA0E /* FirebaseStorage */; };
		E193F40426A110F60050BA0E /* FirebaseStorageSwift-Beta in Frameworks */ = {isa = PBXBuildFile; productRef = E193F40326A110F60050BA0E /* FirebaseStorageSwift-Beta */; };
		E19A0BC725925C4500F5F855 /* PairingSuccessView.swift in Sources */ = {isa = PBXBuildFile; fileRef = E19A0BC625925C4500F5F855 /* PairingSuccessView.swift */; };
		E1A39F2025A8CC100001B96F /* QuizTitle.swift in Sources */ = {isa = PBXBuildFile; fileRef = E1A39F1F25A8CC100001B96F /* QuizTitle.swift */; };
		E1A39F2525A8D5670001B96F /* QuizLeaderboardRow.swift in Sources */ = {isa = PBXBuildFile; fileRef = E1A39F2325A8D5670001B96F /* QuizLeaderboardRow.swift */; };
		E1A39F2625A8D5670001B96F /* QuizLeaderboardView.swift in Sources */ = {isa = PBXBuildFile; fileRef = E1A39F2425A8D5670001B96F /* QuizLeaderboardView.swift */; };
		E1A8D1CB25A3C7DC0057B882 /* QuizzesList.swift in Sources */ = {isa = PBXBuildFile; fileRef = E1A8D1CA25A3C7DC0057B882 /* QuizzesList.swift */; };
		E1A8D1CE25A3C8080057B882 /* QuizzesRow.swift in Sources */ = {isa = PBXBuildFile; fileRef = E1A8D1CD25A3C8080057B882 /* QuizzesRow.swift */; };
		E1BCD3E1251E46540051A28C /* EditProfile.swift in Sources */ = {isa = PBXBuildFile; fileRef = E1BCD3E0251E46540051A28C /* EditProfile.swift */; };
		E1BCD401251E7CF50051A28C /* LeaderboardSubViews.swift in Sources */ = {isa = PBXBuildFile; fileRef = E1BCD400251E7CF50051A28C /* LeaderboardSubViews.swift */; };
		E1BCD406251E8A080051A28C /* PairingView.swift in Sources */ = {isa = PBXBuildFile; fileRef = E1BCD405251E8A080051A28C /* PairingView.swift */; };
		E1C91E142503B86300001424 /* Blur.swift in Sources */ = {isa = PBXBuildFile; fileRef = E1C91E132503B86300001424 /* Blur.swift */; };
		E3CA983225167D4800602EB6 /* NotificationsView.swift in Sources */ = {isa = PBXBuildFile; fileRef = E3CA983125167D4800602EB6 /* NotificationsView.swift */; };
		E3CA983825180CAD00602EB6 /* PersonalInfoView.swift in Sources */ = {isa = PBXBuildFile; fileRef = E3CA983725180CAD00602EB6 /* PersonalInfoView.swift */; };
/* End PBXBuildFile section */

/* Begin PBXFileReference section */
		47F4119D880B6AFBE91DBA85 /* Pods_StudyHub.framework */ = {isa = PBXFileReference; explicitFileType = wrapper.framework; includeInIndex = 0; path = Pods_StudyHub.framework; sourceTree = BUILT_PRODUCTS_DIR; };
		620590B924FDBB21001565BF /* Montserrat-Medium.ttf */ = {isa = PBXFileReference; lastKnownFileType = file; path = "Montserrat-Medium.ttf"; sourceTree = "<group>"; };
		620590BA24FDBB21001565BF /* Montserrat-Light.ttf */ = {isa = PBXFileReference; lastKnownFileType = file; path = "Montserrat-Light.ttf"; sourceTree = "<group>"; };
		620590BB24FDBB21001565BF /* Montserrat-ExtraLight.ttf */ = {isa = PBXFileReference; lastKnownFileType = file; path = "Montserrat-ExtraLight.ttf"; sourceTree = "<group>"; };
		620590BC24FDBB21001565BF /* Montserrat-Thin.ttf */ = {isa = PBXFileReference; lastKnownFileType = file; path = "Montserrat-Thin.ttf"; sourceTree = "<group>"; };
		620590BD24FDBB21001565BF /* Montserrat-Bold.ttf */ = {isa = PBXFileReference; lastKnownFileType = file; path = "Montserrat-Bold.ttf"; sourceTree = "<group>"; };
		620590BE24FDBB21001565BF /* Montserrat-SemiBold.ttf */ = {isa = PBXFileReference; lastKnownFileType = file; path = "Montserrat-SemiBold.ttf"; sourceTree = "<group>"; };
		620590BF24FDBB21001565BF /* Montserrat-ExtraBold.ttf */ = {isa = PBXFileReference; lastKnownFileType = file; path = "Montserrat-ExtraBold.ttf"; sourceTree = "<group>"; };
		620590C024FDBB21001565BF /* Montserrat-Black.ttf */ = {isa = PBXFileReference; lastKnownFileType = file; path = "Montserrat-Black.ttf"; sourceTree = "<group>"; };
		620590C124FDBB21001565BF /* Montserrat-Regular.ttf */ = {isa = PBXFileReference; lastKnownFileType = file; path = "Montserrat-Regular.ttf"; sourceTree = "<group>"; };
		620590C224FDBB21001565BF /* Assets.xcassets */ = {isa = PBXFileReference; lastKnownFileType = folder.assetcatalog; path = Assets.xcassets; sourceTree = "<group>"; };
		620590C524FDBB21001565BF /* Preview Assets.xcassets */ = {isa = PBXFileReference; lastKnownFileType = folder.assetcatalog; path = "Preview Assets.xcassets"; sourceTree = "<group>"; };
		620590C724FDBB21001565BF /* Base */ = {isa = PBXFileReference; lastKnownFileType = file.storyboard; name = Base; path = Base.lproj/LaunchScreen.storyboard; sourceTree = "<group>"; };
		620590C924FDBB21001565BF /* Extensions.swift */ = {isa = PBXFileReference; fileEncoding = 4; lastKnownFileType = sourcecode.swift; path = Extensions.swift; sourceTree = "<group>"; };
		620590CB24FDBB21001565BF /* PushNotificationManager.swift */ = {isa = PBXFileReference; fileEncoding = 4; lastKnownFileType = sourcecode.swift; path = PushNotificationManager.swift; sourceTree = "<group>"; };
		620590CC24FDBB21001565BF /* PushNotificationSender.swift */ = {isa = PBXFileReference; fileEncoding = 4; lastKnownFileType = sourcecode.swift; path = PushNotificationSender.swift; sourceTree = "<group>"; };
		620590CD24FDBB21001565BF /* FirebaseManager.swift */ = {isa = PBXFileReference; fileEncoding = 4; lastKnownFileType = sourcecode.swift; path = FirebaseManager.swift; sourceTree = "<group>"; };
		620590CE24FDBB21001565BF /* AppDelegate.swift */ = {isa = PBXFileReference; fileEncoding = 4; lastKnownFileType = sourcecode.swift; path = AppDelegate.swift; sourceTree = "<group>"; };
		620590D024FDBB21001565BF /* Categories.swift */ = {isa = PBXFileReference; fileEncoding = 4; lastKnownFileType = sourcecode.swift; path = Categories.swift; sourceTree = "<group>"; };
		620590D124FDBB21001565BF /* User.swift */ = {isa = PBXFileReference; fileEncoding = 4; lastKnownFileType = sourcecode.swift; path = User.swift; sourceTree = "<group>"; };
		620590D224FDBB21001565BF /* UserData.swift */ = {isa = PBXFileReference; fileEncoding = 4; lastKnownFileType = sourcecode.swift; path = UserData.swift; sourceTree = "<group>"; };
		620590D424FDBB21001565BF /* ViewRouter.swift */ = {isa = PBXFileReference; fileEncoding = 4; lastKnownFileType = sourcecode.swift; path = ViewRouter.swift; sourceTree = "<group>"; };
		620590D524FDBB21001565BF /* ChatData.swift */ = {isa = PBXFileReference; fileEncoding = 4; lastKnownFileType = sourcecode.swift; path = ChatData.swift; sourceTree = "<group>"; };
		620590D824FDBB21001565BF /* TimerView.swift */ = {isa = PBXFileReference; fileEncoding = 4; lastKnownFileType = sourcecode.swift; path = TimerView.swift; sourceTree = "<group>"; };
		620590DA24FDBB21001565BF /* SettingView.swift */ = {isa = PBXFileReference; fileEncoding = 4; lastKnownFileType = sourcecode.swift; path = SettingView.swift; sourceTree = "<group>"; };
		620590DC24FDBB21001565BF /* CTA.swift */ = {isa = PBXFileReference; fileEncoding = 4; lastKnownFileType = sourcecode.swift; path = CTA.swift; sourceTree = "<group>"; };
		620590DD24FDBB21001565BF /* Home.swift */ = {isa = PBXFileReference; fileEncoding = 4; lastKnownFileType = sourcecode.swift; path = Home.swift; sourceTree = "<group>"; };
		620590DE24FDBB21001565BF /* Header.swift */ = {isa = PBXFileReference; fileEncoding = 4; lastKnownFileType = sourcecode.swift; path = Header.swift; sourceTree = "<group>"; };
		620590E024FDBB21001565BF /* ChatCell.swift */ = {isa = PBXFileReference; fileEncoding = 4; lastKnownFileType = sourcecode.swift; path = ChatCell.swift; sourceTree = "<group>"; };
		620590E124FDBB21001565BF /* AddChat.swift */ = {isa = PBXFileReference; fileEncoding = 4; lastKnownFileType = sourcecode.swift; path = AddChat.swift; sourceTree = "<group>"; };
		620590E224FDBB21001565BF /* ChatView.swift */ = {isa = PBXFileReference; fileEncoding = 4; lastKnownFileType = sourcecode.swift; path = ChatView.swift; sourceTree = "<group>"; };
		620590E624FDBB21001565BF /* LeaderboardView.swift */ = {isa = PBXFileReference; fileEncoding = 4; lastKnownFileType = sourcecode.swift; path = LeaderboardView.swift; sourceTree = "<group>"; };
		620590E724FDBB21001565BF /* LeaderboardTabBar.swift */ = {isa = PBXFileReference; fileEncoding = 4; lastKnownFileType = sourcecode.swift; path = LeaderboardTabBar.swift; sourceTree = "<group>"; };
		620590E924FDBB21001565BF /* TabBar.swift */ = {isa = PBXFileReference; fileEncoding = 4; lastKnownFileType = sourcecode.swift; path = TabBar.swift; sourceTree = "<group>"; };
		620590EA24FDBB21001565BF /* TimerButtonStyles.swift */ = {isa = PBXFileReference; fileEncoding = 4; lastKnownFileType = sourcecode.swift; path = TimerButtonStyles.swift; sourceTree = "<group>"; };
		620590EB24FDBB21001565BF /* ContentView.swift */ = {isa = PBXFileReference; fileEncoding = 4; lastKnownFileType = sourcecode.swift; path = ContentView.swift; sourceTree = "<group>"; };
		620590ED24FDBB21001565BF /* RegistrationView.swift */ = {isa = PBXFileReference; fileEncoding = 4; lastKnownFileType = sourcecode.swift; path = RegistrationView.swift; sourceTree = "<group>"; };
		620590EE24FDBB21001565BF /* LoginView.swift */ = {isa = PBXFileReference; fileEncoding = 4; lastKnownFileType = sourcecode.swift; path = LoginView.swift; sourceTree = "<group>"; };
		620590EF24FDBB21001565BF /* Info.plist */ = {isa = PBXFileReference; fileEncoding = 4; lastKnownFileType = text.plist.xml; path = Info.plist; sourceTree = "<group>"; };
		620590F024FDBB21001565BF /* SceneDelegate.swift */ = {isa = PBXFileReference; fileEncoding = 4; lastKnownFileType = sourcecode.swift; path = SceneDelegate.swift; sourceTree = "<group>"; };
		6205911C24FDBD1D001565BF /* ErrorModel.swift */ = {isa = PBXFileReference; lastKnownFileType = sourcecode.swift; path = ErrorModel.swift; sourceTree = "<group>"; };
		62109C88259055B700483ADB /* MiniProfileSubview.swift */ = {isa = PBXFileReference; lastKnownFileType = sourcecode.swift; path = MiniProfileSubview.swift; sourceTree = "<group>"; };
		622430A025747BDE0031CF78 /* RecentChatGroupSubview.swift */ = {isa = PBXFileReference; lastKnownFileType = sourcecode.swift; path = RecentChatGroupSubview.swift; sourceTree = "<group>"; };
		624FAEF5256EF08D000E0203 /* InputFieldSubview.swift */ = {isa = PBXFileReference; lastKnownFileType = sourcecode.swift; path = InputFieldSubview.swift; sourceTree = "<group>"; };
		624FAEF8256EF137000E0203 /* ButtonsSubview.swift */ = {isa = PBXFileReference; lastKnownFileType = sourcecode.swift; path = ButtonsSubview.swift; sourceTree = "<group>"; };
		624FAEFB256EF2EA000E0203 /* VectorImageRepresentable.swift */ = {isa = PBXFileReference; lastKnownFileType = sourcecode.swift; path = VectorImageRepresentable.swift; sourceTree = "<group>"; };
		624FAEFE256EF32D000E0203 /* FloatingBlobSubview.swift */ = {isa = PBXFileReference; lastKnownFileType = sourcecode.swift; path = FloatingBlobSubview.swift; sourceTree = "<group>"; };
		624FAF01256EF540000E0203 /* TitleSubview.swift */ = {isa = PBXFileReference; lastKnownFileType = sourcecode.swift; path = TitleSubview.swift; sourceTree = "<group>"; };
		624FAF05256EF8BE000E0203 /* LoginButtonStyles.swift */ = {isa = PBXFileReference; lastKnownFileType = sourcecode.swift; path = LoginButtonStyles.swift; sourceTree = "<group>"; };
		624FAF2A256F0A00000E0203 /* RegistrationInputSubview.swift */ = {isa = PBXFileReference; lastKnownFileType = sourcecode.swift; path = RegistrationInputSubview.swift; sourceTree = "<group>"; };
		624FAFDD25720ACC000E0203 /* RecentGroupRowSubview.swift */ = {isa = PBXFileReference; lastKnownFileType = sourcecode.swift; path = RecentGroupRowSubview.swift; sourceTree = "<group>"; };
		6258E4DC2595AC900072DA87 /* OtherUserProfileView.swift */ = {isa = PBXFileReference; lastKnownFileType = sourcecode.swift; path = OtherUserProfileView.swift; sourceTree = "<group>"; };
		6258E4E0259942AC0072DA87 /* BottomCardSubview.swift */ = {isa = PBXFileReference; lastKnownFileType = sourcecode.swift; path = BottomCardSubview.swift; sourceTree = "<group>"; };
		62654AB925A7D13300F7172C /* placeholder.pdf */ = {isa = PBXFileReference; lastKnownFileType = image.pdf; name = placeholder.pdf; path = Assets.xcassets/placeholder.imageset/placeholder.pdf; sourceTree = "<group>"; };
		62654AC525A7DB5200F7172C /* Google Plists */ = {isa = PBXFileReference; lastKnownFileType = folder; path = "Google Plists"; sourceTree = "<group>"; };
		62654AC925A7E01D00F7172C /* ContentViewSubviews.swift */ = {isa = PBXFileReference; lastKnownFileType = sourcecode.swift; path = ContentViewSubviews.swift; sourceTree = "<group>"; };
		626E7814258D3EEB008633AB /* ProfileRingView.swift */ = {isa = PBXFileReference; fileEncoding = 4; lastKnownFileType = sourcecode.swift; path = ProfileRingView.swift; sourceTree = "<group>"; };
		626EEC8B25897BC200E7A7A5 /* RecentChatTextRow.swift */ = {isa = PBXFileReference; lastKnownFileType = sourcecode.swift; path = RecentChatTextRow.swift; sourceTree = "<group>"; };
		626EEC8E25897BD200E7A7A5 /* AllGroupTextRow.swift */ = {isa = PBXFileReference; lastKnownFileType = sourcecode.swift; path = AllGroupTextRow.swift; sourceTree = "<group>"; };
		626EECB1258988D700E7A7A5 /* RecentsView2.swift */ = {isa = PBXFileReference; fileEncoding = 4; lastKnownFileType = sourcecode.swift; path = RecentsView2.swift; sourceTree = "<group>"; };
		628A12752518683B001C4B13 /* IntroView.swift */ = {isa = PBXFileReference; lastKnownFileType = sourcecode.swift; path = IntroView.swift; sourceTree = "<group>"; };
		628A127C25186938001C4B13 /* IntroPage.swift */ = {isa = PBXFileReference; lastKnownFileType = sourcecode.swift; path = IntroPage.swift; sourceTree = "<group>"; };
		628A127F25186940001C4B13 /* IntroCustomize.swift */ = {isa = PBXFileReference; lastKnownFileType = sourcecode.swift; path = IntroCustomize.swift; sourceTree = "<group>"; };
		6293A8B425A268B500E9B8DE /* ChatViewModel.swift */ = {isa = PBXFileReference; lastKnownFileType = sourcecode.swift; path = ChatViewModel.swift; sourceTree = "<group>"; };
		62C3ED20250597A300CEA882 /* CreateGroupView.swift */ = {isa = PBXFileReference; lastKnownFileType = sourcecode.swift; path = CreateGroupView.swift; sourceTree = "<group>"; };
		62E98612257D96C9003B5113 /* RecentPeopleRowSubview.swift */ = {isa = PBXFileReference; lastKnownFileType = sourcecode.swift; path = RecentPeopleRowSubview.swift; sourceTree = "<group>"; };
		62F24BE3251415DB00777610 /* Lottie.swift */ = {isa = PBXFileReference; lastKnownFileType = sourcecode.swift; path = Lottie.swift; sourceTree = "<group>"; };
		62F24C02251419F400777610 /* planeLoading.json */ = {isa = PBXFileReference; fileEncoding = 4; lastKnownFileType = text.json; path = planeLoading.json; sourceTree = "<group>"; };
		62F24C0A25141AF400777610 /* LottieUIView.swift */ = {isa = PBXFileReference; lastKnownFileType = sourcecode.swift; path = LottieUIView.swift; sourceTree = "<group>"; };
		62F3D9B12557C156008B2356 /* ErrorMessage.swift */ = {isa = PBXFileReference; lastKnownFileType = sourcecode.swift; path = ErrorMessage.swift; sourceTree = "<group>"; };
		62FAED0C259BC2580015B094 /* PasswordResetView.swift */ = {isa = PBXFileReference; lastKnownFileType = sourcecode.swift; path = PasswordResetView.swift; sourceTree = "<group>"; };
		AE19201D25A3160300ABB098 /* CountrySelectionView.swift */ = {isa = PBXFileReference; fileEncoding = 4; lastKnownFileType = sourcecode.swift; path = CountrySelectionView.swift; sourceTree = "<group>"; };
		AE19202025A3160C00ABB098 /* LanguageSelectionView.swift */ = {isa = PBXFileReference; fileEncoding = 4; lastKnownFileType = sourcecode.swift; path = LanguageSelectionView.swift; sourceTree = "<group>"; };
		BE167C442514333A00402C14 /* SettingsData.swift */ = {isa = PBXFileReference; fileEncoding = 4; lastKnownFileType = sourcecode.swift; path = SettingsData.swift; sourceTree = "<group>"; };
		BE3E16172517F96900E0A845 /* TimerManager.swift */ = {isa = PBXFileReference; fileEncoding = 4; lastKnownFileType = sourcecode.swift; path = TimerManager.swift; sourceTree = "<group>"; };
		BE5C7F2E259D05DB00824346 /* IntroMentor.swift */ = {isa = PBXFileReference; lastKnownFileType = sourcecode.swift; path = IntroMentor.swift; sourceTree = "<group>"; };
		C7A62219EB10FE2A621A6C84 /* Pods-StudyHub.debug.xcconfig */ = {isa = PBXFileReference; includeInIndex = 1; lastKnownFileType = text.xcconfig; name = "Pods-StudyHub.debug.xcconfig"; path = "Target Support Files/Pods-StudyHub/Pods-StudyHub.debug.xcconfig"; sourceTree = "<group>"; };
		E10463F926B0A77B00C7A742 /* PairingListView.swift */ = {isa = PBXFileReference; lastKnownFileType = sourcecode.swift; path = PairingListView.swift; sourceTree = "<group>"; };
		E10C0584259009020020FD7C /* StudyHub.entitlements */ = {isa = PBXFileReference; lastKnownFileType = text.plist.entitlements; path = StudyHub.entitlements; sourceTree = "<group>"; };
		E10C05CC259013B70020FD7C /* MemberListSubview.swift */ = {isa = PBXFileReference; lastKnownFileType = sourcecode.swift; path = MemberListSubview.swift; sourceTree = "<group>"; };
		E11157A22593CF31005E9AEA /* VoiceChat.swift */ = {isa = PBXFileReference; lastKnownFileType = sourcecode.swift; path = VoiceChat.swift; sourceTree = "<group>"; };
		E12C5F8B259A26FE00D3314E /* TimerStatsView.swift */ = {isa = PBXFileReference; lastKnownFileType = sourcecode.swift; path = TimerStatsView.swift; sourceTree = "<group>"; };
		E12C5F92259A518500D3314E /* BarChartView.swift */ = {isa = PBXFileReference; fileEncoding = 4; lastKnownFileType = sourcecode.swift; path = BarChartView.swift; sourceTree = "<group>"; };
		E12C5F93259A518500D3314E /* BarChartRow.swift */ = {isa = PBXFileReference; fileEncoding = 4; lastKnownFileType = sourcecode.swift; path = BarChartRow.swift; sourceTree = "<group>"; };
		E12C5F94259A518500D3314E /* LabelView.swift */ = {isa = PBXFileReference; fileEncoding = 4; lastKnownFileType = sourcecode.swift; path = LabelView.swift; sourceTree = "<group>"; };
		E12C5F95259A518500D3314E /* BarChartCell.swift */ = {isa = PBXFileReference; fileEncoding = 4; lastKnownFileType = sourcecode.swift; path = BarChartCell.swift; sourceTree = "<group>"; };
		E12C5F96259A518500D3314E /* Helpers.swift */ = {isa = PBXFileReference; fileEncoding = 4; lastKnownFileType = sourcecode.swift; path = Helpers.swift; sourceTree = "<group>"; };
		E12C5F98259A518500D3314E /* PieChartRow.swift */ = {isa = PBXFileReference; fileEncoding = 4; lastKnownFileType = sourcecode.swift; path = PieChartRow.swift; sourceTree = "<group>"; };
		E12C5F99259A518500D3314E /* PieChartHelpers.swift */ = {isa = PBXFileReference; fileEncoding = 4; lastKnownFileType = sourcecode.swift; path = PieChartHelpers.swift; sourceTree = "<group>"; };
		E12C5F9A259A518500D3314E /* PieChartCell.swift */ = {isa = PBXFileReference; fileEncoding = 4; lastKnownFileType = sourcecode.swift; path = PieChartCell.swift; sourceTree = "<group>"; };
		E12C5F9B259A518500D3314E /* PieChartView.swift */ = {isa = PBXFileReference; fileEncoding = 4; lastKnownFileType = sourcecode.swift; path = PieChartView.swift; sourceTree = "<group>"; };
		E12C5F9D259A518500D3314E /* IndicatorPoint.swift */ = {isa = PBXFileReference; fileEncoding = 4; lastKnownFileType = sourcecode.swift; path = IndicatorPoint.swift; sourceTree = "<group>"; };
		E12C5F9E259A518500D3314E /* LineView.swift */ = {isa = PBXFileReference; fileEncoding = 4; lastKnownFileType = sourcecode.swift; path = LineView.swift; sourceTree = "<group>"; };
		E12C5F9F259A518500D3314E /* Legend.swift */ = {isa = PBXFileReference; fileEncoding = 4; lastKnownFileType = sourcecode.swift; path = Legend.swift; sourceTree = "<group>"; };
		E12C5FA0259A518500D3314E /* LineChartView.swift */ = {isa = PBXFileReference; fileEncoding = 4; lastKnownFileType = sourcecode.swift; path = LineChartView.swift; sourceTree = "<group>"; };
		E12C5FA1259A518500D3314E /* MagnifierRect.swift */ = {isa = PBXFileReference; fileEncoding = 4; lastKnownFileType = sourcecode.swift; path = MagnifierRect.swift; sourceTree = "<group>"; };
		E12C5FA2259A518500D3314E /* Path+QuadCurve.swift */ = {isa = PBXFileReference; fileEncoding = 4; lastKnownFileType = sourcecode.swift; path = "Path+QuadCurve.swift"; sourceTree = "<group>"; };
		E12C5FA3259A518500D3314E /* MultiLineChartView.swift */ = {isa = PBXFileReference; fileEncoding = 4; lastKnownFileType = sourcecode.swift; path = MultiLineChartView.swift; sourceTree = "<group>"; };
		E12C5FA4259A518500D3314E /* Line.swift */ = {isa = PBXFileReference; fileEncoding = 4; lastKnownFileType = sourcecode.swift; path = Line.swift; sourceTree = "<group>"; };
		E12C83EE25A8F52200C2F827 /* ChatHeader.swift */ = {isa = PBXFileReference; lastKnownFileType = sourcecode.swift; path = ChatHeader.swift; sourceTree = "<group>"; };
		E12C83F125A8F9DF00C2F827 /* ReactionSelectView.swift */ = {isa = PBXFileReference; lastKnownFileType = sourcecode.swift; path = ReactionSelectView.swift; sourceTree = "<group>"; };
		E12E5FC82584924900FB216C /* test.MP4 */ = {isa = PBXFileReference; lastKnownFileType = file; path = test.MP4; sourceTree = "<group>"; };
		E13032A8258CCFD500135CAC /* ProfileRingView.swift */ = {isa = PBXFileReference; lastKnownFileType = sourcecode.swift; path = ProfileRingView.swift; sourceTree = "<group>"; };
		E133D66025A7D0B100730B7C /* FullImageView.swift */ = {isa = PBXFileReference; lastKnownFileType = sourcecode.swift; path = FullImageView.swift; sourceTree = "<group>"; };
		E155D69A251AA665008281AE /* ProfileStats.swift */ = {isa = PBXFileReference; lastKnownFileType = sourcecode.swift; path = ProfileStats.swift; sourceTree = "<group>"; };
		E155D69D251AA66F008281AE /* ProfileView.swift */ = {isa = PBXFileReference; lastKnownFileType = sourcecode.swift; path = ProfileView.swift; sourceTree = "<group>"; };
		E155D6A2251AACA9008281AE /* ImagePicker.swift */ = {isa = PBXFileReference; lastKnownFileType = sourcecode.swift; path = ImagePicker.swift; sourceTree = "<group>"; };
		E15A20AE253FA796006E042E /* Homev2.swift */ = {isa = PBXFileReference; lastKnownFileType = sourcecode.swift; path = Homev2.swift; sourceTree = "<group>"; };
		E15A20B1253FA7A6006E042E /* ProfilePic.swift */ = {isa = PBXFileReference; lastKnownFileType = sourcecode.swift; path = ProfilePic.swift; sourceTree = "<group>"; };
		E15A20B8253FAC28006E042E /* Test.swift */ = {isa = PBXFileReference; lastKnownFileType = sourcecode.swift; path = Test.swift; sourceTree = "<group>"; };
		E163D30825A280CC00102895 /* QuizView.swift */ = {isa = PBXFileReference; fileEncoding = 4; lastKnownFileType = sourcecode.swift; path = QuizView.swift; sourceTree = "<group>"; };
		E163D30925A280CC00102895 /* QuizData.swift */ = {isa = PBXFileReference; fileEncoding = 4; lastKnownFileType = sourcecode.swift; path = QuizData.swift; sourceTree = "<group>"; };
		E163D30A25A280CC00102895 /* QuizDetails.swift */ = {isa = PBXFileReference; fileEncoding = 4; lastKnownFileType = sourcecode.swift; path = QuizDetails.swift; sourceTree = "<group>"; };
		E163D30B25A280CC00102895 /* QuizQuestion.swift */ = {isa = PBXFileReference; fileEncoding = 4; lastKnownFileType = sourcecode.swift; path = QuizQuestion.swift; sourceTree = "<group>"; };
		E163D30C25A280CC00102895 /* QuizBtn.swift */ = {isa = PBXFileReference; fileEncoding = 4; lastKnownFileType = sourcecode.swift; path = QuizBtn.swift; sourceTree = "<group>"; };
		E163D32E25A28F5200102895 /* AddQuiz.swift */ = {isa = PBXFileReference; lastKnownFileType = sourcecode.swift; path = AddQuiz.swift; sourceTree = "<group>"; };
		E163D33225A28F6500102895 /* QuizAddRow.swift */ = {isa = PBXFileReference; lastKnownFileType = sourcecode.swift; path = QuizAddRow.swift; sourceTree = "<group>"; };
		E163D33525A2914700102895 /* QuizInputFieldView.swift */ = {isa = PBXFileReference; lastKnownFileType = sourcecode.swift; path = QuizInputFieldView.swift; sourceTree = "<group>"; };
		E163D37825A2CC1400102895 /* VCGridView.swift */ = {isa = PBXFileReference; lastKnownFileType = sourcecode.swift; path = VCGridView.swift; sourceTree = "<group>"; };
		E1646BF825912076003B2FB4 /* DevChatBanner.swift */ = {isa = PBXFileReference; lastKnownFileType = sourcecode.swift; path = DevChatBanner.swift; sourceTree = "<group>"; };
		E170EF552540BF9000BEE97C /* GroupsView.swift */ = {isa = PBXFileReference; fileEncoding = 4; lastKnownFileType = sourcecode.swift; path = GroupsView.swift; sourceTree = "<group>"; };
		E1760ABB25925A3600AA8BCF /* MentorPairingView.swift */ = {isa = PBXFileReference; lastKnownFileType = sourcecode.swift; path = MentorPairingView.swift; sourceTree = "<group>"; };
		E1760AC325925A9C00AA8BCF /* 34595-confetti-for-ios-and-android.json */ = {isa = PBXFileReference; fileEncoding = 4; lastKnownFileType = text.json; path = "34595-confetti-for-ios-and-android.json"; sourceTree = "<group>"; };
		E19289052598455000B67C3C /* TimerSelectView.swift */ = {isa = PBXFileReference; lastKnownFileType = sourcecode.swift; path = TimerSelectView.swift; sourceTree = "<group>"; };
		E192890825984AE600B67C3C /* TimerLog.swift */ = {isa = PBXFileReference; lastKnownFileType = sourcecode.swift; path = TimerLog.swift; sourceTree = "<group>"; };
		E19A0BC625925C4500F5F855 /* PairingSuccessView.swift */ = {isa = PBXFileReference; lastKnownFileType = sourcecode.swift; path = PairingSuccessView.swift; sourceTree = "<group>"; };
		E1A39F1F25A8CC100001B96F /* QuizTitle.swift */ = {isa = PBXFileReference; lastKnownFileType = sourcecode.swift; path = QuizTitle.swift; sourceTree = "<group>"; };
		E1A39F2325A8D5670001B96F /* QuizLeaderboardRow.swift */ = {isa = PBXFileReference; fileEncoding = 4; lastKnownFileType = sourcecode.swift; path = QuizLeaderboardRow.swift; sourceTree = "<group>"; };
		E1A39F2425A8D5670001B96F /* QuizLeaderboardView.swift */ = {isa = PBXFileReference; fileEncoding = 4; lastKnownFileType = sourcecode.swift; path = QuizLeaderboardView.swift; sourceTree = "<group>"; };
		E1A8D1CA25A3C7DC0057B882 /* QuizzesList.swift */ = {isa = PBXFileReference; lastKnownFileType = sourcecode.swift; path = QuizzesList.swift; sourceTree = "<group>"; };
		E1A8D1CD25A3C8080057B882 /* QuizzesRow.swift */ = {isa = PBXFileReference; lastKnownFileType = sourcecode.swift; path = QuizzesRow.swift; sourceTree = "<group>"; };
		E1BCD3E0251E46540051A28C /* EditProfile.swift */ = {isa = PBXFileReference; lastKnownFileType = sourcecode.swift; path = EditProfile.swift; sourceTree = "<group>"; };
		E1BCD400251E7CF50051A28C /* LeaderboardSubViews.swift */ = {isa = PBXFileReference; lastKnownFileType = sourcecode.swift; path = LeaderboardSubViews.swift; sourceTree = "<group>"; };
		E1BCD405251E8A080051A28C /* PairingView.swift */ = {isa = PBXFileReference; lastKnownFileType = sourcecode.swift; path = PairingView.swift; sourceTree = "<group>"; };
		E1C91E132503B86300001424 /* Blur.swift */ = {isa = PBXFileReference; fileEncoding = 4; lastKnownFileType = sourcecode.swift; path = Blur.swift; sourceTree = "<group>"; };
		E339449224F1B71600F11BA9 /* StudyHub.app */ = {isa = PBXFileReference; explicitFileType = wrapper.application; includeInIndex = 0; path = StudyHub.app; sourceTree = BUILT_PRODUCTS_DIR; };
		E3CA983125167D4800602EB6 /* NotificationsView.swift */ = {isa = PBXFileReference; lastKnownFileType = sourcecode.swift; path = NotificationsView.swift; sourceTree = "<group>"; };
		E3CA983725180CAD00602EB6 /* PersonalInfoView.swift */ = {isa = PBXFileReference; lastKnownFileType = sourcecode.swift; path = PersonalInfoView.swift; sourceTree = "<group>"; };
		EEC3B6AC4F1E11EB05097CA0 /* Pods-StudyHub.release.xcconfig */ = {isa = PBXFileReference; includeInIndex = 1; lastKnownFileType = text.xcconfig; name = "Pods-StudyHub.release.xcconfig"; path = "Target Support Files/Pods-StudyHub/Pods-StudyHub.release.xcconfig"; sourceTree = "<group>"; };
/* End PBXFileReference section */

/* Begin PBXFrameworksBuildPhase section */
		E339448F24F1B71600F11BA9 /* Frameworks */ = {
			isa = PBXFrameworksBuildPhase;
			buildActionMask = 2147483647;
			files = (
				E193F3F826A110F60050BA0E /* FirebaseAnalyticsSwift-Beta in Frameworks */,
				E122F4C426A6095000C81936 /* Kingfisher in Frameworks */,
				E193F40026A110F60050BA0E /* FirebaseMessaging in Frameworks */,
				E193F40426A110F60050BA0E /* FirebaseStorageSwift-Beta in Frameworks */,
				E193F3FE26A110F60050BA0E /* FirebaseFirestoreSwift-Beta in Frameworks */,
				E193F3DA26A108440050BA0E /* Lottie in Frameworks */,
				E193F3FC26A110F60050BA0E /* FirebaseFirestore in Frameworks */,
				E193F40226A110F60050BA0E /* FirebaseStorage in Frameworks */,
				E122F4C626A6095000C81936 /* KingfisherSwiftUI in Frameworks */,
				BE5F3760259C3B9400542AA0 /* SupportDocs in Frameworks */,
				E193F3FA26A110F60050BA0E /* FirebaseAuth in Frameworks */,
				E10C058625900A100020FD7C /* Pods_StudyHub.framework in Frameworks */,
				E193F3DD26A108590050BA0E /* SDWebImage in Frameworks */,
				E193F3F626A110F60050BA0E /* FirebaseAnalytics in Frameworks */,
			);
			runOnlyForDeploymentPostprocessing = 0;
		};
/* End PBXFrameworksBuildPhase section */

/* Begin PBXGroup section */
		51283CD47EB283397FC5B9FD /* Frameworks */ = {
			isa = PBXGroup;
			children = (
				47F4119D880B6AFBE91DBA85 /* Pods_StudyHub.framework */,
			);
			name = Frameworks;
			sourceTree = "<group>";
		};
		620590B624FDBB21001565BF /* StudyHub */ = {
			isa = PBXGroup;
			children = (
				62654AC525A7DB5200F7172C /* Google Plists */,
				62654AB925A7D13300F7172C /* placeholder.pdf */,
				E10C0584259009020020FD7C /* StudyHub.entitlements */,
				620590EF24FDBB21001565BF /* Info.plist */,
				620590C224FDBB21001565BF /* Assets.xcassets */,
				620590B724FDBB21001565BF /* Resources */,
				620590C424FDBB21001565BF /* Preview Content */,
				620590C824FDBB21001565BF /* Extensions */,
				620590CA24FDBB21001565BF /* Firebase */,
				620590CF24FDBB21001565BF /* Data */,
				620590D624FDBB21001565BF /* Views */,
				620590CE24FDBB21001565BF /* AppDelegate.swift */,
				620590F024FDBB21001565BF /* SceneDelegate.swift */,
				620590C624FDBB21001565BF /* LaunchScreen.storyboard */,
			);
			path = StudyHub;
			sourceTree = "<group>";
		};
		620590B724FDBB21001565BF /* Resources */ = {
			isa = PBXGroup;
			children = (
				E1760AC325925A9C00AA8BCF /* 34595-confetti-for-ios-and-android.json */,
				62F24C01251419E900777610 /* Lottie */,
				620590B824FDBB21001565BF /* Fonts */,
			);
			path = Resources;
			sourceTree = "<group>";
		};
		620590B824FDBB21001565BF /* Fonts */ = {
			isa = PBXGroup;
			children = (
				620590B924FDBB21001565BF /* Montserrat-Medium.ttf */,
				620590BA24FDBB21001565BF /* Montserrat-Light.ttf */,
				620590BB24FDBB21001565BF /* Montserrat-ExtraLight.ttf */,
				620590BC24FDBB21001565BF /* Montserrat-Thin.ttf */,
				620590BD24FDBB21001565BF /* Montserrat-Bold.ttf */,
				620590BE24FDBB21001565BF /* Montserrat-SemiBold.ttf */,
				620590BF24FDBB21001565BF /* Montserrat-ExtraBold.ttf */,
				620590C024FDBB21001565BF /* Montserrat-Black.ttf */,
				620590C124FDBB21001565BF /* Montserrat-Regular.ttf */,
			);
			path = Fonts;
			sourceTree = "<group>";
		};
		620590C424FDBB21001565BF /* Preview Content */ = {
			isa = PBXGroup;
			children = (
				620590C524FDBB21001565BF /* Preview Assets.xcassets */,
			);
			path = "Preview Content";
			sourceTree = "<group>";
		};
		620590C824FDBB21001565BF /* Extensions */ = {
			isa = PBXGroup;
			children = (
				620590C924FDBB21001565BF /* Extensions.swift */,
			);
			path = Extensions;
			sourceTree = "<group>";
		};
		620590CA24FDBB21001565BF /* Firebase */ = {
			isa = PBXGroup;
			children = (
				620590CB24FDBB21001565BF /* PushNotificationManager.swift */,
				620590CC24FDBB21001565BF /* PushNotificationSender.swift */,
				620590CD24FDBB21001565BF /* FirebaseManager.swift */,
			);
			path = Firebase;
			sourceTree = "<group>";
		};
		620590CF24FDBB21001565BF /* Data */ = {
			isa = PBXGroup;
			children = (
				620590D024FDBB21001565BF /* Categories.swift */,
				E192890825984AE600B67C3C /* TimerLog.swift */,
				620590D124FDBB21001565BF /* User.swift */,
				620590D224FDBB21001565BF /* UserData.swift */,
				620590D424FDBB21001565BF /* ViewRouter.swift */,
				BE167C442514333A00402C14 /* SettingsData.swift */,
				620590D524FDBB21001565BF /* ChatData.swift */,
				6205911C24FDBD1D001565BF /* ErrorModel.swift */,
			);
			path = Data;
			sourceTree = "<group>";
		};
		620590D624FDBB21001565BF /* Views */ = {
			isa = PBXGroup;
			children = (
				62654AC925A7E01D00F7172C /* ContentViewSubviews.swift */,
				620590EB24FDBB21001565BF /* ContentView.swift */,
				E155D6A0251AA682008281AE /* Profile */,
				E1C91E152503B86800001424 /* Utility */,
				620590D724FDBB21001565BF /* Timer Screen */,
				620590D924FDBB21001565BF /* Settings */,
				620590DB24FDBB21001565BF /* Home */,
				620590DF24FDBB21001565BF /* Chat */,
				620590E524FDBB21001565BF /* Leaderboard */,
				620590E824FDBB21001565BF /* SubViews */,
				620590EC24FDBB21001565BF /* Onboarding */,
			);
			path = Views;
			sourceTree = "<group>";
		};
		620590D724FDBB21001565BF /* Timer Screen */ = {
			isa = PBXGroup;
			children = (
				620590D824FDBB21001565BF /* TimerView.swift */,
				E19289052598455000B67C3C /* TimerSelectView.swift */,
				E12C5F8B259A26FE00D3314E /* TimerStatsView.swift */,
				BE3E16172517F96900E0A845 /* TimerManager.swift */,
				E12E5FC82584924900FB216C /* test.MP4 */,
			);
			path = "Timer Screen";
			sourceTree = "<group>";
		};
		620590D924FDBB21001565BF /* Settings */ = {
			isa = PBXGroup;
			children = (
				620590DA24FDBB21001565BF /* SettingView.swift */,
				E3CA982F25167CF400602EB6 /* Setting Subviews */,
			);
			path = Settings;
			sourceTree = "<group>";
		};
		620590DB24FDBB21001565BF /* Home */ = {
			isa = PBXGroup;
			children = (
				E1646BF825912076003B2FB4 /* DevChatBanner.swift */,
				620590DC24FDBB21001565BF /* CTA.swift */,
				620590DD24FDBB21001565BF /* Home.swift */,
				E15A20AE253FA796006E042E /* Homev2.swift */,
				E170EF552540BF9000BEE97C /* GroupsView.swift */,
				E15A20B1253FA7A6006E042E /* ProfilePic.swift */,
				E15A20B8253FAC28006E042E /* Test.swift */,
			);
			path = Home;
			sourceTree = "<group>";
		};
		620590DF24FDBB21001565BF /* Chat */ = {
			isa = PBXGroup;
			children = (
				622AABB225955E79004A984A /* ChatView */,
				E1BCD405251E8A080051A28C /* PairingView.swift */,
				E10463F926B0A77B00C7A742 /* PairingListView.swift */,
				E19A0BC625925C4500F5F855 /* PairingSuccessView.swift */,
				E1760ABE25925A3C00AA8BCF /* Mentor */,
				624FAFDB25720AA0000E0203 /* RecentsView */,
				620590E124FDBB21001565BF /* AddChat.swift */,
				620590E024FDBB21001565BF /* ChatCell.swift */,
				E12C83F125A8F9DF00C2F827 /* ReactionSelectView.swift */,
				62C3ED20250597A300CEA882 /* CreateGroupView.swift */,
				E11157A22593CF31005E9AEA /* VoiceChat.swift */,
				E163D37825A2CC1400102895 /* VCGridView.swift */,
				6293A8B425A268B500E9B8DE /* ChatViewModel.swift */,
			);
			path = Chat;
			sourceTree = "<group>";
		};
		620590E524FDBB21001565BF /* Leaderboard */ = {
			isa = PBXGroup;
			children = (
				620590E624FDBB21001565BF /* LeaderboardView.swift */,
				E1BCD400251E7CF50051A28C /* LeaderboardSubViews.swift */,
				620590E724FDBB21001565BF /* LeaderboardTabBar.swift */,
			);
			path = Leaderboard;
			sourceTree = "<group>";
		};
		620590E824FDBB21001565BF /* SubViews */ = {
			isa = PBXGroup;
			children = (
				620590E924FDBB21001565BF /* TabBar.swift */,
				620590EA24FDBB21001565BF /* TimerButtonStyles.swift */,
			);
			path = SubViews;
			sourceTree = "<group>";
		};
		620590EC24FDBB21001565BF /* Onboarding */ = {
			isa = PBXGroup;
			children = (
				624FAF04256EF80B000E0203 /* LoginRegistrationSubviews */,
				624FAF27256F09AE000E0203 /* Registration */,
				624FAEEF256EF02C000E0203 /* Login */,
				628A12752518683B001C4B13 /* IntroView.swift */,
				628A127C25186938001C4B13 /* IntroPage.swift */,
				628A127F25186940001C4B13 /* IntroCustomize.swift */,
				62FAED0C259BC2580015B094 /* PasswordResetView.swift */,
				BE5C7F2E259D05DB00824346 /* IntroMentor.swift */,
			);
			path = Onboarding;
			sourceTree = "<group>";
		};
		622AABB225955E79004A984A /* ChatView */ = {
			isa = PBXGroup;
			children = (
				E163D31325A280D000102895 /* Quiz */,
				622AABB325955E91004A984A /* ChatViewSubviews */,
				620590E224FDBB21001565BF /* ChatView.swift */,
				E12C83EE25A8F52200C2F827 /* ChatHeader.swift */,
				E133D66025A7D0B100730B7C /* FullImageView.swift */,
			);
			name = ChatView;
			path = Mentor/ChatView;
			sourceTree = "<group>";
		};
		622AABB325955E91004A984A /* ChatViewSubviews */ = {
			isa = PBXGroup;
			children = (
				E10C05CC259013B70020FD7C /* MemberListSubview.swift */,
				6258E4DC2595AC900072DA87 /* OtherUserProfileView.swift */,
				6258E4E0259942AC0072DA87 /* BottomCardSubview.swift */,
			);
			path = ChatViewSubviews;
			sourceTree = "<group>";
		};
		624FAEEF256EF02C000E0203 /* Login */ = {
			isa = PBXGroup;
			children = (
				620590EE24FDBB21001565BF /* LoginView.swift */,
			);
			path = Login;
			sourceTree = "<group>";
		};
		624FAF04256EF80B000E0203 /* LoginRegistrationSubviews */ = {
			isa = PBXGroup;
			children = (
				62F24C0A25141AF400777610 /* LottieUIView.swift */,
				624FAF01256EF540000E0203 /* TitleSubview.swift */,
				624FAEFE256EF32D000E0203 /* FloatingBlobSubview.swift */,
				624FAEF5256EF08D000E0203 /* InputFieldSubview.swift */,
				624FAEF8256EF137000E0203 /* ButtonsSubview.swift */,
				624FAF05256EF8BE000E0203 /* LoginButtonStyles.swift */,
			);
			path = LoginRegistrationSubviews;
			sourceTree = "<group>";
		};
		624FAF27256F09AE000E0203 /* Registration */ = {
			isa = PBXGroup;
			children = (
				620590ED24FDBB21001565BF /* RegistrationView.swift */,
				624FAF2A256F0A00000E0203 /* RegistrationInputSubview.swift */,
			);
			path = Registration;
			sourceTree = "<group>";
		};
		624FAFDB25720AA0000E0203 /* RecentsView */ = {
			isa = PBXGroup;
			children = (
				626EECB1258988D700E7A7A5 /* RecentsView2.swift */,
				624FAFDC25720AAC000E0203 /* RecentsViewSubviews */,
			);
			path = RecentsView;
			sourceTree = "<group>";
		};
		624FAFDC25720AAC000E0203 /* RecentsViewSubviews */ = {
			isa = PBXGroup;
			children = (
				624FAFDD25720ACC000E0203 /* RecentGroupRowSubview.swift */,
				622430A025747BDE0031CF78 /* RecentChatGroupSubview.swift */,
				62E98612257D96C9003B5113 /* RecentPeopleRowSubview.swift */,
				626EEC8B25897BC200E7A7A5 /* RecentChatTextRow.swift */,
				626EEC8E25897BD200E7A7A5 /* AllGroupTextRow.swift */,
				62109C88259055B700483ADB /* MiniProfileSubview.swift */,
			);
			path = RecentsViewSubviews;
			sourceTree = "<group>";
		};
		62F24C01251419E900777610 /* Lottie */ = {
			isa = PBXGroup;
			children = (
				62F24C02251419F400777610 /* planeLoading.json */,
			);
			path = Lottie;
			sourceTree = "<group>";
		};
		B7119E08197EA57CF68E817D /* Pods */ = {
			isa = PBXGroup;
			children = (
				C7A62219EB10FE2A621A6C84 /* Pods-StudyHub.debug.xcconfig */,
				EEC3B6AC4F1E11EB05097CA0 /* Pods-StudyHub.release.xcconfig */,
			);
			path = Pods;
			sourceTree = "<group>";
		};
		E12C5F90259A518500D3314E /* SwiftUICharts */ = {
			isa = PBXGroup;
			children = (
				E12C5F91259A518500D3314E /* BarChart */,
				E12C5F96259A518500D3314E /* Helpers.swift */,
				E12C5F97259A518500D3314E /* PieChart */,
				E12C5F9C259A518500D3314E /* LineChart */,
			);
			path = SwiftUICharts;
			sourceTree = "<group>";
		};
		E12C5F91259A518500D3314E /* BarChart */ = {
			isa = PBXGroup;
			children = (
				E12C5F92259A518500D3314E /* BarChartView.swift */,
				E12C5F93259A518500D3314E /* BarChartRow.swift */,
				E12C5F94259A518500D3314E /* LabelView.swift */,
				E12C5F95259A518500D3314E /* BarChartCell.swift */,
			);
			path = BarChart;
			sourceTree = "<group>";
		};
		E12C5F97259A518500D3314E /* PieChart */ = {
			isa = PBXGroup;
			children = (
				E12C5F98259A518500D3314E /* PieChartRow.swift */,
				E12C5F99259A518500D3314E /* PieChartHelpers.swift */,
				E12C5F9A259A518500D3314E /* PieChartCell.swift */,
				E12C5F9B259A518500D3314E /* PieChartView.swift */,
			);
			path = PieChart;
			sourceTree = "<group>";
		};
		E12C5F9C259A518500D3314E /* LineChart */ = {
			isa = PBXGroup;
			children = (
				E12C5F9D259A518500D3314E /* IndicatorPoint.swift */,
				E12C5F9E259A518500D3314E /* LineView.swift */,
				E12C5F9F259A518500D3314E /* Legend.swift */,
				E12C5FA0259A518500D3314E /* LineChartView.swift */,
				E12C5FA1259A518500D3314E /* MagnifierRect.swift */,
				E12C5FA2259A518500D3314E /* Path+QuadCurve.swift */,
				E12C5FA3259A518500D3314E /* MultiLineChartView.swift */,
				E12C5FA4259A518500D3314E /* Line.swift */,
			);
			path = LineChart;
			sourceTree = "<group>";
		};
		E155D6A0251AA682008281AE /* Profile */ = {
			isa = PBXGroup;
			children = (
				626E7814258D3EEB008633AB /* ProfileRingView.swift */,
				E155D69A251AA665008281AE /* ProfileStats.swift */,
				E155D69D251AA66F008281AE /* ProfileView.swift */,
				E1BCD3E0251E46540051A28C /* EditProfile.swift */,
				E155D6A2251AACA9008281AE /* ImagePicker.swift */,
			);
			path = Profile;
			sourceTree = "<group>";
		};
		E163D31325A280D000102895 /* Quiz */ = {
			isa = PBXGroup;
			children = (
				E163D30A25A280CC00102895 /* QuizDetails.swift */,
				E1A39F2425A8D5670001B96F /* QuizLeaderboardView.swift */,
				E1A39F2325A8D5670001B96F /* QuizLeaderboardRow.swift */,
				E163D32E25A28F5200102895 /* AddQuiz.swift */,
				E163D33225A28F6500102895 /* QuizAddRow.swift */,
				E163D33525A2914700102895 /* QuizInputFieldView.swift */,
				E1A39F1F25A8CC100001B96F /* QuizTitle.swift */,
				E1A8D1CA25A3C7DC0057B882 /* QuizzesList.swift */,
				E1A8D1CD25A3C8080057B882 /* QuizzesRow.swift */,
				E163D30C25A280CC00102895 /* QuizBtn.swift */,
				E163D30925A280CC00102895 /* QuizData.swift */,
				E163D30B25A280CC00102895 /* QuizQuestion.swift */,
				E163D30825A280CC00102895 /* QuizView.swift */,
			);
			path = Quiz;
			sourceTree = "<group>";
		};
		E1760ABE25925A3C00AA8BCF /* Mentor */ = {
			isa = PBXGroup;
			children = (
				E1760ABB25925A3600AA8BCF /* MentorPairingView.swift */,
			);
			path = Mentor;
			sourceTree = "<group>";
		};
		E1C91E152503B86800001424 /* Utility */ = {
			isa = PBXGroup;
			children = (
				E12C5F90259A518500D3314E /* SwiftUICharts */,
				620590DE24FDBB21001565BF /* Header.swift */,
				E1C91E132503B86300001424 /* Blur.swift */,
				62F24BE3251415DB00777610 /* Lottie.swift */,
				62F3D9B12557C156008B2356 /* ErrorMessage.swift */,
				624FAEFB256EF2EA000E0203 /* VectorImageRepresentable.swift */,
				E13032A8258CCFD500135CAC /* ProfileRingView.swift */,
			);
			path = Utility;
			sourceTree = "<group>";
		};
		E339448924F1B71600F11BA9 = {
			isa = PBXGroup;
			children = (
				620590B624FDBB21001565BF /* StudyHub */,
				E339449324F1B71600F11BA9 /* Products */,
				B7119E08197EA57CF68E817D /* Pods */,
				51283CD47EB283397FC5B9FD /* Frameworks */,
			);
			sourceTree = "<group>";
		};
		E339449324F1B71600F11BA9 /* Products */ = {
			isa = PBXGroup;
			children = (
				E339449224F1B71600F11BA9 /* StudyHub.app */,
			);
			name = Products;
			sourceTree = "<group>";
		};
		E3CA982F25167CF400602EB6 /* Setting Subviews */ = {
			isa = PBXGroup;
			children = (
				AE19201D25A3160300ABB098 /* CountrySelectionView.swift */,
				AE19202025A3160C00ABB098 /* LanguageSelectionView.swift */,
				E3CA983125167D4800602EB6 /* NotificationsView.swift */,
				E3CA983725180CAD00602EB6 /* PersonalInfoView.swift */,
			);
			path = "Setting Subviews";
			sourceTree = "<group>";
		};
/* End PBXGroup section */

/* Begin PBXNativeTarget section */
		E339449124F1B71600F11BA9 /* StudyHub */ = {
			isa = PBXNativeTarget;
			buildConfigurationList = E33944A624F1B71B00F11BA9 /* Build configuration list for PBXNativeTarget "StudyHub" */;
			buildPhases = (
				1E70D3268AC78E92E76A77DF /* [CP] Check Pods Manifest.lock */,
				E339448E24F1B71600F11BA9 /* Sources */,
				E339448F24F1B71600F11BA9 /* Frameworks */,
				E339449024F1B71600F11BA9 /* Resources */,
			);
			buildRules = (
			);
			dependencies = (
			);
			name = StudyHub;
			packageProductDependencies = (
				BE5F375F259C3B9400542AA0 /* SupportDocs */,
				E193F3D926A108440050BA0E /* Lottie */,
				E193F3DC26A108590050BA0E /* SDWebImage */,
				E193F3F526A110F60050BA0E /* FirebaseAnalytics */,
				E193F3F726A110F60050BA0E /* FirebaseAnalyticsSwift-Beta */,
				E193F3F926A110F60050BA0E /* FirebaseAuth */,
				E193F3FB26A110F60050BA0E /* FirebaseFirestore */,
				E193F3FD26A110F60050BA0E /* FirebaseFirestoreSwift-Beta */,
				E193F3FF26A110F60050BA0E /* FirebaseMessaging */,
				E193F40126A110F60050BA0E /* FirebaseStorage */,
				E193F40326A110F60050BA0E /* FirebaseStorageSwift-Beta */,
				E122F4C326A6095000C81936 /* Kingfisher */,
				E122F4C526A6095000C81936 /* KingfisherSwiftUI */,
			);
			productName = StudyHub;
			productReference = E339449224F1B71600F11BA9 /* StudyHub.app */;
			productType = "com.apple.product-type.application";
		};
/* End PBXNativeTarget section */

/* Begin PBXProject section */
		E339448A24F1B71600F11BA9 /* Project object */ = {
			isa = PBXProject;
			attributes = {
				LastSwiftUpdateCheck = 1150;
				LastUpgradeCheck = 1150;
				ORGANIZATIONNAME = "Dakshin Devanand";
				TargetAttributes = {
					E339449124F1B71600F11BA9 = {
						CreatedOnToolsVersion = 11.5;
					};
				};
			};
			buildConfigurationList = E339448D24F1B71600F11BA9 /* Build configuration list for PBXProject "StudyHub" */;
			compatibilityVersion = "Xcode 12.0";
			developmentRegion = en;
			hasScannedForEncodings = 0;
			knownRegions = (
				en,
				Base,
			);
			mainGroup = E339448924F1B71600F11BA9;
			packageReferences = (
				BE5F375E259C3B9400542AA0 /* XCRemoteSwiftPackageReference "SupportDocs" */,
				E193F3D826A108440050BA0E /* XCRemoteSwiftPackageReference "lottie-ios" */,
				E193F3DB26A108590050BA0E /* XCRemoteSwiftPackageReference "SDWebImage" */,
				E193F3F426A110F60050BA0E /* XCRemoteSwiftPackageReference "firebase-ios-sdk" */,
				E122F4C226A6095000C81936 /* XCRemoteSwiftPackageReference "Kingfisher" */,
			);
			productRefGroup = E339449324F1B71600F11BA9 /* Products */;
			projectDirPath = "";
			projectRoot = "";
			targets = (
				E339449124F1B71600F11BA9 /* StudyHub */,
			);
		};
/* End PBXProject section */

/* Begin PBXResourcesBuildPhase section */
		E339449024F1B71600F11BA9 /* Resources */ = {
			isa = PBXResourcesBuildPhase;
			buildActionMask = 2147483647;
			files = (
				E12E5FC92584924900FB216C /* test.MP4 in Resources */,
				620590F224FDBB21001565BF /* Montserrat-Light.ttf in Resources */,
				620590FA24FDBB21001565BF /* Assets.xcassets in Resources */,
				620590F724FDBB21001565BF /* Montserrat-ExtraBold.ttf in Resources */,
				62654AC625A7DB5200F7172C /* Google Plists in Resources */,
				62654ABA25A7D13300F7172C /* placeholder.pdf in Resources */,
				620590FD24FDBB21001565BF /* LaunchScreen.storyboard in Resources */,
				62F24C03251419F400777610 /* planeLoading.json in Resources */,
				620590FC24FDBB21001565BF /* Preview Assets.xcassets in Resources */,
				620590F824FDBB21001565BF /* Montserrat-Black.ttf in Resources */,
				620590F924FDBB21001565BF /* Montserrat-Regular.ttf in Resources */,
				620590F624FDBB21001565BF /* Montserrat-SemiBold.ttf in Resources */,
				620590F124FDBB21001565BF /* Montserrat-Medium.ttf in Resources */,
				620590F424FDBB21001565BF /* Montserrat-Thin.ttf in Resources */,
				620590F524FDBB21001565BF /* Montserrat-Bold.ttf in Resources */,
				620590F324FDBB21001565BF /* Montserrat-ExtraLight.ttf in Resources */,
				E1760AC425925A9C00AA8BCF /* 34595-confetti-for-ios-and-android.json in Resources */,
			);
			runOnlyForDeploymentPostprocessing = 0;
		};
/* End PBXResourcesBuildPhase section */

/* Begin PBXShellScriptBuildPhase section */
		1E70D3268AC78E92E76A77DF /* [CP] Check Pods Manifest.lock */ = {
			isa = PBXShellScriptBuildPhase;
			buildActionMask = 2147483647;
			files = (
			);
			inputFileListPaths = (
			);
			inputPaths = (
				"${PODS_PODFILE_DIR_PATH}/Podfile.lock",
				"${PODS_ROOT}/Manifest.lock",
			);
			name = "[CP] Check Pods Manifest.lock";
			outputFileListPaths = (
			);
			outputPaths = (
				"$(DERIVED_FILE_DIR)/Pods-StudyHub-checkManifestLockResult.txt",
			);
			runOnlyForDeploymentPostprocessing = 0;
			shellPath = /bin/sh;
			shellScript = "diff \"${PODS_PODFILE_DIR_PATH}/Podfile.lock\" \"${PODS_ROOT}/Manifest.lock\" > /dev/null\nif [ $? != 0 ] ; then\n    # print error to STDERR\n    echo \"error: The sandbox is not in sync with the Podfile.lock. Run 'pod install' or update your CocoaPods installation.\" >&2\n    exit 1\nfi\n# This output is used by Xcode 'outputs' to avoid re-running this script phase.\necho \"SUCCESS\" > \"${SCRIPT_OUTPUT_FILE_0}\"\n";
			showEnvVarsInLog = 0;
		};
/* End PBXShellScriptBuildPhase section */

/* Begin PBXSourcesBuildPhase section */
		E339448E24F1B71600F11BA9 /* Sources */ = {
			isa = PBXSourcesBuildPhase;
			buildActionMask = 2147483647;
			files = (
				62F3D9B22557C156008B2356 /* ErrorMessage.swift in Sources */,
				6205911D24FDBD1D001565BF /* ErrorModel.swift in Sources */,
				E163D32F25A28F5200102895 /* AddQuiz.swift in Sources */,
				E10C05CD259013B70020FD7C /* MemberListSubview.swift in Sources */,
				E12C5FB4259A518500D3314E /* MultiLineChartView.swift in Sources */,
				E10C05CD259013B70020FD7C /* MemberListSubview.swift in Sources */,
				E10C05CD259013B70020FD7C /* MemberListSubview.swift in Sources */,
				624FAF02256EF540000E0203 /* TitleSubview.swift in Sources */,
				62FAED0D259BC2580015B094 /* PasswordResetView.swift in Sources */,
				E1646BF925912076003B2FB4 /* DevChatBanner.swift in Sources */,
				62F24C0B25141AF400777610 /* LottieUIView.swift in Sources */,
				E12C5FAA259A518500D3314E /* PieChartRow.swift in Sources */,
				624FAEF6256EF08D000E0203 /* InputFieldSubview.swift in Sources */,
				62E98613257D96C9003B5113 /* RecentPeopleRowSubview.swift in Sources */,
				6205911724FDBB21001565BF /* ContentView.swift in Sources */,
				E12C5FAE259A518500D3314E /* IndicatorPoint.swift in Sources */,
				6205910A24FDBB21001565BF /* SettingView.swift in Sources */,
				624FAFDE25720ACC000E0203 /* RecentGroupRowSubview.swift in Sources */,
				6205910824FDBB21001565BF /* ChatData.swift in Sources */,
				E12C83EF25A8F52300C2F827 /* ChatHeader.swift in Sources */,
				622430A125747BDE0031CF78 /* RecentChatGroupSubview.swift in Sources */,
				626E7815258D3EEB008633AB /* ProfileRingView.swift in Sources */,
				626EECB2258988D700E7A7A5 /* RecentsView2.swift in Sources */,
				6258E4E1259942AC0072DA87 /* BottomCardSubview.swift in Sources */,
				E163D37925A2CC1500102895 /* VCGridView.swift in Sources */,
				AE19202125A3160C00ABB098 /* LanguageSelectionView.swift in Sources */,
				E12C5FB5259A518500D3314E /* Line.swift in Sources */,
				E12C5FA7259A518500D3314E /* LabelView.swift in Sources */,
				62109C89259055B700483ADB /* MiniProfileSubview.swift in Sources */,
				E12C5FB0259A518500D3314E /* Legend.swift in Sources */,
				E12C5FA6259A518500D3314E /* BarChartRow.swift in Sources */,
				6205910724FDBB21001565BF /* ViewRouter.swift in Sources */,
				BE167C452514333A00402C14 /* SettingsData.swift in Sources */,
				626EEC8F25897BD200E7A7A5 /* AllGroupTextRow.swift in Sources */,
				E1BCD3E1251E46540051A28C /* EditProfile.swift in Sources */,
				E1A39F2625A8D5670001B96F /* QuizLeaderboardView.swift in Sources */,
				E163D30F25A280CC00102895 /* QuizDetails.swift in Sources */,
				6205910D24FDBB21001565BF /* Header.swift in Sources */,
				E1760ABC25925A3600AA8BCF /* MentorPairingView.swift in Sources */,
				E163D33625A2914700102895 /* QuizInputFieldView.swift in Sources */,
				E12C5FAF259A518500D3314E /* LineView.swift in Sources */,
				E12C5FB1259A518500D3314E /* LineChartView.swift in Sources */,
				6205910524FDBB21001565BF /* UserData.swift in Sources */,
				E12C5F8C259A26FE00D3314E /* TimerStatsView.swift in Sources */,
				6205911424FDBB21001565BF /* LeaderboardTabBar.swift in Sources */,
				6205910C24FDBB21001565BF /* Home.swift in Sources */,
				E170EF562540BF9000BEE97C /* GroupsView.swift in Sources */,
				E15A20AF253FA796006E042E /* Homev2.swift in Sources */,
				E11157A32593CF31005E9AEA /* VoiceChat.swift in Sources */,
				E12C5FA5259A518500D3314E /* BarChartView.swift in Sources */,
				E12C5FAB259A518500D3314E /* PieChartHelpers.swift in Sources */,
				E155D69E251AA66F008281AE /* ProfileView.swift in Sources */,
				E12C5FA8259A518500D3314E /* BarChartCell.swift in Sources */,
				AE19201E25A3160300ABB098 /* CountrySelectionView.swift in Sources */,
				6205910F24FDBB21001565BF /* AddChat.swift in Sources */,
				62C3ED21250597A300CEA882 /* CreateGroupView.swift in Sources */,
				6205910124FDBB21001565BF /* FirebaseManager.swift in Sources */,
				626EEC8C25897BC200E7A7A5 /* RecentChatTextRow.swift in Sources */,
				6205911324FDBB21001565BF /* LeaderboardView.swift in Sources */,
				628A12762518683B001C4B13 /* IntroView.swift in Sources */,
				624FAF2B256F0A00000E0203 /* RegistrationInputSubview.swift in Sources */,
				6205911824FDBB21001565BF /* RegistrationView.swift in Sources */,
				6205910E24FDBB21001565BF /* ChatCell.swift in Sources */,
				6258E4DD2595AC900072DA87 /* OtherUserProfileView.swift in Sources */,
				624FAEFF256EF32D000E0203 /* FloatingBlobSubview.swift in Sources */,
				624FAF06256EF8BE000E0203 /* LoginButtonStyles.swift in Sources */,
				6293A8B525A268B500E9B8DE /* ChatViewModel.swift in Sources */,
				E12C5FA9259A518500D3314E /* Helpers.swift in Sources */,
				6205910B24FDBB21001565BF /* CTA.swift in Sources */,
				E1BCD406251E8A080051A28C /* PairingView.swift in Sources */,
				6205910324FDBB21001565BF /* Categories.swift in Sources */,
				E192890925984AE600B67C3C /* TimerLog.swift in Sources */,
				E1A39F2525A8D5670001B96F /* QuizLeaderboardRow.swift in Sources */,
				6205911624FDBB21001565BF /* TimerButtonStyles.swift in Sources */,
				E1BCD401251E7CF50051A28C /* LeaderboardSubViews.swift in Sources */,
				6205911B24FDBB21001565BF /* SceneDelegate.swift in Sources */,
				6205911024FDBB21001565BF /* ChatView.swift in Sources */,
				624FAEF9256EF137000E0203 /* ButtonsSubview.swift in Sources */,
				E1A8D1CB25A3C7DC0057B882 /* QuizzesList.swift in Sources */,
				620590FE24FDBB21001565BF /* Extensions.swift in Sources */,
				6205911524FDBB21001565BF /* TabBar.swift in Sources */,
				E12C5FB3259A518500D3314E /* Path+QuadCurve.swift in Sources */,
				E163D33325A28F6500102895 /* QuizAddRow.swift in Sources */,
				E163D31025A280CC00102895 /* QuizQuestion.swift in Sources */,
				E163D31125A280CC00102895 /* QuizBtn.swift in Sources */,
				628A127D25186938001C4B13 /* IntroPage.swift in Sources */,
				E155D6A3251AACA9008281AE /* ImagePicker.swift in Sources */,
				620590FF24FDBB21001565BF /* PushNotificationManager.swift in Sources */,
				E155D69B251AA665008281AE /* ProfileStats.swift in Sources */,
				6205910424FDBB21001565BF /* User.swift in Sources */,
				E163D30E25A280CC00102895 /* QuizData.swift in Sources */,
				E1C91E142503B86300001424 /* Blur.swift in Sources */,
				E163D30D25A280CC00102895 /* QuizView.swift in Sources */,
				E15A20B9253FAC28006E042E /* Test.swift in Sources */,
				6205910224FDBB21001565BF /* AppDelegate.swift in Sources */,
				E15A20B2253FA7A6006E042E /* ProfilePic.swift in Sources */,
				628A128025186940001C4B13 /* IntroCustomize.swift in Sources */,
				62F24BE4251415DB00777610 /* Lottie.swift in Sources */,
				E1A8D1CE25A3C8080057B882 /* QuizzesRow.swift in Sources */,
				E12C83F225A8F9DF00C2F827 /* ReactionSelectView.swift in Sources */,
				E12C5FB2259A518500D3314E /* MagnifierRect.swift in Sources */,
				BE5C7F2F259D05DB00824346 /* IntroMentor.swift in Sources */,
				6205911924FDBB21001565BF /* LoginView.swift in Sources */,
				BE3E16182517F96900E0A845 /* TimerManager.swift in Sources */,
				6205910924FDBB21001565BF /* TimerView.swift in Sources */,
				E1A39F2025A8CC100001B96F /* QuizTitle.swift in Sources */,
				E12C5FAC259A518500D3314E /* PieChartCell.swift in Sources */,
				E10463FA26B0A77B00C7A742 /* PairingListView.swift in Sources */,
				624FAEFC256EF2EA000E0203 /* VectorImageRepresentable.swift in Sources */,
				E133D66125A7D0B100730B7C /* FullImageView.swift in Sources */,
				E19289062598455000B67C3C /* TimerSelectView.swift in Sources */,
				6205910024FDBB21001565BF /* PushNotificationSender.swift in Sources */,
				E12C5FAD259A518500D3314E /* PieChartView.swift in Sources */,
				E3CA983825180CAD00602EB6 /* PersonalInfoView.swift in Sources */,
				62654ACA25A7E01D00F7172C /* ContentViewSubviews.swift in Sources */,
				E3CA983225167D4800602EB6 /* NotificationsView.swift in Sources */,
				E19A0BC725925C4500F5F855 /* PairingSuccessView.swift in Sources */,
			);
			runOnlyForDeploymentPostprocessing = 0;
		};
/* End PBXSourcesBuildPhase section */

/* Begin PBXVariantGroup section */
		620590C624FDBB21001565BF /* LaunchScreen.storyboard */ = {
			isa = PBXVariantGroup;
			children = (
				620590C724FDBB21001565BF /* Base */,
			);
			name = LaunchScreen.storyboard;
			sourceTree = "<group>";
		};
/* End PBXVariantGroup section */

/* Begin XCBuildConfiguration section */
		E33944A424F1B71B00F11BA9 /* Debug */ = {
			isa = XCBuildConfiguration;
			buildSettings = {
				ALWAYS_SEARCH_USER_PATHS = NO;
				CLANG_ANALYZER_NONNULL = YES;
				CLANG_ANALYZER_NUMBER_OBJECT_CONVERSION = YES_AGGRESSIVE;
				CLANG_CXX_LANGUAGE_STANDARD = "gnu++14";
				CLANG_CXX_LIBRARY = "libc++";
				CLANG_ENABLE_MODULES = YES;
				CLANG_ENABLE_OBJC_ARC = YES;
				CLANG_ENABLE_OBJC_WEAK = YES;
				CLANG_WARN_BLOCK_CAPTURE_AUTORELEASING = YES;
				CLANG_WARN_BOOL_CONVERSION = YES;
				CLANG_WARN_COMMA = YES;
				CLANG_WARN_CONSTANT_CONVERSION = YES;
				CLANG_WARN_DEPRECATED_OBJC_IMPLEMENTATIONS = YES;
				CLANG_WARN_DIRECT_OBJC_ISA_USAGE = YES_ERROR;
				CLANG_WARN_DOCUMENTATION_COMMENTS = YES;
				CLANG_WARN_EMPTY_BODY = YES;
				CLANG_WARN_ENUM_CONVERSION = YES;
				CLANG_WARN_INFINITE_RECURSION = YES;
				CLANG_WARN_INT_CONVERSION = YES;
				CLANG_WARN_NON_LITERAL_NULL_CONVERSION = YES;
				CLANG_WARN_OBJC_IMPLICIT_RETAIN_SELF = YES;
				CLANG_WARN_OBJC_LITERAL_CONVERSION = YES;
				CLANG_WARN_OBJC_ROOT_CLASS = YES_ERROR;
				CLANG_WARN_RANGE_LOOP_ANALYSIS = YES;
				CLANG_WARN_STRICT_PROTOTYPES = YES;
				CLANG_WARN_SUSPICIOUS_MOVE = YES;
				CLANG_WARN_UNGUARDED_AVAILABILITY = YES_AGGRESSIVE;
				CLANG_WARN_UNREACHABLE_CODE = YES;
				CLANG_WARN__DUPLICATE_METHOD_MATCH = YES;
				COPY_PHASE_STRIP = NO;
				DEBUG_INFORMATION_FORMAT = dwarf;
				ENABLE_STRICT_OBJC_MSGSEND = YES;
				ENABLE_TESTABILITY = YES;
				GCC_C_LANGUAGE_STANDARD = gnu11;
				GCC_DYNAMIC_NO_PIC = NO;
				GCC_NO_COMMON_BLOCKS = YES;
				GCC_OPTIMIZATION_LEVEL = 0;
				GCC_PREPROCESSOR_DEFINITIONS = (
					"DEBUG=1",
					"$(inherited)",
				);
				GCC_WARN_64_TO_32_BIT_CONVERSION = YES;
				GCC_WARN_ABOUT_RETURN_TYPE = YES_ERROR;
				GCC_WARN_UNDECLARED_SELECTOR = YES;
				GCC_WARN_UNINITIALIZED_AUTOS = YES_AGGRESSIVE;
				GCC_WARN_UNUSED_FUNCTION = YES;
				GCC_WARN_UNUSED_VARIABLE = YES;
				IPHONEOS_DEPLOYMENT_TARGET = 14.0;
				MTL_ENABLE_DEBUG_INFO = INCLUDE_SOURCE;
				MTL_FAST_MATH = YES;
				ONLY_ACTIVE_ARCH = YES;
				SDKROOT = iphoneos;
				SWIFT_ACTIVE_COMPILATION_CONDITIONS = DEBUG;
				SWIFT_OPTIMIZATION_LEVEL = "-Onone";
			};
			name = Debug;
		};
		E33944A524F1B71B00F11BA9 /* Release */ = {
			isa = XCBuildConfiguration;
			buildSettings = {
				ALWAYS_SEARCH_USER_PATHS = NO;
				CLANG_ANALYZER_NONNULL = YES;
				CLANG_ANALYZER_NUMBER_OBJECT_CONVERSION = YES_AGGRESSIVE;
				CLANG_CXX_LANGUAGE_STANDARD = "gnu++14";
				CLANG_CXX_LIBRARY = "libc++";
				CLANG_ENABLE_MODULES = YES;
				CLANG_ENABLE_OBJC_ARC = YES;
				CLANG_ENABLE_OBJC_WEAK = YES;
				CLANG_WARN_BLOCK_CAPTURE_AUTORELEASING = YES;
				CLANG_WARN_BOOL_CONVERSION = YES;
				CLANG_WARN_COMMA = YES;
				CLANG_WARN_CONSTANT_CONVERSION = YES;
				CLANG_WARN_DEPRECATED_OBJC_IMPLEMENTATIONS = YES;
				CLANG_WARN_DIRECT_OBJC_ISA_USAGE = YES_ERROR;
				CLANG_WARN_DOCUMENTATION_COMMENTS = YES;
				CLANG_WARN_EMPTY_BODY = YES;
				CLANG_WARN_ENUM_CONVERSION = YES;
				CLANG_WARN_INFINITE_RECURSION = YES;
				CLANG_WARN_INT_CONVERSION = YES;
				CLANG_WARN_NON_LITERAL_NULL_CONVERSION = YES;
				CLANG_WARN_OBJC_IMPLICIT_RETAIN_SELF = YES;
				CLANG_WARN_OBJC_LITERAL_CONVERSION = YES;
				CLANG_WARN_OBJC_ROOT_CLASS = YES_ERROR;
				CLANG_WARN_RANGE_LOOP_ANALYSIS = YES;
				CLANG_WARN_STRICT_PROTOTYPES = YES;
				CLANG_WARN_SUSPICIOUS_MOVE = YES;
				CLANG_WARN_UNGUARDED_AVAILABILITY = YES_AGGRESSIVE;
				CLANG_WARN_UNREACHABLE_CODE = YES;
				CLANG_WARN__DUPLICATE_METHOD_MATCH = YES;
				COPY_PHASE_STRIP = NO;
				DEBUG_INFORMATION_FORMAT = "dwarf-with-dsym";
				ENABLE_NS_ASSERTIONS = NO;
				ENABLE_STRICT_OBJC_MSGSEND = YES;
				GCC_C_LANGUAGE_STANDARD = gnu11;
				GCC_NO_COMMON_BLOCKS = YES;
				GCC_WARN_64_TO_32_BIT_CONVERSION = YES;
				GCC_WARN_ABOUT_RETURN_TYPE = YES_ERROR;
				GCC_WARN_UNDECLARED_SELECTOR = YES;
				GCC_WARN_UNINITIALIZED_AUTOS = YES_AGGRESSIVE;
				GCC_WARN_UNUSED_FUNCTION = YES;
				GCC_WARN_UNUSED_VARIABLE = YES;
				IPHONEOS_DEPLOYMENT_TARGET = 14.0;
				MTL_ENABLE_DEBUG_INFO = NO;
				MTL_FAST_MATH = YES;
				SDKROOT = iphoneos;
				SWIFT_COMPILATION_MODE = wholemodule;
				SWIFT_OPTIMIZATION_LEVEL = "-O";
				VALIDATE_PRODUCT = YES;
			};
			name = Release;
		};
		E33944A724F1B71B00F11BA9 /* Debug */ = {
			isa = XCBuildConfiguration;
			baseConfigurationReference = C7A62219EB10FE2A621A6C84 /* Pods-StudyHub.debug.xcconfig */;
			buildSettings = {
				ASSETCATALOG_COMPILER_APPICON_NAME = AppIcon;
				CODE_SIGN_ENTITLEMENTS = StudyHub/StudyHub.entitlements;
				CODE_SIGN_IDENTITY = "Apple Development";
				CODE_SIGN_STYLE = Automatic;
				CURRENT_PROJECT_VERSION = 14;
				DEAD_CODE_STRIPPING = NO;
				DEVELOPMENT_ASSET_PATHS = "\"StudyHub/Preview Content\"";
				DEVELOPMENT_TEAM = MC27HKM86M;
				ENABLE_PREVIEWS = YES;
				"EXCLUDED_ARCHS[sdk=iphonesimulator*]" = arm64;
				GCC_NO_COMMON_BLOCKS = YES;
				INFOPLIST_FILE = StudyHub/Info.plist;
				IPHONEOS_DEPLOYMENT_TARGET = 14.0;
				LD_RUNPATH_SEARCH_PATHS = (
					"$(inherited)",
					"@executable_path/Frameworks",
				);
				OTHER_SWIFT_FLAGS = "$(inherited) -D COCOAPODS -DDEBUG";
				PRODUCT_BUNDLE_IDENTIFIER = com.StudyHub.Studeo;
				PRODUCT_NAME = "$(TARGET_NAME)";
				PROVISIONING_PROFILE_SPECIFIER = "";
				SUPPORTS_MACCATALYST = NO;
				SWIFT_VERSION = 5.0;
				TARGETED_DEVICE_FAMILY = "1,2";
			};
			name = Debug;
		};
		E33944A824F1B71B00F11BA9 /* Release */ = {
			isa = XCBuildConfiguration;
			baseConfigurationReference = EEC3B6AC4F1E11EB05097CA0 /* Pods-StudyHub.release.xcconfig */;
			buildSettings = {
				ASSETCATALOG_COMPILER_APPICON_NAME = AppIcon;
				CODE_SIGN_ENTITLEMENTS = StudyHub/StudyHub.entitlements;
				CODE_SIGN_IDENTITY = "Apple Development";
				CODE_SIGN_STYLE = Automatic;
				CURRENT_PROJECT_VERSION = 14;
				DEAD_CODE_STRIPPING = NO;
				DEVELOPMENT_ASSET_PATHS = "\"StudyHub/Preview Content\"";
				DEVELOPMENT_TEAM = MC27HKM86M;
				ENABLE_PREVIEWS = YES;
				"EXCLUDED_ARCHS[sdk=iphonesimulator*]" = arm64;
				GCC_NO_COMMON_BLOCKS = YES;
				INFOPLIST_FILE = StudyHub/Info.plist;
				IPHONEOS_DEPLOYMENT_TARGET = 14.0;
				LD_RUNPATH_SEARCH_PATHS = (
					"$(inherited)",
					"@executable_path/Frameworks",
				);
				OTHER_SWIFT_FLAGS = "$(inherited) -D COCOAPODS -DRELEASE";
				PRODUCT_BUNDLE_IDENTIFIER = com.StudyHub.Studeo;
				PRODUCT_NAME = "$(TARGET_NAME)";
				PROVISIONING_PROFILE_SPECIFIER = "";
				SUPPORTS_MACCATALYST = NO;
				SWIFT_VERSION = 5.0;
				TARGETED_DEVICE_FAMILY = "1,2";
			};
			name = Release;
		};
/* End XCBuildConfiguration section */

/* Begin XCConfigurationList section */
		E339448D24F1B71600F11BA9 /* Build configuration list for PBXProject "StudyHub" */ = {
			isa = XCConfigurationList;
			buildConfigurations = (
				E33944A424F1B71B00F11BA9 /* Debug */,
				E33944A524F1B71B00F11BA9 /* Release */,
			);
			defaultConfigurationIsVisible = 0;
			defaultConfigurationName = Release;
		};
		E33944A624F1B71B00F11BA9 /* Build configuration list for PBXNativeTarget "StudyHub" */ = {
			isa = XCConfigurationList;
			buildConfigurations = (
				E33944A724F1B71B00F11BA9 /* Debug */,
				E33944A824F1B71B00F11BA9 /* Release */,
			);
			defaultConfigurationIsVisible = 0;
			defaultConfigurationName = Release;
		};
/* End XCConfigurationList section */

/* Begin XCRemoteSwiftPackageReference section */
		BE5F375E259C3B9400542AA0 /* XCRemoteSwiftPackageReference "SupportDocs" */ = {
			isa = XCRemoteSwiftPackageReference;
			repositoryURL = "https://github.com/aheze/SupportDocs";
			requirement = {
				kind = upToNextMajorVersion;
				minimumVersion = 1.1.0;
			};
		};
		E122F4C226A6095000C81936 /* XCRemoteSwiftPackageReference "Kingfisher" */ = {
			isa = XCRemoteSwiftPackageReference;
			repositoryURL = "https://github.com/onevcat/Kingfisher.git";
			requirement = {
				kind = exactVersion;
				version = 5.15.8;
			};
		};
		E193F3D826A108440050BA0E /* XCRemoteSwiftPackageReference "lottie-ios" */ = {
			isa = XCRemoteSwiftPackageReference;
			repositoryURL = "https://github.com/airbnb/lottie-ios.git";
			requirement = {
				kind = upToNextMajorVersion;
				minimumVersion = 3.0.0;
			};
		};
		E193F3DB26A108590050BA0E /* XCRemoteSwiftPackageReference "SDWebImage" */ = {
			isa = XCRemoteSwiftPackageReference;
			repositoryURL = "https://github.com/SDWebImage/SDWebImage.git";
			requirement = {
				kind = upToNextMajorVersion;
				minimumVersion = 5.0.0;
			};
		};
		E193F3F426A110F60050BA0E /* XCRemoteSwiftPackageReference "firebase-ios-sdk" */ = {
			isa = XCRemoteSwiftPackageReference;
			repositoryURL = "https://github.com/firebase/firebase-ios-sdk.git";
			requirement = {
				branch = master;
				kind = branch;
			};
		};
/* End XCRemoteSwiftPackageReference section */

/* Begin XCSwiftPackageProductDependency section */
		BE5F375F259C3B9400542AA0 /* SupportDocs */ = {
			isa = XCSwiftPackageProductDependency;
			package = BE5F375E259C3B9400542AA0 /* XCRemoteSwiftPackageReference "SupportDocs" */;
			productName = SupportDocs;
		};
		E122F4C326A6095000C81936 /* Kingfisher */ = {
			isa = XCSwiftPackageProductDependency;
			package = E122F4C226A6095000C81936 /* XCRemoteSwiftPackageReference "Kingfisher" */;
			productName = Kingfisher;
		};
		E122F4C526A6095000C81936 /* KingfisherSwiftUI */ = {
			isa = XCSwiftPackageProductDependency;
			package = E122F4C226A6095000C81936 /* XCRemoteSwiftPackageReference "Kingfisher" */;
			productName = KingfisherSwiftUI;
		};
		E193F3D926A108440050BA0E /* Lottie */ = {
			isa = XCSwiftPackageProductDependency;
			package = E193F3D826A108440050BA0E /* XCRemoteSwiftPackageReference "lottie-ios" */;
			productName = Lottie;
		};
		E193F3DC26A108590050BA0E /* SDWebImage */ = {
			isa = XCSwiftPackageProductDependency;
			package = E193F3DB26A108590050BA0E /* XCRemoteSwiftPackageReference "SDWebImage" */;
			productName = SDWebImage;
		};
		E193F3F526A110F60050BA0E /* FirebaseAnalytics */ = {
			isa = XCSwiftPackageProductDependency;
			package = E193F3F426A110F60050BA0E /* XCRemoteSwiftPackageReference "firebase-ios-sdk" */;
			productName = FirebaseAnalytics;
		};
		E193F3F726A110F60050BA0E /* FirebaseAnalyticsSwift-Beta */ = {
			isa = XCSwiftPackageProductDependency;
			package = E193F3F426A110F60050BA0E /* XCRemoteSwiftPackageReference "firebase-ios-sdk" */;
			productName = "FirebaseAnalyticsSwift-Beta";
		};
		E193F3F926A110F60050BA0E /* FirebaseAuth */ = {
			isa = XCSwiftPackageProductDependency;
			package = E193F3F426A110F60050BA0E /* XCRemoteSwiftPackageReference "firebase-ios-sdk" */;
			productName = FirebaseAuth;
		};
		E193F3FB26A110F60050BA0E /* FirebaseFirestore */ = {
			isa = XCSwiftPackageProductDependency;
			package = E193F3F426A110F60050BA0E /* XCRemoteSwiftPackageReference "firebase-ios-sdk" */;
			productName = FirebaseFirestore;
		};
		E193F3FD26A110F60050BA0E /* FirebaseFirestoreSwift-Beta */ = {
			isa = XCSwiftPackageProductDependency;
			package = E193F3F426A110F60050BA0E /* XCRemoteSwiftPackageReference "firebase-ios-sdk" */;
			productName = "FirebaseFirestoreSwift-Beta";
		};
		E193F3FF26A110F60050BA0E /* FirebaseMessaging */ = {
			isa = XCSwiftPackageProductDependency;
			package = E193F3F426A110F60050BA0E /* XCRemoteSwiftPackageReference "firebase-ios-sdk" */;
			productName = FirebaseMessaging;
		};
		E193F40126A110F60050BA0E /* FirebaseStorage */ = {
			isa = XCSwiftPackageProductDependency;
			package = E193F3F426A110F60050BA0E /* XCRemoteSwiftPackageReference "firebase-ios-sdk" */;
			productName = FirebaseStorage;
		};
		E193F40326A110F60050BA0E /* FirebaseStorageSwift-Beta */ = {
			isa = XCSwiftPackageProductDependency;
			package = E193F3F426A110F60050BA0E /* XCRemoteSwiftPackageReference "firebase-ios-sdk" */;
			productName = "FirebaseStorageSwift-Beta";
		};
/* End XCSwiftPackageProductDependency section */
	};
	rootObject = E339448A24F1B71600F11BA9 /* Project object */;
}
