// !$*UTF8*$!
{
	archiveVersion = 1;
	classes = {
	};
	objectVersion = 52;
	objects = {

/* Begin PBXBuildFile section */
		620590F124FDBB21001565BF /* Montserrat-Medium.ttf in Resources */ = {isa = PBXBuildFile; fileRef = 620590B924FDBB21001565BF /* Montserrat-Medium.ttf */; };
		620590F224FDBB21001565BF /* Montserrat-Light.ttf in Resources */ = {isa = PBXBuildFile; fileRef = 620590BA24FDBB21001565BF /* Montserrat-Light.ttf */; };
		620590F324FDBB21001565BF /* Montserrat-ExtraLight.ttf in Resources */ = {isa = PBXBuildFile; fileRef = 620590BB24FDBB21001565BF /* Montserrat-ExtraLight.ttf */; };
		620590F424FDBB21001565BF /* Montserrat-Thin.ttf in Resources */ = {isa = PBXBuildFile; fileRef = 620590BC24FDBB21001565BF /* Montserrat-Thin.ttf */; };
		620590F524FDBB21001565BF /* Montserrat-Bold.ttf in Resources */ = {isa = PBXBuildFile; fileRef = 620590BD24FDBB21001565BF /* Montserrat-Bold.ttf */; };
		620590F624FDBB21001565BF /* Montserrat-SemiBold.ttf in Resources */ = {isa = PBXBuildFile; fileRef = 620590BE24FDBB21001565BF /* Montserrat-SemiBold.ttf */; };
		620590F724FDBB21001565BF /* Montserrat-ExtraBold.ttf in Resources */ = {isa = PBXBuildFile; fileRef = 620590BF24FDBB21001565BF /* Montserrat-ExtraBold.ttf */; };
		620590F824FDBB21001565BF /* Montserrat-Black.ttf in Resources */ = {isa = PBXBuildFile; fileRef = 620590C024FDBB21001565BF /* Montserrat-Black.ttf */; };
		620590F924FDBB21001565BF /* Montserrat-Regular.ttf in Resources */ = {isa = PBXBuildFile; fileRef = 620590C124FDBB21001565BF /* Montserrat-Regular.ttf */; };
		620590FA24FDBB21001565BF /* Assets.xcassets in Resources */ = {isa = PBXBuildFile; fileRef = 620590C224FDBB21001565BF /* Assets.xcassets */; };
		620590FC24FDBB21001565BF /* Preview Assets.xcassets in Resources */ = {isa = PBXBuildFile; fileRef = 620590C524FDBB21001565BF /* Preview Assets.xcassets */; };
		620590FD24FDBB21001565BF /* LaunchScreen.storyboard in Resources */ = {isa = PBXBuildFile; fileRef = 620590C624FDBB21001565BF /* LaunchScreen.storyboard */; };
		620590FE24FDBB21001565BF /* Extensions.swift in Sources */ = {isa = PBXBuildFile; fileRef = 620590C924FDBB21001565BF /* Extensions.swift */; };
		620590FF24FDBB21001565BF /* PushNotificationManager.swift in Sources */ = {isa = PBXBuildFile; fileRef = 620590CB24FDBB21001565BF /* PushNotificationManager.swift */; };
		6205910024FDBB21001565BF /* PushNotificationSender.swift in Sources */ = {isa = PBXBuildFile; fileRef = 620590CC24FDBB21001565BF /* PushNotificationSender.swift */; };
		6205910124FDBB21001565BF /* FirebaseManager.swift in Sources */ = {isa = PBXBuildFile; fileRef = 620590CD24FDBB21001565BF /* FirebaseManager.swift */; };
		6205910224FDBB21001565BF /* AppDelegate.swift in Sources */ = {isa = PBXBuildFile; fileRef = 620590CE24FDBB21001565BF /* AppDelegate.swift */; };
		6205910324FDBB21001565BF /* Categories.swift in Sources */ = {isa = PBXBuildFile; fileRef = 620590D024FDBB21001565BF /* Categories.swift */; };
		6205910424FDBB21001565BF /* User.swift in Sources */ = {isa = PBXBuildFile; fileRef = 620590D124FDBB21001565BF /* User.swift */; };
		6205910524FDBB21001565BF /* UserData.swift in Sources */ = {isa = PBXBuildFile; fileRef = 620590D224FDBB21001565BF /* UserData.swift */; };
		6205910724FDBB21001565BF /* ViewRouter.swift in Sources */ = {isa = PBXBuildFile; fileRef = 620590D424FDBB21001565BF /* ViewRouter.swift */; };
		6205910824FDBB21001565BF /* ChatData.swift in Sources */ = {isa = PBXBuildFile; fileRef = 620590D524FDBB21001565BF /* ChatData.swift */; };
		6205910924FDBB21001565BF /* TimerView.swift in Sources */ = {isa = PBXBuildFile; fileRef = 620590D824FDBB21001565BF /* TimerView.swift */; };
		6205910A24FDBB21001565BF /* SettingView.swift in Sources */ = {isa = PBXBuildFile; fileRef = 620590DA24FDBB21001565BF /* SettingView.swift */; };
		6205910B24FDBB21001565BF /* CTA.swift in Sources */ = {isa = PBXBuildFile; fileRef = 620590DC24FDBB21001565BF /* CTA.swift */; };
		6205910C24FDBB21001565BF /* Home.swift in Sources */ = {isa = PBXBuildFile; fileRef = 620590DD24FDBB21001565BF /* Home.swift */; };
		6205910D24FDBB21001565BF /* Header.swift in Sources */ = {isa = PBXBuildFile; fileRef = 620590DE24FDBB21001565BF /* Header.swift */; };
		6205910E24FDBB21001565BF /* ChatCell.swift in Sources */ = {isa = PBXBuildFile; fileRef = 620590E024FDBB21001565BF /* ChatCell.swift */; };
		6205910F24FDBB21001565BF /* AddChat.swift in Sources */ = {isa = PBXBuildFile; fileRef = 620590E124FDBB21001565BF /* AddChat.swift */; };
		6205911024FDBB21001565BF /* ChatView.swift in Sources */ = {isa = PBXBuildFile; fileRef = 620590E224FDBB21001565BF /* ChatView.swift */; };
		6205911324FDBB21001565BF /* LeaderboardView.swift in Sources */ = {isa = PBXBuildFile; fileRef = 620590E624FDBB21001565BF /* LeaderboardView.swift */; };
		6205911424FDBB21001565BF /* LeaderboardTabBar.swift in Sources */ = {isa = PBXBuildFile; fileRef = 620590E724FDBB21001565BF /* LeaderboardTabBar.swift */; };
		6205911524FDBB21001565BF /* TabBar.swift in Sources */ = {isa = PBXBuildFile; fileRef = 620590E924FDBB21001565BF /* TabBar.swift */; };
		6205911624FDBB21001565BF /* TimerButtonStyles.swift in Sources */ = {isa = PBXBuildFile; fileRef = 620590EA24FDBB21001565BF /* TimerButtonStyles.swift */; };
		6205911724FDBB21001565BF /* ContentView.swift in Sources */ = {isa = PBXBuildFile; fileRef = 620590EB24FDBB21001565BF /* ContentView.swift */; };
		6205911824FDBB21001565BF /* RegistrationView.swift in Sources */ = {isa = PBXBuildFile; fileRef = 620590ED24FDBB21001565BF /* RegistrationView.swift */; };
		6205911924FDBB21001565BF /* LoginView.swift in Sources */ = {isa = PBXBuildFile; fileRef = 620590EE24FDBB21001565BF /* LoginView.swift */; };
		6205911B24FDBB21001565BF /* SceneDelegate.swift in Sources */ = {isa = PBXBuildFile; fileRef = 620590F024FDBB21001565BF /* SceneDelegate.swift */; };
		6205911D24FDBD1D001565BF /* ErrorModel.swift in Sources */ = {isa = PBXBuildFile; fileRef = 6205911C24FDBD1D001565BF /* ErrorModel.swift */; };
		622430A125747BDE0031CF78 /* RecentChatGroupSubview.swift in Sources */ = {isa = PBXBuildFile; fileRef = 622430A025747BDE0031CF78 /* RecentChatGroupSubview.swift */; };
		624FAEF6256EF08D000E0203 /* InputFieldSubview.swift in Sources */ = {isa = PBXBuildFile; fileRef = 624FAEF5256EF08D000E0203 /* InputFieldSubview.swift */; };
		624FAEF9256EF137000E0203 /* ButtonsSubview.swift in Sources */ = {isa = PBXBuildFile; fileRef = 624FAEF8256EF137000E0203 /* ButtonsSubview.swift */; };
		624FAEFC256EF2EA000E0203 /* VectorImageRepresentable.swift in Sources */ = {isa = PBXBuildFile; fileRef = 624FAEFB256EF2EA000E0203 /* VectorImageRepresentable.swift */; };
		624FAEFF256EF32D000E0203 /* FloatingBlobSubview.swift in Sources */ = {isa = PBXBuildFile; fileRef = 624FAEFE256EF32D000E0203 /* FloatingBlobSubview.swift */; };
		624FAF02256EF540000E0203 /* TitleSubview.swift in Sources */ = {isa = PBXBuildFile; fileRef = 624FAF01256EF540000E0203 /* TitleSubview.swift */; };
		624FAF06256EF8BE000E0203 /* LoginButtonStyles.swift in Sources */ = {isa = PBXBuildFile; fileRef = 624FAF05256EF8BE000E0203 /* LoginButtonStyles.swift */; };
		624FAF2B256F0A00000E0203 /* RegistrationInputSubview.swift in Sources */ = {isa = PBXBuildFile; fileRef = 624FAF2A256F0A00000E0203 /* RegistrationInputSubview.swift */; };
		624FAFDE25720ACC000E0203 /* RecentGroupRowSubview.swift in Sources */ = {isa = PBXBuildFile; fileRef = 624FAFDD25720ACC000E0203 /* RecentGroupRowSubview.swift */; };
		626E7815258D3EEB008633AB /* ProfileRingView.swift in Sources */ = {isa = PBXBuildFile; fileRef = 626E7814258D3EEB008633AB /* ProfileRingView.swift */; };
		626E785C258D4371008633AB /* KingfisherSwiftUI in Frameworks */ = {isa = PBXBuildFile; productRef = 626E785B258D4371008633AB /* KingfisherSwiftUI */; };
		626E785E258D4371008633AB /* Kingfisher in Frameworks */ = {isa = PBXBuildFile; productRef = 626E785D258D4371008633AB /* Kingfisher */; };
		626E7863258D488B008633AB /* PageView in Frameworks */ = {isa = PBXBuildFile; productRef = 626E7862258D488B008633AB /* PageView */; };
		626EEC8C25897BC200E7A7A5 /* RecentChatTextRow.swift in Sources */ = {isa = PBXBuildFile; fileRef = 626EEC8B25897BC200E7A7A5 /* RecentChatTextRow.swift */; };
		626EEC8F25897BD200E7A7A5 /* AllGroupTextRow.swift in Sources */ = {isa = PBXBuildFile; fileRef = 626EEC8E25897BD200E7A7A5 /* AllGroupTextRow.swift */; };
		626EECB2258988D700E7A7A5 /* RecentsView2.swift in Sources */ = {isa = PBXBuildFile; fileRef = 626EECB1258988D700E7A7A5 /* RecentsView2.swift */; };
		628A12762518683B001C4B13 /* IntroView.swift in Sources */ = {isa = PBXBuildFile; fileRef = 628A12752518683B001C4B13 /* IntroView.swift */; };
		628A127D25186938001C4B13 /* IntroPage.swift in Sources */ = {isa = PBXBuildFile; fileRef = 628A127C25186938001C4B13 /* IntroPage.swift */; };
		628A128025186940001C4B13 /* IntroCustomize.swift in Sources */ = {isa = PBXBuildFile; fileRef = 628A127F25186940001C4B13 /* IntroCustomize.swift */; };
		62C3ED21250597A300CEA882 /* CreateGroupView.swift in Sources */ = {isa = PBXBuildFile; fileRef = 62C3ED20250597A300CEA882 /* CreateGroupView.swift */; };
		62E98613257D96C9003B5113 /* RecentPeopleRowSubview.swift in Sources */ = {isa = PBXBuildFile; fileRef = 62E98612257D96C9003B5113 /* RecentPeopleRowSubview.swift */; };
		62F24BE4251415DB00777610 /* Lottie.swift in Sources */ = {isa = PBXBuildFile; fileRef = 62F24BE3251415DB00777610 /* Lottie.swift */; };
		62F24C03251419F400777610 /* planeLoading.json in Resources */ = {isa = PBXBuildFile; fileRef = 62F24C02251419F400777610 /* planeLoading.json */; };
		62F24C0B25141AF400777610 /* LottieUIView.swift in Sources */ = {isa = PBXBuildFile; fileRef = 62F24C0A25141AF400777610 /* LottieUIView.swift */; };
		62F3D9B22557C156008B2356 /* ErrorMessage.swift in Sources */ = {isa = PBXBuildFile; fileRef = 62F3D9B12557C156008B2356 /* ErrorMessage.swift */; };
		BE167C452514333A00402C14 /* SettingsData.swift in Sources */ = {isa = PBXBuildFile; fileRef = BE167C442514333A00402C14 /* SettingsData.swift */; };
		BE3E16182517F96900E0A845 /* TimerManager.swift in Sources */ = {isa = PBXBuildFile; fileRef = BE3E16172517F96900E0A845 /* TimerManager.swift */; };
		E1112BEF2584B4CE00A7C2E2 /* 30111-confetti-animation.json in Sources */ = {isa = PBXBuildFile; fileRef = E1D04B4D2584B07000D74B14 /* 30111-confetti-animation.json */; };
		E124C1B924FED758008EBD84 /* GoogleService-Info.plist in Resources */ = {isa = PBXBuildFile; fileRef = 620590C324FDBB21001565BF /* GoogleService-Info.plist */; };
		E12E5F0A2584552B00FB216C /* SCNVector3+Extensions.swift in Sources */ = {isa = PBXBuildFile; fileRef = E12E5EF92584552B00FB216C /* SCNVector3+Extensions.swift */; };
		E12E5F0B2584552B00FB216C /* ARBroadcaster+AgoraRtcEngineDelegate.swift in Sources */ = {isa = PBXBuildFile; fileRef = E12E5EFA2584552B00FB216C /* ARBroadcaster+AgoraRtcEngineDelegate.swift */; };
		E12E5F0C2584552B00FB216C /* ARVideoSource.swift in Sources */ = {isa = PBXBuildFile; fileRef = E12E5EFB2584552B00FB216C /* ARVideoSource.swift */; };
		E12E5F0D2584552B00FB216C /* ARAudience+AgoraRtcEngineDelegate.swift in Sources */ = {isa = PBXBuildFile; fileRef = E12E5EFC2584552B00FB216C /* ARAudience+AgoraRtcEngineDelegate.swift */; };
		E12E5F0E2584552B00FB216C /* AgoraLobbyVC.swift in Sources */ = {isa = PBXBuildFile; fileRef = E12E5EFD2584552B00FB216C /* AgoraLobbyVC.swift */; };
		E12E5F0F2584552B00FB216C /* AgoraLobbyVC+UITextFieldDelegate.swift in Sources */ = {isa = PBXBuildFile; fileRef = E12E5EFE2584552B00FB216C /* AgoraLobbyVC+UITextFieldDelegate.swift */; };
		E12E5F102584552B00FB216C /* Logger.swift in Sources */ = {isa = PBXBuildFile; fileRef = E12E5EFF2584552B00FB216C /* Logger.swift */; };
		E12E5F112584552B00FB216C /* ARBroadcaster.swift in Sources */ = {isa = PBXBuildFile; fileRef = E12E5F002584552B00FB216C /* ARBroadcaster.swift */; };
		E12E5F122584552B00FB216C /* ARBroadcaster+ARSCNViewDelegate.swift in Sources */ = {isa = PBXBuildFile; fileRef = E12E5F012584552B00FB216C /* ARBroadcaster+ARSCNViewDelegate.swift */; };
		E12E5F132584552B00FB216C /* AgoraARKit.swift in Sources */ = {isa = PBXBuildFile; fileRef = E12E5F022584552B00FB216C /* AgoraARKit.swift */; };
		E12E5F142584552B00FB216C /* ARAudience.swift in Sources */ = {isa = PBXBuildFile; fileRef = E12E5F032584552B00FB216C /* ARAudience.swift */; };
		E12E5F152584552B00FB216C /* UIManager.swift in Sources */ = {isa = PBXBuildFile; fileRef = E12E5F042584552B00FB216C /* UIManager.swift */; };
		E12E5F172584552B00FB216C /* ARBroadcaster+RenderARDelegate.swift in Sources */ = {isa = PBXBuildFile; fileRef = E12E5F072584552B00FB216C /* ARBroadcaster+RenderARDelegate.swift */; };
		E12E5F182584552B00FB216C /* ARBroadcaster+ARSessionDelegate.swift in Sources */ = {isa = PBXBuildFile; fileRef = E12E5F082584552B00FB216C /* ARBroadcaster+ARSessionDelegate.swift */; };
		E12E5F192584552B00FB216C /* Broadcaster.swift in Sources */ = {isa = PBXBuildFile; fileRef = E12E5F092584552B00FB216C /* Broadcaster.swift */; };
		E12E5F1C2584555300FB216C /* ARChatView.swift in Sources */ = {isa = PBXBuildFile; fileRef = E12E5F1B2584555300FB216C /* ARChatView.swift */; };
		E12E5F1F2584555F00FB216C /* ARChat.swift in Sources */ = {isa = PBXBuildFile; fileRef = E12E5F1E2584555F00FB216C /* ARChat.swift */; };
		E12E5FBB2584795B00FB216C /* TimerQueue.swift in Sources */ = {isa = PBXBuildFile; fileRef = E12E5FBA2584795B00FB216C /* TimerQueue.swift */; };
		E12E5FBE25847DBF00FB216C /* FindingText.swift in Sources */ = {isa = PBXBuildFile; fileRef = E12E5FBD25847DBE00FB216C /* FindingText.swift */; };
		E12E5FC125847EA300FB216C /* OpponetAnimation.swift in Sources */ = {isa = PBXBuildFile; fileRef = E12E5FC025847EA300FB216C /* OpponetAnimation.swift */; };
		E12E5FC425848C0A00FB216C /* CompeteView.swift in Sources */ = {isa = PBXBuildFile; fileRef = E12E5FC325848C0A00FB216C /* CompeteView.swift */; };
		E12E5FC92584924900FB216C /* test.MP4 in Resources */ = {isa = PBXBuildFile; fileRef = E12E5FC82584924900FB216C /* test.MP4 */; };
		E12E5FCC258492E200FB216C /* VideoPlayer.swift in Sources */ = {isa = PBXBuildFile; fileRef = E12E5FCB258492E200FB216C /* VideoPlayer.swift */; };
		E155D69B251AA665008281AE /* ProfileStats.swift in Sources */ = {isa = PBXBuildFile; fileRef = E155D69A251AA665008281AE /* ProfileStats.swift */; };
		E155D69E251AA66F008281AE /* ProfileView.swift in Sources */ = {isa = PBXBuildFile; fileRef = E155D69D251AA66F008281AE /* ProfileView.swift */; };
		E155D6A3251AACA9008281AE /* ImagePicker.swift in Sources */ = {isa = PBXBuildFile; fileRef = E155D6A2251AACA9008281AE /* ImagePicker.swift */; };
		E15A20AF253FA796006E042E /* Homev2.swift in Sources */ = {isa = PBXBuildFile; fileRef = E15A20AE253FA796006E042E /* Homev2.swift */; };
		E15A20B2253FA7A6006E042E /* ProfilePic.swift in Sources */ = {isa = PBXBuildFile; fileRef = E15A20B1253FA7A6006E042E /* ProfilePic.swift */; };
		E15A20B9253FAC28006E042E /* Test.swift in Sources */ = {isa = PBXBuildFile; fileRef = E15A20B8253FAC28006E042E /* Test.swift */; };
		E170EF562540BF9000BEE97C /* GroupsView.swift in Sources */ = {isa = PBXBuildFile; fileRef = E170EF552540BF9000BEE97C /* GroupsView.swift */; };
		E17401F9258C357200A259CC /* SwiftUICharts in Frameworks */ = {isa = PBXBuildFile; productRef = E17401F8258C357200A259CC /* SwiftUICharts */; };
		E1BCD3E1251E46540051A28C /* EditProfile.swift in Sources */ = {isa = PBXBuildFile; fileRef = E1BCD3E0251E46540051A28C /* EditProfile.swift */; };
		E1BCD401251E7CF50051A28C /* LeaderboardSubViews.swift in Sources */ = {isa = PBXBuildFile; fileRef = E1BCD400251E7CF50051A28C /* LeaderboardSubViews.swift */; };
		E1BCD406251E8A080051A28C /* PairingView.swift in Sources */ = {isa = PBXBuildFile; fileRef = E1BCD405251E8A080051A28C /* PairingView.swift */; };
		E1C91E142503B86300001424 /* Blur.swift in Sources */ = {isa = PBXBuildFile; fileRef = E1C91E132503B86300001424 /* Blur.swift */; };
		E1D04B4B2584B03800D74B14 /* VictoryView.swift in Sources */ = {isa = PBXBuildFile; fileRef = E1D04B4A2584B03800D74B14 /* VictoryView.swift */; };
		E1D04B4E2584B07000D74B14 /* 30111-confetti-animation.json in Resources */ = {isa = PBXBuildFile; fileRef = E1D04B4D2584B07000D74B14 /* 30111-confetti-animation.json */; };
		E1F2F8B9257009A800D8B87E /* Alamofire in Frameworks */ = {isa = PBXBuildFile; productRef = E1F2F8B8257009A800D8B87E /* Alamofire */; };
		E1FD834D24F54E670024D2A3 /* IQKeyboardManagerSwift in Frameworks */ = {isa = PBXBuildFile; productRef = E1FD834C24F54E670024D2A3 /* IQKeyboardManagerSwift */; };
		E3CA983225167D4800602EB6 /* NotificationsView.swift in Sources */ = {isa = PBXBuildFile; fileRef = E3CA983125167D4800602EB6 /* NotificationsView.swift */; };
		E3CA983825180CAD00602EB6 /* PersonalInfoView.swift in Sources */ = {isa = PBXBuildFile; fileRef = E3CA983725180CAD00602EB6 /* PersonalInfoView.swift */; };
		FB33AEA3FD2D5803BE4DAF75 /* Pods_StudyHub.framework in Frameworks */ = {isa = PBXBuildFile; fileRef = 47F4119D880B6AFBE91DBA85 /* Pods_StudyHub.framework */; };
/* End PBXBuildFile section */

/* Begin PBXFileReference section */
		47F4119D880B6AFBE91DBA85 /* Pods_StudyHub.framework */ = {isa = PBXFileReference; explicitFileType = wrapper.framework; includeInIndex = 0; path = Pods_StudyHub.framework; sourceTree = BUILT_PRODUCTS_DIR; };
		620590B924FDBB21001565BF /* Montserrat-Medium.ttf */ = {isa = PBXFileReference; lastKnownFileType = file; path = "Montserrat-Medium.ttf"; sourceTree = "<group>"; };
		620590BA24FDBB21001565BF /* Montserrat-Light.ttf */ = {isa = PBXFileReference; lastKnownFileType = file; path = "Montserrat-Light.ttf"; sourceTree = "<group>"; };
		620590BB24FDBB21001565BF /* Montserrat-ExtraLight.ttf */ = {isa = PBXFileReference; lastKnownFileType = file; path = "Montserrat-ExtraLight.ttf"; sourceTree = "<group>"; };
		620590BC24FDBB21001565BF /* Montserrat-Thin.ttf */ = {isa = PBXFileReference; lastKnownFileType = file; path = "Montserrat-Thin.ttf"; sourceTree = "<group>"; };
		620590BD24FDBB21001565BF /* Montserrat-Bold.ttf */ = {isa = PBXFileReference; lastKnownFileType = file; path = "Montserrat-Bold.ttf"; sourceTree = "<group>"; };
		620590BE24FDBB21001565BF /* Montserrat-SemiBold.ttf */ = {isa = PBXFileReference; lastKnownFileType = file; path = "Montserrat-SemiBold.ttf"; sourceTree = "<group>"; };
		620590BF24FDBB21001565BF /* Montserrat-ExtraBold.ttf */ = {isa = PBXFileReference; lastKnownFileType = file; path = "Montserrat-ExtraBold.ttf"; sourceTree = "<group>"; };
		620590C024FDBB21001565BF /* Montserrat-Black.ttf */ = {isa = PBXFileReference; lastKnownFileType = file; path = "Montserrat-Black.ttf"; sourceTree = "<group>"; };
		620590C124FDBB21001565BF /* Montserrat-Regular.ttf */ = {isa = PBXFileReference; lastKnownFileType = file; path = "Montserrat-Regular.ttf"; sourceTree = "<group>"; };
		620590C224FDBB21001565BF /* Assets.xcassets */ = {isa = PBXFileReference; lastKnownFileType = folder.assetcatalog; path = Assets.xcassets; sourceTree = "<group>"; };
		620590C324FDBB21001565BF /* GoogleService-Info.plist */ = {isa = PBXFileReference; fileEncoding = 4; lastKnownFileType = text.plist.xml; path = "GoogleService-Info.plist"; sourceTree = "<group>"; };
		620590C524FDBB21001565BF /* Preview Assets.xcassets */ = {isa = PBXFileReference; lastKnownFileType = folder.assetcatalog; path = "Preview Assets.xcassets"; sourceTree = "<group>"; };
		620590C724FDBB21001565BF /* Base */ = {isa = PBXFileReference; lastKnownFileType = file.storyboard; name = Base; path = Base.lproj/LaunchScreen.storyboard; sourceTree = "<group>"; };
		620590C924FDBB21001565BF /* Extensions.swift */ = {isa = PBXFileReference; fileEncoding = 4; lastKnownFileType = sourcecode.swift; path = Extensions.swift; sourceTree = "<group>"; };
		620590CB24FDBB21001565BF /* PushNotificationManager.swift */ = {isa = PBXFileReference; fileEncoding = 4; lastKnownFileType = sourcecode.swift; path = PushNotificationManager.swift; sourceTree = "<group>"; };
		620590CC24FDBB21001565BF /* PushNotificationSender.swift */ = {isa = PBXFileReference; fileEncoding = 4; lastKnownFileType = sourcecode.swift; path = PushNotificationSender.swift; sourceTree = "<group>"; };
		620590CD24FDBB21001565BF /* FirebaseManager.swift */ = {isa = PBXFileReference; fileEncoding = 4; lastKnownFileType = sourcecode.swift; path = FirebaseManager.swift; sourceTree = "<group>"; };
		620590CE24FDBB21001565BF /* AppDelegate.swift */ = {isa = PBXFileReference; fileEncoding = 4; lastKnownFileType = sourcecode.swift; path = AppDelegate.swift; sourceTree = "<group>"; };
		620590D024FDBB21001565BF /* Categories.swift */ = {isa = PBXFileReference; fileEncoding = 4; lastKnownFileType = sourcecode.swift; path = Categories.swift; sourceTree = "<group>"; };
		620590D124FDBB21001565BF /* User.swift */ = {isa = PBXFileReference; fileEncoding = 4; lastKnownFileType = sourcecode.swift; path = User.swift; sourceTree = "<group>"; };
		620590D224FDBB21001565BF /* UserData.swift */ = {isa = PBXFileReference; fileEncoding = 4; lastKnownFileType = sourcecode.swift; path = UserData.swift; sourceTree = "<group>"; };
		620590D424FDBB21001565BF /* ViewRouter.swift */ = {isa = PBXFileReference; fileEncoding = 4; lastKnownFileType = sourcecode.swift; path = ViewRouter.swift; sourceTree = "<group>"; };
		620590D524FDBB21001565BF /* ChatData.swift */ = {isa = PBXFileReference; fileEncoding = 4; lastKnownFileType = sourcecode.swift; path = ChatData.swift; sourceTree = "<group>"; };
		620590D824FDBB21001565BF /* TimerView.swift */ = {isa = PBXFileReference; fileEncoding = 4; lastKnownFileType = sourcecode.swift; path = TimerView.swift; sourceTree = "<group>"; };
		620590DA24FDBB21001565BF /* SettingView.swift */ = {isa = PBXFileReference; fileEncoding = 4; lastKnownFileType = sourcecode.swift; path = SettingView.swift; sourceTree = "<group>"; };
		620590DC24FDBB21001565BF /* CTA.swift */ = {isa = PBXFileReference; fileEncoding = 4; lastKnownFileType = sourcecode.swift; path = CTA.swift; sourceTree = "<group>"; };
		620590DD24FDBB21001565BF /* Home.swift */ = {isa = PBXFileReference; fileEncoding = 4; lastKnownFileType = sourcecode.swift; path = Home.swift; sourceTree = "<group>"; };
		620590DE24FDBB21001565BF /* Header.swift */ = {isa = PBXFileReference; fileEncoding = 4; lastKnownFileType = sourcecode.swift; path = Header.swift; sourceTree = "<group>"; };
		620590E024FDBB21001565BF /* ChatCell.swift */ = {isa = PBXFileReference; fileEncoding = 4; lastKnownFileType = sourcecode.swift; path = ChatCell.swift; sourceTree = "<group>"; };
		620590E124FDBB21001565BF /* AddChat.swift */ = {isa = PBXFileReference; fileEncoding = 4; lastKnownFileType = sourcecode.swift; path = AddChat.swift; sourceTree = "<group>"; };
		620590E224FDBB21001565BF /* ChatView.swift */ = {isa = PBXFileReference; fileEncoding = 4; lastKnownFileType = sourcecode.swift; path = ChatView.swift; sourceTree = "<group>"; };
		620590E624FDBB21001565BF /* LeaderboardView.swift */ = {isa = PBXFileReference; fileEncoding = 4; lastKnownFileType = sourcecode.swift; path = LeaderboardView.swift; sourceTree = "<group>"; };
		620590E724FDBB21001565BF /* LeaderboardTabBar.swift */ = {isa = PBXFileReference; fileEncoding = 4; lastKnownFileType = sourcecode.swift; path = LeaderboardTabBar.swift; sourceTree = "<group>"; };
		620590E924FDBB21001565BF /* TabBar.swift */ = {isa = PBXFileReference; fileEncoding = 4; lastKnownFileType = sourcecode.swift; path = TabBar.swift; sourceTree = "<group>"; };
		620590EA24FDBB21001565BF /* TimerButtonStyles.swift */ = {isa = PBXFileReference; fileEncoding = 4; lastKnownFileType = sourcecode.swift; path = TimerButtonStyles.swift; sourceTree = "<group>"; };
		620590EB24FDBB21001565BF /* ContentView.swift */ = {isa = PBXFileReference; fileEncoding = 4; lastKnownFileType = sourcecode.swift; path = ContentView.swift; sourceTree = "<group>"; };
		620590ED24FDBB21001565BF /* RegistrationView.swift */ = {isa = PBXFileReference; fileEncoding = 4; lastKnownFileType = sourcecode.swift; path = RegistrationView.swift; sourceTree = "<group>"; };
		620590EE24FDBB21001565BF /* LoginView.swift */ = {isa = PBXFileReference; fileEncoding = 4; lastKnownFileType = sourcecode.swift; path = LoginView.swift; sourceTree = "<group>"; };
		620590EF24FDBB21001565BF /* Info.plist */ = {isa = PBXFileReference; fileEncoding = 4; lastKnownFileType = text.plist.xml; path = Info.plist; sourceTree = "<group>"; };
		620590F024FDBB21001565BF /* SceneDelegate.swift */ = {isa = PBXFileReference; fileEncoding = 4; lastKnownFileType = sourcecode.swift; path = SceneDelegate.swift; sourceTree = "<group>"; };
		6205911C24FDBD1D001565BF /* ErrorModel.swift */ = {isa = PBXFileReference; lastKnownFileType = sourcecode.swift; path = ErrorModel.swift; sourceTree = "<group>"; };
		622430A025747BDE0031CF78 /* RecentChatGroupSubview.swift */ = {isa = PBXFileReference; lastKnownFileType = sourcecode.swift; path = RecentChatGroupSubview.swift; sourceTree = "<group>"; };
		624FAEF5256EF08D000E0203 /* InputFieldSubview.swift */ = {isa = PBXFileReference; lastKnownFileType = sourcecode.swift; path = InputFieldSubview.swift; sourceTree = "<group>"; };
		624FAEF8256EF137000E0203 /* ButtonsSubview.swift */ = {isa = PBXFileReference; lastKnownFileType = sourcecode.swift; path = ButtonsSubview.swift; sourceTree = "<group>"; };
		624FAEFB256EF2EA000E0203 /* VectorImageRepresentable.swift */ = {isa = PBXFileReference; lastKnownFileType = sourcecode.swift; path = VectorImageRepresentable.swift; sourceTree = "<group>"; };
		624FAEFE256EF32D000E0203 /* FloatingBlobSubview.swift */ = {isa = PBXFileReference; lastKnownFileType = sourcecode.swift; path = FloatingBlobSubview.swift; sourceTree = "<group>"; };
		624FAF01256EF540000E0203 /* TitleSubview.swift */ = {isa = PBXFileReference; lastKnownFileType = sourcecode.swift; path = TitleSubview.swift; sourceTree = "<group>"; };
		624FAF05256EF8BE000E0203 /* LoginButtonStyles.swift */ = {isa = PBXFileReference; lastKnownFileType = sourcecode.swift; path = LoginButtonStyles.swift; sourceTree = "<group>"; };
		624FAF2A256F0A00000E0203 /* RegistrationInputSubview.swift */ = {isa = PBXFileReference; lastKnownFileType = sourcecode.swift; path = RegistrationInputSubview.swift; sourceTree = "<group>"; };
		624FAFDD25720ACC000E0203 /* RecentGroupRowSubview.swift */ = {isa = PBXFileReference; lastKnownFileType = sourcecode.swift; path = RecentGroupRowSubview.swift; sourceTree = "<group>"; };
		626E7814258D3EEB008633AB /* ProfileRingView.swift */ = {isa = PBXFileReference; fileEncoding = 4; lastKnownFileType = sourcecode.swift; path = ProfileRingView.swift; sourceTree = "<group>"; };
		626EEC8B25897BC200E7A7A5 /* RecentChatTextRow.swift */ = {isa = PBXFileReference; lastKnownFileType = sourcecode.swift; path = RecentChatTextRow.swift; sourceTree = "<group>"; };
		626EEC8E25897BD200E7A7A5 /* AllGroupTextRow.swift */ = {isa = PBXFileReference; lastKnownFileType = sourcecode.swift; path = AllGroupTextRow.swift; sourceTree = "<group>"; };
		626EECB1258988D700E7A7A5 /* RecentsView2.swift */ = {isa = PBXFileReference; fileEncoding = 4; lastKnownFileType = sourcecode.swift; path = RecentsView2.swift; sourceTree = "<group>"; };
		628A12752518683B001C4B13 /* IntroView.swift */ = {isa = PBXFileReference; lastKnownFileType = sourcecode.swift; path = IntroView.swift; sourceTree = "<group>"; };
		628A127C25186938001C4B13 /* IntroPage.swift */ = {isa = PBXFileReference; lastKnownFileType = sourcecode.swift; path = IntroPage.swift; sourceTree = "<group>"; };
		628A127F25186940001C4B13 /* IntroCustomize.swift */ = {isa = PBXFileReference; lastKnownFileType = sourcecode.swift; path = IntroCustomize.swift; sourceTree = "<group>"; };
		62C3ED20250597A300CEA882 /* CreateGroupView.swift */ = {isa = PBXFileReference; lastKnownFileType = sourcecode.swift; path = CreateGroupView.swift; sourceTree = "<group>"; };
		62E98612257D96C9003B5113 /* RecentPeopleRowSubview.swift */ = {isa = PBXFileReference; lastKnownFileType = sourcecode.swift; path = RecentPeopleRowSubview.swift; sourceTree = "<group>"; };
		62F24BE3251415DB00777610 /* Lottie.swift */ = {isa = PBXFileReference; lastKnownFileType = sourcecode.swift; path = Lottie.swift; sourceTree = "<group>"; };
		62F24C02251419F400777610 /* planeLoading.json */ = {isa = PBXFileReference; fileEncoding = 4; lastKnownFileType = text.json; path = planeLoading.json; sourceTree = "<group>"; };
		62F24C0A25141AF400777610 /* LottieUIView.swift */ = {isa = PBXFileReference; lastKnownFileType = sourcecode.swift; path = LottieUIView.swift; sourceTree = "<group>"; };
		62F3D9B12557C156008B2356 /* ErrorMessage.swift */ = {isa = PBXFileReference; lastKnownFileType = sourcecode.swift; path = ErrorMessage.swift; sourceTree = "<group>"; };
		BE167C442514333A00402C14 /* SettingsData.swift */ = {isa = PBXFileReference; fileEncoding = 4; lastKnownFileType = sourcecode.swift; path = SettingsData.swift; sourceTree = "<group>"; };
		BE3E16172517F96900E0A845 /* TimerManager.swift */ = {isa = PBXFileReference; fileEncoding = 4; lastKnownFileType = sourcecode.swift; path = TimerManager.swift; sourceTree = "<group>"; };
		C7A62219EB10FE2A621A6C84 /* Pods-StudyHub.debug.xcconfig */ = {isa = PBXFileReference; includeInIndex = 1; lastKnownFileType = text.xcconfig; name = "Pods-StudyHub.debug.xcconfig"; path = "Target Support Files/Pods-StudyHub/Pods-StudyHub.debug.xcconfig"; sourceTree = "<group>"; };
		E12E5EF92584552B00FB216C /* SCNVector3+Extensions.swift */ = {isa = PBXFileReference; fileEncoding = 4; lastKnownFileType = sourcecode.swift; path = "SCNVector3+Extensions.swift"; sourceTree = "<group>"; };
		E12E5EFA2584552B00FB216C /* ARBroadcaster+AgoraRtcEngineDelegate.swift */ = {isa = PBXFileReference; fileEncoding = 4; lastKnownFileType = sourcecode.swift; path = "ARBroadcaster+AgoraRtcEngineDelegate.swift"; sourceTree = "<group>"; };
		E12E5EFB2584552B00FB216C /* ARVideoSource.swift */ = {isa = PBXFileReference; fileEncoding = 4; lastKnownFileType = sourcecode.swift; path = ARVideoSource.swift; sourceTree = "<group>"; };
		E12E5EFC2584552B00FB216C /* ARAudience+AgoraRtcEngineDelegate.swift */ = {isa = PBXFileReference; fileEncoding = 4; lastKnownFileType = sourcecode.swift; path = "ARAudience+AgoraRtcEngineDelegate.swift"; sourceTree = "<group>"; };
		E12E5EFD2584552B00FB216C /* AgoraLobbyVC.swift */ = {isa = PBXFileReference; fileEncoding = 4; lastKnownFileType = sourcecode.swift; path = AgoraLobbyVC.swift; sourceTree = "<group>"; };
		E12E5EFE2584552B00FB216C /* AgoraLobbyVC+UITextFieldDelegate.swift */ = {isa = PBXFileReference; fileEncoding = 4; lastKnownFileType = sourcecode.swift; path = "AgoraLobbyVC+UITextFieldDelegate.swift"; sourceTree = "<group>"; };
		E12E5EFF2584552B00FB216C /* Logger.swift */ = {isa = PBXFileReference; fileEncoding = 4; lastKnownFileType = sourcecode.swift; path = Logger.swift; sourceTree = "<group>"; };
		E12E5F002584552B00FB216C /* ARBroadcaster.swift */ = {isa = PBXFileReference; fileEncoding = 4; lastKnownFileType = sourcecode.swift; path = ARBroadcaster.swift; sourceTree = "<group>"; };
		E12E5F012584552B00FB216C /* ARBroadcaster+ARSCNViewDelegate.swift */ = {isa = PBXFileReference; fileEncoding = 4; lastKnownFileType = sourcecode.swift; path = "ARBroadcaster+ARSCNViewDelegate.swift"; sourceTree = "<group>"; };
		E12E5F022584552B00FB216C /* AgoraARKit.swift */ = {isa = PBXFileReference; fileEncoding = 4; lastKnownFileType = sourcecode.swift; path = AgoraARKit.swift; sourceTree = "<group>"; };
		E12E5F032584552B00FB216C /* ARAudience.swift */ = {isa = PBXFileReference; fileEncoding = 4; lastKnownFileType = sourcecode.swift; path = ARAudience.swift; sourceTree = "<group>"; };
		E12E5F042584552B00FB216C /* UIManager.swift */ = {isa = PBXFileReference; fileEncoding = 4; lastKnownFileType = sourcecode.swift; path = UIManager.swift; sourceTree = "<group>"; };
		E12E5F062584552B00FB216C /* AgoraARKit.h */ = {isa = PBXFileReference; fileEncoding = 4; lastKnownFileType = sourcecode.c.h; path = AgoraARKit.h; sourceTree = "<group>"; };
		E12E5F072584552B00FB216C /* ARBroadcaster+RenderARDelegate.swift */ = {isa = PBXFileReference; fileEncoding = 4; lastKnownFileType = sourcecode.swift; path = "ARBroadcaster+RenderARDelegate.swift"; sourceTree = "<group>"; };
		E12E5F082584552B00FB216C /* ARBroadcaster+ARSessionDelegate.swift */ = {isa = PBXFileReference; fileEncoding = 4; lastKnownFileType = sourcecode.swift; path = "ARBroadcaster+ARSessionDelegate.swift"; sourceTree = "<group>"; };
		E12E5F092584552B00FB216C /* Broadcaster.swift */ = {isa = PBXFileReference; fileEncoding = 4; lastKnownFileType = sourcecode.swift; path = Broadcaster.swift; sourceTree = "<group>"; };
		E12E5F1B2584555300FB216C /* ARChatView.swift */ = {isa = PBXFileReference; lastKnownFileType = sourcecode.swift; path = ARChatView.swift; sourceTree = "<group>"; };
		E12E5F1E2584555F00FB216C /* ARChat.swift */ = {isa = PBXFileReference; fileEncoding = 4; lastKnownFileType = sourcecode.swift; path = ARChat.swift; sourceTree = "<group>"; };
		E12E5FBA2584795B00FB216C /* TimerQueue.swift */ = {isa = PBXFileReference; lastKnownFileType = sourcecode.swift; path = TimerQueue.swift; sourceTree = "<group>"; };
		E12E5FBD25847DBE00FB216C /* FindingText.swift */ = {isa = PBXFileReference; lastKnownFileType = sourcecode.swift; path = FindingText.swift; sourceTree = "<group>"; };
		E12E5FC025847EA300FB216C /* OpponetAnimation.swift */ = {isa = PBXFileReference; lastKnownFileType = sourcecode.swift; path = OpponetAnimation.swift; sourceTree = "<group>"; };
		E12E5FC325848C0A00FB216C /* CompeteView.swift */ = {isa = PBXFileReference; lastKnownFileType = sourcecode.swift; path = CompeteView.swift; sourceTree = "<group>"; };
		E12E5FC82584924900FB216C /* test.MP4 */ = {isa = PBXFileReference; lastKnownFileType = file; path = test.MP4; sourceTree = "<group>"; };
		E12E5FCB258492E200FB216C /* VideoPlayer.swift */ = {isa = PBXFileReference; lastKnownFileType = sourcecode.swift; path = VideoPlayer.swift; sourceTree = "<group>"; };
		E13032A8258CCFD500135CAC /* ProfileRingView.swift */ = {isa = PBXFileReference; lastKnownFileType = sourcecode.swift; path = ProfileRingView.swift; sourceTree = "<group>"; };
		E155D69A251AA665008281AE /* ProfileStats.swift */ = {isa = PBXFileReference; lastKnownFileType = sourcecode.swift; path = ProfileStats.swift; sourceTree = "<group>"; };
		E155D69D251AA66F008281AE /* ProfileView.swift */ = {isa = PBXFileReference; lastKnownFileType = sourcecode.swift; path = ProfileView.swift; sourceTree = "<group>"; };
		E155D6A2251AACA9008281AE /* ImagePicker.swift */ = {isa = PBXFileReference; lastKnownFileType = sourcecode.swift; path = ImagePicker.swift; sourceTree = "<group>"; };
		E15A20AE253FA796006E042E /* Homev2.swift */ = {isa = PBXFileReference; lastKnownFileType = sourcecode.swift; path = Homev2.swift; sourceTree = "<group>"; };
		E15A20B1253FA7A6006E042E /* ProfilePic.swift */ = {isa = PBXFileReference; lastKnownFileType = sourcecode.swift; path = ProfilePic.swift; sourceTree = "<group>"; };
		E15A20B8253FAC28006E042E /* Test.swift */ = {isa = PBXFileReference; lastKnownFileType = sourcecode.swift; path = Test.swift; sourceTree = "<group>"; };
		E170EF552540BF9000BEE97C /* GroupsView.swift */ = {isa = PBXFileReference; fileEncoding = 4; lastKnownFileType = sourcecode.swift; path = GroupsView.swift; sourceTree = "<group>"; };
		E1B4B26E258F3B530079D000 /* StudyHub.entitlements */ = {isa = PBXFileReference; lastKnownFileType = text.plist.entitlements; path = StudyHub.entitlements; sourceTree = "<group>"; };
		E1BCD3E0251E46540051A28C /* EditProfile.swift */ = {isa = PBXFileReference; lastKnownFileType = sourcecode.swift; path = EditProfile.swift; sourceTree = "<group>"; };
		E1BCD400251E7CF50051A28C /* LeaderboardSubViews.swift */ = {isa = PBXFileReference; lastKnownFileType = sourcecode.swift; path = LeaderboardSubViews.swift; sourceTree = "<group>"; };
		E1BCD405251E8A080051A28C /* PairingView.swift */ = {isa = PBXFileReference; lastKnownFileType = sourcecode.swift; path = PairingView.swift; sourceTree = "<group>"; };
		E1C91E132503B86300001424 /* Blur.swift */ = {isa = PBXFileReference; fileEncoding = 4; lastKnownFileType = sourcecode.swift; path = Blur.swift; sourceTree = "<group>"; };
		E1D04B4A2584B03800D74B14 /* VictoryView.swift */ = {isa = PBXFileReference; lastKnownFileType = sourcecode.swift; path = VictoryView.swift; sourceTree = "<group>"; };
		E1D04B4D2584B07000D74B14 /* 30111-confetti-animation.json */ = {isa = PBXFileReference; fileEncoding = 4; lastKnownFileType = text.json; path = "30111-confetti-animation.json"; sourceTree = "<group>"; };
		E339449224F1B71600F11BA9 /* StudyHub.app */ = {isa = PBXFileReference; explicitFileType = wrapper.application; includeInIndex = 0; path = StudyHub.app; sourceTree = BUILT_PRODUCTS_DIR; };
		E3CA983125167D4800602EB6 /* NotificationsView.swift */ = {isa = PBXFileReference; lastKnownFileType = sourcecode.swift; path = NotificationsView.swift; sourceTree = "<group>"; };
		E3CA983725180CAD00602EB6 /* PersonalInfoView.swift */ = {isa = PBXFileReference; lastKnownFileType = sourcecode.swift; path = PersonalInfoView.swift; sourceTree = "<group>"; };
		EEC3B6AC4F1E11EB05097CA0 /* Pods-StudyHub.release.xcconfig */ = {isa = PBXFileReference; includeInIndex = 1; lastKnownFileType = text.xcconfig; name = "Pods-StudyHub.release.xcconfig"; path = "Target Support Files/Pods-StudyHub/Pods-StudyHub.release.xcconfig"; sourceTree = "<group>"; };
/* End PBXFileReference section */

/* Begin PBXFrameworksBuildPhase section */
		E339448F24F1B71600F11BA9 /* Frameworks */ = {
			isa = PBXFrameworksBuildPhase;
			buildActionMask = 2147483647;
			files = (
				626E785C258D4371008633AB /* KingfisherSwiftUI in Frameworks */,
				E1F2F8B9257009A800D8B87E /* Alamofire in Frameworks */,
				626E785E258D4371008633AB /* Kingfisher in Frameworks */,
				FB33AEA3FD2D5803BE4DAF75 /* Pods_StudyHub.framework in Frameworks */,
				E1FD834D24F54E670024D2A3 /* IQKeyboardManagerSwift in Frameworks */,
				E17401F9258C357200A259CC /* SwiftUICharts in Frameworks */,
				626E7863258D488B008633AB /* PageView in Frameworks */,
			);
			runOnlyForDeploymentPostprocessing = 0;
		};
/* End PBXFrameworksBuildPhase section */

/* Begin PBXGroup section */
		51283CD47EB283397FC5B9FD /* Frameworks */ = {
			isa = PBXGroup;
			children = (
				47F4119D880B6AFBE91DBA85 /* Pods_StudyHub.framework */,
			);
			name = Frameworks;
			sourceTree = "<group>";
		};
		620590B624FDBB21001565BF /* StudyHub */ = {
			isa = PBXGroup;
			children = (
				E1B4B26E258F3B530079D000 /* StudyHub.entitlements */,
				620590EF24FDBB21001565BF /* Info.plist */,
				620590C224FDBB21001565BF /* Assets.xcassets */,
				620590B724FDBB21001565BF /* Resources */,
				620590C424FDBB21001565BF /* Preview Content */,
				620590C824FDBB21001565BF /* Extensions */,
				620590CA24FDBB21001565BF /* Firebase */,
				620590CF24FDBB21001565BF /* Data */,
				620590D624FDBB21001565BF /* Views */,
				620590CE24FDBB21001565BF /* AppDelegate.swift */,
				620590F024FDBB21001565BF /* SceneDelegate.swift */,
				620590C624FDBB21001565BF /* LaunchScreen.storyboard */,
			);
			path = StudyHub;
			sourceTree = "<group>";
		};
		620590B724FDBB21001565BF /* Resources */ = {
			isa = PBXGroup;
			children = (
				62F24C01251419E900777610 /* Lottie */,
				620590C324FDBB21001565BF /* GoogleService-Info.plist */,
				620590B824FDBB21001565BF /* Fonts */,
			);
			path = Resources;
			sourceTree = "<group>";
		};
		620590B824FDBB21001565BF /* Fonts */ = {
			isa = PBXGroup;
			children = (
				620590B924FDBB21001565BF /* Montserrat-Medium.ttf */,
				620590BA24FDBB21001565BF /* Montserrat-Light.ttf */,
				620590BB24FDBB21001565BF /* Montserrat-ExtraLight.ttf */,
				620590BC24FDBB21001565BF /* Montserrat-Thin.ttf */,
				620590BD24FDBB21001565BF /* Montserrat-Bold.ttf */,
				620590BE24FDBB21001565BF /* Montserrat-SemiBold.ttf */,
				620590BF24FDBB21001565BF /* Montserrat-ExtraBold.ttf */,
				620590C024FDBB21001565BF /* Montserrat-Black.ttf */,
				620590C124FDBB21001565BF /* Montserrat-Regular.ttf */,
			);
			path = Fonts;
			sourceTree = "<group>";
		};
		620590C424FDBB21001565BF /* Preview Content */ = {
			isa = PBXGroup;
			children = (
				620590C524FDBB21001565BF /* Preview Assets.xcassets */,
			);
			path = "Preview Content";
			sourceTree = "<group>";
		};
		620590C824FDBB21001565BF /* Extensions */ = {
			isa = PBXGroup;
			children = (
				620590C924FDBB21001565BF /* Extensions.swift */,
			);
			path = Extensions;
			sourceTree = "<group>";
		};
		620590CA24FDBB21001565BF /* Firebase */ = {
			isa = PBXGroup;
			children = (
				620590CB24FDBB21001565BF /* PushNotificationManager.swift */,
				620590CC24FDBB21001565BF /* PushNotificationSender.swift */,
				620590CD24FDBB21001565BF /* FirebaseManager.swift */,
			);
			path = Firebase;
			sourceTree = "<group>";
		};
		620590CF24FDBB21001565BF /* Data */ = {
			isa = PBXGroup;
			children = (
				620590D024FDBB21001565BF /* Categories.swift */,
				620590D124FDBB21001565BF /* User.swift */,
				620590D224FDBB21001565BF /* UserData.swift */,
				620590D424FDBB21001565BF /* ViewRouter.swift */,
				BE167C442514333A00402C14 /* SettingsData.swift */,
				620590D524FDBB21001565BF /* ChatData.swift */,
				6205911C24FDBD1D001565BF /* ErrorModel.swift */,
			);
			path = Data;
			sourceTree = "<group>";
		};
		620590D624FDBB21001565BF /* Views */ = {
			isa = PBXGroup;
			children = (
				620590EB24FDBB21001565BF /* ContentView.swift */,
				E155D6A0251AA682008281AE /* Profile */,
				E1C91E152503B86800001424 /* Utility */,
				620590D724FDBB21001565BF /* Timer Screen */,
				620590D924FDBB21001565BF /* Settings */,
				620590DB24FDBB21001565BF /* Home */,
				620590DF24FDBB21001565BF /* Chat */,
				620590E524FDBB21001565BF /* Leaderboard */,
				620590E824FDBB21001565BF /* SubViews */,
				620590EC24FDBB21001565BF /* Onboarding */,
			);
			path = Views;
			sourceTree = "<group>";
		};
		620590D724FDBB21001565BF /* Timer Screen */ = {
			isa = PBXGroup;
			children = (
				E12E5FBA2584795B00FB216C /* TimerQueue.swift */,
				E12E5FC325848C0A00FB216C /* CompeteView.swift */,
				E1D04B4A2584B03800D74B14 /* VictoryView.swift */,
				E1D04B4D2584B07000D74B14 /* 30111-confetti-animation.json */,
				E12E5FC025847EA300FB216C /* OpponetAnimation.swift */,
				E12E5FCB258492E200FB216C /* VideoPlayer.swift */,
				E12E5FBD25847DBE00FB216C /* FindingText.swift */,
				620590D824FDBB21001565BF /* TimerView.swift */,
				BE3E16172517F96900E0A845 /* TimerManager.swift */,
				E12E5FC82584924900FB216C /* test.MP4 */,
			);
			path = "Timer Screen";
			sourceTree = "<group>";
		};
		620590D924FDBB21001565BF /* Settings */ = {
			isa = PBXGroup;
			children = (
				620590DA24FDBB21001565BF /* SettingView.swift */,
				E3CA982F25167CF400602EB6 /* Setting Subviews */,
			);
			path = Settings;
			sourceTree = "<group>";
		};
		620590DB24FDBB21001565BF /* Home */ = {
			isa = PBXGroup;
			children = (
				620590DC24FDBB21001565BF /* CTA.swift */,
				620590DD24FDBB21001565BF /* Home.swift */,
				E15A20AE253FA796006E042E /* Homev2.swift */,
				E170EF552540BF9000BEE97C /* GroupsView.swift */,
				E15A20B1253FA7A6006E042E /* ProfilePic.swift */,
				E15A20B8253FAC28006E042E /* Test.swift */,
			);
			path = Home;
			sourceTree = "<group>";
		};
		620590DF24FDBB21001565BF /* Chat */ = {
			isa = PBXGroup;
			children = (
				E1BCD405251E8A080051A28C /* PairingView.swift */,
				624FAFDB25720AA0000E0203 /* RecentsView */,
				620590E124FDBB21001565BF /* AddChat.swift */,
				620590E224FDBB21001565BF /* ChatView.swift */,
				620590E024FDBB21001565BF /* ChatCell.swift */,
				62C3ED20250597A300CEA882 /* CreateGroupView.swift */,
				E13032B2258CDD1900135CAC /* ARChat */,
			);
			path = Chat;
			sourceTree = "<group>";
		};
		620590E524FDBB21001565BF /* Leaderboard */ = {
			isa = PBXGroup;
			children = (
				620590E624FDBB21001565BF /* LeaderboardView.swift */,
				E1BCD400251E7CF50051A28C /* LeaderboardSubViews.swift */,
				620590E724FDBB21001565BF /* LeaderboardTabBar.swift */,
			);
			path = Leaderboard;
			sourceTree = "<group>";
		};
		620590E824FDBB21001565BF /* SubViews */ = {
			isa = PBXGroup;
			children = (
				620590E924FDBB21001565BF /* TabBar.swift */,
				620590EA24FDBB21001565BF /* TimerButtonStyles.swift */,
			);
			path = SubViews;
			sourceTree = "<group>";
		};
		620590EC24FDBB21001565BF /* Onboarding */ = {
			isa = PBXGroup;
			children = (
				624FAF04256EF80B000E0203 /* LoginRegistrationSubviews */,
				624FAF27256F09AE000E0203 /* Registration */,
				624FAEEF256EF02C000E0203 /* Login */,
				628A12752518683B001C4B13 /* IntroView.swift */,
				628A127C25186938001C4B13 /* IntroPage.swift */,
				628A127F25186940001C4B13 /* IntroCustomize.swift */,
			);
			path = Onboarding;
			sourceTree = "<group>";
		};
		624FAEEF256EF02C000E0203 /* Login */ = {
			isa = PBXGroup;
			children = (
				620590EE24FDBB21001565BF /* LoginView.swift */,
			);
			path = Login;
			sourceTree = "<group>";
		};
		624FAF04256EF80B000E0203 /* LoginRegistrationSubviews */ = {
			isa = PBXGroup;
			children = (
				62F24C0A25141AF400777610 /* LottieUIView.swift */,
				624FAF01256EF540000E0203 /* TitleSubview.swift */,
				624FAEFE256EF32D000E0203 /* FloatingBlobSubview.swift */,
				624FAEF5256EF08D000E0203 /* InputFieldSubview.swift */,
				624FAEF8256EF137000E0203 /* ButtonsSubview.swift */,
				624FAF05256EF8BE000E0203 /* LoginButtonStyles.swift */,
			);
			path = LoginRegistrationSubviews;
			sourceTree = "<group>";
		};
		624FAF27256F09AE000E0203 /* Registration */ = {
			isa = PBXGroup;
			children = (
				620590ED24FDBB21001565BF /* RegistrationView.swift */,
				624FAF2A256F0A00000E0203 /* RegistrationInputSubview.swift */,
			);
			path = Registration;
			sourceTree = "<group>";
		};
		624FAFDB25720AA0000E0203 /* RecentsView */ = {
			isa = PBXGroup;
			children = (
				626EECB1258988D700E7A7A5 /* RecentsView2.swift */,
				624FAFDC25720AAC000E0203 /* RecentsViewSubviews */,
			);
			path = RecentsView;
			sourceTree = "<group>";
		};
		624FAFDC25720AAC000E0203 /* RecentsViewSubviews */ = {
			isa = PBXGroup;
			children = (
				624FAFDD25720ACC000E0203 /* RecentGroupRowSubview.swift */,
				622430A025747BDE0031CF78 /* RecentChatGroupSubview.swift */,
				62E98612257D96C9003B5113 /* RecentPeopleRowSubview.swift */,
				626EEC8B25897BC200E7A7A5 /* RecentChatTextRow.swift */,
				626EEC8E25897BD200E7A7A5 /* AllGroupTextRow.swift */,
			);
			path = RecentsViewSubviews;
			sourceTree = "<group>";
		};
		62F24C01251419E900777610 /* Lottie */ = {
			isa = PBXGroup;
			children = (
				62F24C02251419F400777610 /* planeLoading.json */,
			);
			path = Lottie;
			sourceTree = "<group>";
		};
		B7119E08197EA57CF68E817D /* Pods */ = {
			isa = PBXGroup;
			children = (
				C7A62219EB10FE2A621A6C84 /* Pods-StudyHub.debug.xcconfig */,
				EEC3B6AC4F1E11EB05097CA0 /* Pods-StudyHub.release.xcconfig */,
			);
			path = Pods;
			sourceTree = "<group>";
		};
		E12E5EF82584552B00FB216C /* AgoraARKit */ = {
			isa = PBXGroup;
			children = (
				E12E5EF92584552B00FB216C /* SCNVector3+Extensions.swift */,
				E12E5EFA2584552B00FB216C /* ARBroadcaster+AgoraRtcEngineDelegate.swift */,
				E12E5EFB2584552B00FB216C /* ARVideoSource.swift */,
				E12E5EFC2584552B00FB216C /* ARAudience+AgoraRtcEngineDelegate.swift */,
				E12E5EFD2584552B00FB216C /* AgoraLobbyVC.swift */,
				E12E5EFE2584552B00FB216C /* AgoraLobbyVC+UITextFieldDelegate.swift */,
				E12E5EFF2584552B00FB216C /* Logger.swift */,
				E12E5F002584552B00FB216C /* ARBroadcaster.swift */,
				E12E5F012584552B00FB216C /* ARBroadcaster+ARSCNViewDelegate.swift */,
				E12E5F022584552B00FB216C /* AgoraARKit.swift */,
				E12E5F032584552B00FB216C /* ARAudience.swift */,
				E12E5F042584552B00FB216C /* UIManager.swift */,
				E12E5F062584552B00FB216C /* AgoraARKit.h */,
				E12E5F072584552B00FB216C /* ARBroadcaster+RenderARDelegate.swift */,
				E12E5F082584552B00FB216C /* ARBroadcaster+ARSessionDelegate.swift */,
				E12E5F092584552B00FB216C /* Broadcaster.swift */,
			);
			path = AgoraARKit;
			sourceTree = "<group>";
		};
		E13032B2258CDD1900135CAC /* ARChat */ = {
			isa = PBXGroup;
			children = (
				E12E5F1B2584555300FB216C /* ARChatView.swift */,
				E12E5F1E2584555F00FB216C /* ARChat.swift */,
				E12E5EF82584552B00FB216C /* AgoraARKit */,
			);
			path = ARChat;
			sourceTree = "<group>";
		};
		E155D6A0251AA682008281AE /* Profile */ = {
			isa = PBXGroup;
			children = (
				626E7814258D3EEB008633AB /* ProfileRingView.swift */,
				E155D69A251AA665008281AE /* ProfileStats.swift */,
				E155D69D251AA66F008281AE /* ProfileView.swift */,
				E1BCD3E0251E46540051A28C /* EditProfile.swift */,
				E155D6A2251AACA9008281AE /* ImagePicker.swift */,
			);
			path = Profile;
			sourceTree = "<group>";
		};
		E1C91E152503B86800001424 /* Utility */ = {
			isa = PBXGroup;
			children = (
				620590DE24FDBB21001565BF /* Header.swift */,
				E1C91E132503B86300001424 /* Blur.swift */,
				62F24BE3251415DB00777610 /* Lottie.swift */,
				62F3D9B12557C156008B2356 /* ErrorMessage.swift */,
				624FAEFB256EF2EA000E0203 /* VectorImageRepresentable.swift */,
				E13032A8258CCFD500135CAC /* ProfileRingView.swift */,
			);
			path = Utility;
			sourceTree = "<group>";
		};
		E339448924F1B71600F11BA9 = {
			isa = PBXGroup;
			children = (
				620590B624FDBB21001565BF /* StudyHub */,
				E339449324F1B71600F11BA9 /* Products */,
				B7119E08197EA57CF68E817D /* Pods */,
				51283CD47EB283397FC5B9FD /* Frameworks */,
			);
			sourceTree = "<group>";
		};
		E339449324F1B71600F11BA9 /* Products */ = {
			isa = PBXGroup;
			children = (
				E339449224F1B71600F11BA9 /* StudyHub.app */,
			);
			name = Products;
			sourceTree = "<group>";
		};
		E3CA982F25167CF400602EB6 /* Setting Subviews */ = {
			isa = PBXGroup;
			children = (
				E3CA983125167D4800602EB6 /* NotificationsView.swift */,
				E3CA983725180CAD00602EB6 /* PersonalInfoView.swift */,
			);
			path = "Setting Subviews";
			sourceTree = "<group>";
		};
/* End PBXGroup section */

/* Begin PBXNativeTarget section */
		E339449124F1B71600F11BA9 /* StudyHub */ = {
			isa = PBXNativeTarget;
			buildConfigurationList = E33944A624F1B71B00F11BA9 /* Build configuration list for PBXNativeTarget "StudyHub" */;
			buildPhases = (
				1E70D3268AC78E92E76A77DF /* [CP] Check Pods Manifest.lock */,
				E339448E24F1B71600F11BA9 /* Sources */,
				E339448F24F1B71600F11BA9 /* Frameworks */,
				E339449024F1B71600F11BA9 /* Resources */,
				F1F20EBE931C76A2E21DBF8C /* [CP] Embed Pods Frameworks */,
			);
			buildRules = (
			);
			dependencies = (
			);
			name = StudyHub;
			packageProductDependencies = (
				E1FD834C24F54E670024D2A3 /* IQKeyboardManagerSwift */,
				E1F2F8B8257009A800D8B87E /* Alamofire */,
				E17401F8258C357200A259CC /* SwiftUICharts */,
				626E785B258D4371008633AB /* KingfisherSwiftUI */,
				626E785D258D4371008633AB /* Kingfisher */,
				626E7862258D488B008633AB /* PageView */,
			);
			productName = StudyHub;
			productReference = E339449224F1B71600F11BA9 /* StudyHub.app */;
			productType = "com.apple.product-type.application";
		};
/* End PBXNativeTarget section */

/* Begin PBXProject section */
		E339448A24F1B71600F11BA9 /* Project object */ = {
			isa = PBXProject;
			attributes = {
				LastSwiftUpdateCheck = 1150;
				LastUpgradeCheck = 1150;
				ORGANIZATIONNAME = "Dakshin Devanand";
				TargetAttributes = {
					E339449124F1B71600F11BA9 = {
						CreatedOnToolsVersion = 11.5;
					};
				};
			};
			buildConfigurationList = E339448D24F1B71600F11BA9 /* Build configuration list for PBXProject "StudyHub" */;
			compatibilityVersion = "Xcode 9.3";
			developmentRegion = en;
			hasScannedForEncodings = 0;
			knownRegions = (
				en,
				Base,
			);
			mainGroup = E339448924F1B71600F11BA9;
			packageReferences = (
				E1FD834B24F54E670024D2A3 /* XCRemoteSwiftPackageReference "IQKeyboardManager" */,
				E1F2F8B7257009A800D8B87E /* XCRemoteSwiftPackageReference "Alamofire" */,
				E17401F7258C357200A259CC /* XCRemoteSwiftPackageReference "ChartView" */,
				626E785A258D4371008633AB /* XCRemoteSwiftPackageReference "Kingfisher" */,
				626E7861258D488B008633AB /* XCRemoteSwiftPackageReference "SwiftUI-PageView" */,
			);
			productRefGroup = E339449324F1B71600F11BA9 /* Products */;
			projectDirPath = "";
			projectRoot = "";
			targets = (
				E339449124F1B71600F11BA9 /* StudyHub */,
			);
		};
/* End PBXProject section */

/* Begin PBXResourcesBuildPhase section */
		E339449024F1B71600F11BA9 /* Resources */ = {
			isa = PBXResourcesBuildPhase;
			buildActionMask = 2147483647;
			files = (
				E124C1B924FED758008EBD84 /* GoogleService-Info.plist in Resources */,
				E1D04B4E2584B07000D74B14 /* 30111-confetti-animation.json in Resources */,
				E12E5FC92584924900FB216C /* test.MP4 in Resources */,
				620590F224FDBB21001565BF /* Montserrat-Light.ttf in Resources */,
				620590FA24FDBB21001565BF /* Assets.xcassets in Resources */,
				620590F724FDBB21001565BF /* Montserrat-ExtraBold.ttf in Resources */,
				620590FD24FDBB21001565BF /* LaunchScreen.storyboard in Resources */,
				62F24C03251419F400777610 /* planeLoading.json in Resources */,
				620590FC24FDBB21001565BF /* Preview Assets.xcassets in Resources */,
				620590F824FDBB21001565BF /* Montserrat-Black.ttf in Resources */,
				620590F924FDBB21001565BF /* Montserrat-Regular.ttf in Resources */,
				620590F624FDBB21001565BF /* Montserrat-SemiBold.ttf in Resources */,
				620590F124FDBB21001565BF /* Montserrat-Medium.ttf in Resources */,
				620590F424FDBB21001565BF /* Montserrat-Thin.ttf in Resources */,
				620590F524FDBB21001565BF /* Montserrat-Bold.ttf in Resources */,
				620590F324FDBB21001565BF /* Montserrat-ExtraLight.ttf in Resources */,
			);
			runOnlyForDeploymentPostprocessing = 0;
		};
/* End PBXResourcesBuildPhase section */

/* Begin PBXShellScriptBuildPhase section */
		1E70D3268AC78E92E76A77DF /* [CP] Check Pods Manifest.lock */ = {
			isa = PBXShellScriptBuildPhase;
			buildActionMask = 2147483647;
			files = (
			);
			inputFileListPaths = (
			);
			inputPaths = (
				"${PODS_PODFILE_DIR_PATH}/Podfile.lock",
				"${PODS_ROOT}/Manifest.lock",
			);
			name = "[CP] Check Pods Manifest.lock";
			outputFileListPaths = (
			);
			outputPaths = (
				"$(DERIVED_FILE_DIR)/Pods-StudyHub-checkManifestLockResult.txt",
			);
			runOnlyForDeploymentPostprocessing = 0;
			shellPath = /bin/sh;
			shellScript = "diff \"${PODS_PODFILE_DIR_PATH}/Podfile.lock\" \"${PODS_ROOT}/Manifest.lock\" > /dev/null\nif [ $? != 0 ] ; then\n    # print error to STDERR\n    echo \"error: The sandbox is not in sync with the Podfile.lock. Run 'pod install' or update your CocoaPods installation.\" >&2\n    exit 1\nfi\n# This output is used by Xcode 'outputs' to avoid re-running this script phase.\necho \"SUCCESS\" > \"${SCRIPT_OUTPUT_FILE_0}\"\n";
			showEnvVarsInLog = 0;
		};
		F1F20EBE931C76A2E21DBF8C /* [CP] Embed Pods Frameworks */ = {
			isa = PBXShellScriptBuildPhase;
			buildActionMask = 2147483647;
			files = (
			);
			inputFileListPaths = (
				"${PODS_ROOT}/Target Support Files/Pods-StudyHub/Pods-StudyHub-frameworks-${CONFIGURATION}-input-files.xcfilelist",
			);
			name = "[CP] Embed Pods Frameworks";
			outputFileListPaths = (
				"${PODS_ROOT}/Target Support Files/Pods-StudyHub/Pods-StudyHub-frameworks-${CONFIGURATION}-output-files.xcfilelist",
			);
			runOnlyForDeploymentPostprocessing = 0;
			shellPath = /bin/sh;
			shellScript = "\"${PODS_ROOT}/Target Support Files/Pods-StudyHub/Pods-StudyHub-frameworks.sh\"\n";
			showEnvVarsInLog = 0;
		};
/* End PBXShellScriptBuildPhase section */

/* Begin PBXSourcesBuildPhase section */
		E339448E24F1B71600F11BA9 /* Sources */ = {
			isa = PBXSourcesBuildPhase;
			buildActionMask = 2147483647;
			files = (
				62F3D9B22557C156008B2356 /* ErrorMessage.swift in Sources */,
				6205911D24FDBD1D001565BF /* ErrorModel.swift in Sources */,
				E12E5FCC258492E200FB216C /* VideoPlayer.swift in Sources */,
				E12E5F0A2584552B00FB216C /* SCNVector3+Extensions.swift in Sources */,
				624FAF02256EF540000E0203 /* TitleSubview.swift in Sources */,
				E12E5F1F2584555F00FB216C /* ARChat.swift in Sources */,
				62F24C0B25141AF400777610 /* LottieUIView.swift in Sources */,
				624FAEF6256EF08D000E0203 /* InputFieldSubview.swift in Sources */,
				62E98613257D96C9003B5113 /* RecentPeopleRowSubview.swift in Sources */,
				6205911724FDBB21001565BF /* ContentView.swift in Sources */,
				6205910A24FDBB21001565BF /* SettingView.swift in Sources */,
				E12E5F172584552B00FB216C /* ARBroadcaster+RenderARDelegate.swift in Sources */,
				624FAFDE25720ACC000E0203 /* RecentGroupRowSubview.swift in Sources */,
				6205910824FDBB21001565BF /* ChatData.swift in Sources */,
				622430A125747BDE0031CF78 /* RecentChatGroupSubview.swift in Sources */,
				626E7815258D3EEB008633AB /* ProfileRingView.swift in Sources */,
				626EECB2258988D700E7A7A5 /* RecentsView2.swift in Sources */,
				6205910724FDBB21001565BF /* ViewRouter.swift in Sources */,
				E12E5F152584552B00FB216C /* UIManager.swift in Sources */,
				BE167C452514333A00402C14 /* SettingsData.swift in Sources */,
				626EEC8F25897BD200E7A7A5 /* AllGroupTextRow.swift in Sources */,
				E1BCD3E1251E46540051A28C /* EditProfile.swift in Sources */,
				6205910D24FDBB21001565BF /* Header.swift in Sources */,
				6205910524FDBB21001565BF /* UserData.swift in Sources */,
				6205911424FDBB21001565BF /* LeaderboardTabBar.swift in Sources */,
				6205910C24FDBB21001565BF /* Home.swift in Sources */,
				E170EF562540BF9000BEE97C /* GroupsView.swift in Sources */,
				E12E5F0B2584552B00FB216C /* ARBroadcaster+AgoraRtcEngineDelegate.swift in Sources */,
				E15A20AF253FA796006E042E /* Homev2.swift in Sources */,
				E12E5F0F2584552B00FB216C /* AgoraLobbyVC+UITextFieldDelegate.swift in Sources */,
				E155D69E251AA66F008281AE /* ProfileView.swift in Sources */,
				6205910F24FDBB21001565BF /* AddChat.swift in Sources */,
				62C3ED21250597A300CEA882 /* CreateGroupView.swift in Sources */,
				E12E5FC425848C0A00FB216C /* CompeteView.swift in Sources */,
				6205910124FDBB21001565BF /* FirebaseManager.swift in Sources */,
				E12E5F182584552B00FB216C /* ARBroadcaster+ARSessionDelegate.swift in Sources */,
				626EEC8C25897BC200E7A7A5 /* RecentChatTextRow.swift in Sources */,
				6205911324FDBB21001565BF /* LeaderboardView.swift in Sources */,
				E12E5F0E2584552B00FB216C /* AgoraLobbyVC.swift in Sources */,
				628A12762518683B001C4B13 /* IntroView.swift in Sources */,
				624FAF2B256F0A00000E0203 /* RegistrationInputSubview.swift in Sources */,
				E12E5F122584552B00FB216C /* ARBroadcaster+ARSCNViewDelegate.swift in Sources */,
				E1D04B4B2584B03800D74B14 /* VictoryView.swift in Sources */,
				6205911824FDBB21001565BF /* RegistrationView.swift in Sources */,
				E12E5F112584552B00FB216C /* ARBroadcaster.swift in Sources */,
				6205910E24FDBB21001565BF /* ChatCell.swift in Sources */,
				E12E5FC125847EA300FB216C /* OpponetAnimation.swift in Sources */,
				624FAEFF256EF32D000E0203 /* FloatingBlobSubview.swift in Sources */,
				624FAF06256EF8BE000E0203 /* LoginButtonStyles.swift in Sources */,
				6205910B24FDBB21001565BF /* CTA.swift in Sources */,
				E1BCD406251E8A080051A28C /* PairingView.swift in Sources */,
				E12E5F0D2584552B00FB216C /* ARAudience+AgoraRtcEngineDelegate.swift in Sources */,
				6205910324FDBB21001565BF /* Categories.swift in Sources */,
				6205911624FDBB21001565BF /* TimerButtonStyles.swift in Sources */,
				E1BCD401251E7CF50051A28C /* LeaderboardSubViews.swift in Sources */,
				6205911B24FDBB21001565BF /* SceneDelegate.swift in Sources */,
				6205911024FDBB21001565BF /* ChatView.swift in Sources */,
				E12E5F0C2584552B00FB216C /* ARVideoSource.swift in Sources */,
				E12E5F142584552B00FB216C /* ARAudience.swift in Sources */,
				E12E5F1C2584555300FB216C /* ARChatView.swift in Sources */,
				624FAEF9256EF137000E0203 /* ButtonsSubview.swift in Sources */,
				620590FE24FDBB21001565BF /* Extensions.swift in Sources */,
				6205911524FDBB21001565BF /* TabBar.swift in Sources */,
				628A127D25186938001C4B13 /* IntroPage.swift in Sources */,
				E155D6A3251AACA9008281AE /* ImagePicker.swift in Sources */,
				620590FF24FDBB21001565BF /* PushNotificationManager.swift in Sources */,
				E12E5FBB2584795B00FB216C /* TimerQueue.swift in Sources */,
				E155D69B251AA665008281AE /* ProfileStats.swift in Sources */,
				6205910424FDBB21001565BF /* User.swift in Sources */,
				E1112BEF2584B4CE00A7C2E2 /* 30111-confetti-animation.json in Sources */,
				E1C91E142503B86300001424 /* Blur.swift in Sources */,
				E15A20B9253FAC28006E042E /* Test.swift in Sources */,
				E12E5F132584552B00FB216C /* AgoraARKit.swift in Sources */,
				E12E5FBE25847DBF00FB216C /* FindingText.swift in Sources */,
				6205910224FDBB21001565BF /* AppDelegate.swift in Sources */,
				E15A20B2253FA7A6006E042E /* ProfilePic.swift in Sources */,
				628A128025186940001C4B13 /* IntroCustomize.swift in Sources */,
				62F24BE4251415DB00777610 /* Lottie.swift in Sources */,
				6205911924FDBB21001565BF /* LoginView.swift in Sources */,
				BE3E16182517F96900E0A845 /* TimerManager.swift in Sources */,
				6205910924FDBB21001565BF /* TimerView.swift in Sources */,
				624FAEFC256EF2EA000E0203 /* VectorImageRepresentable.swift in Sources */,
				6205910024FDBB21001565BF /* PushNotificationSender.swift in Sources */,
				E3CA983825180CAD00602EB6 /* PersonalInfoView.swift in Sources */,
				E3CA983225167D4800602EB6 /* NotificationsView.swift in Sources */,
				E12E5F102584552B00FB216C /* Logger.swift in Sources */,
				E12E5F192584552B00FB216C /* Broadcaster.swift in Sources */,
			);
			runOnlyForDeploymentPostprocessing = 0;
		};
/* End PBXSourcesBuildPhase section */

/* Begin PBXVariantGroup section */
		620590C624FDBB21001565BF /* LaunchScreen.storyboard */ = {
			isa = PBXVariantGroup;
			children = (
				620590C724FDBB21001565BF /* Base */,
			);
			name = LaunchScreen.storyboard;
			sourceTree = "<group>";
		};
/* End PBXVariantGroup section */

/* Begin XCBuildConfiguration section */
		E33944A424F1B71B00F11BA9 /* Debug */ = {
			isa = XCBuildConfiguration;
			buildSettings = {
				ALWAYS_SEARCH_USER_PATHS = NO;
				CLANG_ANALYZER_NONNULL = YES;
				CLANG_ANALYZER_NUMBER_OBJECT_CONVERSION = YES_AGGRESSIVE;
				CLANG_CXX_LANGUAGE_STANDARD = "gnu++14";
				CLANG_CXX_LIBRARY = "libc++";
				CLANG_ENABLE_MODULES = YES;
				CLANG_ENABLE_OBJC_ARC = YES;
				CLANG_ENABLE_OBJC_WEAK = YES;
				CLANG_WARN_BLOCK_CAPTURE_AUTORELEASING = YES;
				CLANG_WARN_BOOL_CONVERSION = YES;
				CLANG_WARN_COMMA = YES;
				CLANG_WARN_CONSTANT_CONVERSION = YES;
				CLANG_WARN_DEPRECATED_OBJC_IMPLEMENTATIONS = YES;
				CLANG_WARN_DIRECT_OBJC_ISA_USAGE = YES_ERROR;
				CLANG_WARN_DOCUMENTATION_COMMENTS = YES;
				CLANG_WARN_EMPTY_BODY = YES;
				CLANG_WARN_ENUM_CONVERSION = YES;
				CLANG_WARN_INFINITE_RECURSION = YES;
				CLANG_WARN_INT_CONVERSION = YES;
				CLANG_WARN_NON_LITERAL_NULL_CONVERSION = YES;
				CLANG_WARN_OBJC_IMPLICIT_RETAIN_SELF = YES;
				CLANG_WARN_OBJC_LITERAL_CONVERSION = YES;
				CLANG_WARN_OBJC_ROOT_CLASS = YES_ERROR;
				CLANG_WARN_RANGE_LOOP_ANALYSIS = YES;
				CLANG_WARN_STRICT_PROTOTYPES = YES;
				CLANG_WARN_SUSPICIOUS_MOVE = YES;
				CLANG_WARN_UNGUARDED_AVAILABILITY = YES_AGGRESSIVE;
				CLANG_WARN_UNREACHABLE_CODE = YES;
				CLANG_WARN__DUPLICATE_METHOD_MATCH = YES;
				COPY_PHASE_STRIP = NO;
				DEBUG_INFORMATION_FORMAT = dwarf;
				ENABLE_STRICT_OBJC_MSGSEND = YES;
				ENABLE_TESTABILITY = YES;
				GCC_C_LANGUAGE_STANDARD = gnu11;
				GCC_DYNAMIC_NO_PIC = NO;
				GCC_NO_COMMON_BLOCKS = YES;
				GCC_OPTIMIZATION_LEVEL = 0;
				GCC_PREPROCESSOR_DEFINITIONS = (
					"DEBUG=1",
					"$(inherited)",
				);
				GCC_WARN_64_TO_32_BIT_CONVERSION = YES;
				GCC_WARN_ABOUT_RETURN_TYPE = YES_ERROR;
				GCC_WARN_UNDECLARED_SELECTOR = YES;
				GCC_WARN_UNINITIALIZED_AUTOS = YES_AGGRESSIVE;
				GCC_WARN_UNUSED_FUNCTION = YES;
				GCC_WARN_UNUSED_VARIABLE = YES;
				IPHONEOS_DEPLOYMENT_TARGET = 14.0;
				MTL_ENABLE_DEBUG_INFO = INCLUDE_SOURCE;
				MTL_FAST_MATH = YES;
				ONLY_ACTIVE_ARCH = YES;
				SDKROOT = iphoneos;
				SWIFT_ACTIVE_COMPILATION_CONDITIONS = DEBUG;
				SWIFT_OPTIMIZATION_LEVEL = "-Onone";
			};
			name = Debug;
		};
		E33944A524F1B71B00F11BA9 /* Release */ = {
			isa = XCBuildConfiguration;
			buildSettings = {
				ALWAYS_SEARCH_USER_PATHS = NO;
				CLANG_ANALYZER_NONNULL = YES;
				CLANG_ANALYZER_NUMBER_OBJECT_CONVERSION = YES_AGGRESSIVE;
				CLANG_CXX_LANGUAGE_STANDARD = "gnu++14";
				CLANG_CXX_LIBRARY = "libc++";
				CLANG_ENABLE_MODULES = YES;
				CLANG_ENABLE_OBJC_ARC = YES;
				CLANG_ENABLE_OBJC_WEAK = YES;
				CLANG_WARN_BLOCK_CAPTURE_AUTORELEASING = YES;
				CLANG_WARN_BOOL_CONVERSION = YES;
				CLANG_WARN_COMMA = YES;
				CLANG_WARN_CONSTANT_CONVERSION = YES;
				CLANG_WARN_DEPRECATED_OBJC_IMPLEMENTATIONS = YES;
				CLANG_WARN_DIRECT_OBJC_ISA_USAGE = YES_ERROR;
				CLANG_WARN_DOCUMENTATION_COMMENTS = YES;
				CLANG_WARN_EMPTY_BODY = YES;
				CLANG_WARN_ENUM_CONVERSION = YES;
				CLANG_WARN_INFINITE_RECURSION = YES;
				CLANG_WARN_INT_CONVERSION = YES;
				CLANG_WARN_NON_LITERAL_NULL_CONVERSION = YES;
				CLANG_WARN_OBJC_IMPLICIT_RETAIN_SELF = YES;
				CLANG_WARN_OBJC_LITERAL_CONVERSION = YES;
				CLANG_WARN_OBJC_ROOT_CLASS = YES_ERROR;
				CLANG_WARN_RANGE_LOOP_ANALYSIS = YES;
				CLANG_WARN_STRICT_PROTOTYPES = YES;
				CLANG_WARN_SUSPICIOUS_MOVE = YES;
				CLANG_WARN_UNGUARDED_AVAILABILITY = YES_AGGRESSIVE;
				CLANG_WARN_UNREACHABLE_CODE = YES;
				CLANG_WARN__DUPLICATE_METHOD_MATCH = YES;
				COPY_PHASE_STRIP = NO;
				DEBUG_INFORMATION_FORMAT = "dwarf-with-dsym";
				ENABLE_NS_ASSERTIONS = NO;
				ENABLE_STRICT_OBJC_MSGSEND = YES;
				GCC_C_LANGUAGE_STANDARD = gnu11;
				GCC_NO_COMMON_BLOCKS = YES;
				GCC_WARN_64_TO_32_BIT_CONVERSION = YES;
				GCC_WARN_ABOUT_RETURN_TYPE = YES_ERROR;
				GCC_WARN_UNDECLARED_SELECTOR = YES;
				GCC_WARN_UNINITIALIZED_AUTOS = YES_AGGRESSIVE;
				GCC_WARN_UNUSED_FUNCTION = YES;
				GCC_WARN_UNUSED_VARIABLE = YES;
				IPHONEOS_DEPLOYMENT_TARGET = 14.0;
				MTL_ENABLE_DEBUG_INFO = NO;
				MTL_FAST_MATH = YES;
				SDKROOT = iphoneos;
				SWIFT_COMPILATION_MODE = wholemodule;
				SWIFT_OPTIMIZATION_LEVEL = "-O";
				VALIDATE_PRODUCT = YES;
			};
			name = Release;
		};
		E33944A724F1B71B00F11BA9 /* Debug */ = {
			isa = XCBuildConfiguration;
			baseConfigurationReference = C7A62219EB10FE2A621A6C84 /* Pods-StudyHub.debug.xcconfig */;
			buildSettings = {
				ASSETCATALOG_COMPILER_APPICON_NAME = "AppIcon-1";
				CODE_SIGN_ENTITLEMENTS = StudyHub/StudyHub.entitlements;
				CODE_SIGN_STYLE = Automatic;
				CURRENT_PROJECT_VERSION = 2;
				DEAD_CODE_STRIPPING = NO;
				DEVELOPMENT_ASSET_PATHS = "\"StudyHub/Preview Content\"";
				DEVELOPMENT_TEAM = MC27HKM86M;
				ENABLE_PREVIEWS = YES;
				GCC_NO_COMMON_BLOCKS = YES;
				INFOPLIST_FILE = StudyHub/Info.plist;
				LD_RUNPATH_SEARCH_PATHS = (
					"$(inherited)",
					"@executable_path/Frameworks",
				);
				PRODUCT_BUNDLE_IDENTIFIER = com.StudyHub.Studeo;
				PRODUCT_NAME = "$(TARGET_NAME)";
				SWIFT_VERSION = 5.0;
				TARGETED_DEVICE_FAMILY = 1;
			};
			name = Debug;
		};
		E33944A824F1B71B00F11BA9 /* Release */ = {
			isa = XCBuildConfiguration;
			baseConfigurationReference = EEC3B6AC4F1E11EB05097CA0 /* Pods-StudyHub.release.xcconfig */;
			buildSettings = {
				ASSETCATALOG_COMPILER_APPICON_NAME = "AppIcon-1";
				CODE_SIGN_ENTITLEMENTS = StudyHub/StudyHub.entitlements;
				CODE_SIGN_STYLE = Automatic;
				CURRENT_PROJECT_VERSION = 2;
				DEAD_CODE_STRIPPING = NO;
				DEVELOPMENT_ASSET_PATHS = "\"StudyHub/Preview Content\"";
				DEVELOPMENT_TEAM = MC27HKM86M;
				ENABLE_PREVIEWS = YES;
				GCC_NO_COMMON_BLOCKS = YES;
				INFOPLIST_FILE = StudyHub/Info.plist;
				LD_RUNPATH_SEARCH_PATHS = (
					"$(inherited)",
					"@executable_path/Frameworks",
				);
				PRODUCT_BUNDLE_IDENTIFIER = com.StudyHub.Studeo;
				PRODUCT_NAME = "$(TARGET_NAME)";
				SWIFT_VERSION = 5.0;
				TARGETED_DEVICE_FAMILY = 1;
			};
			name = Release;
		};
/* End XCBuildConfiguration section */

/* Begin XCConfigurationList section */
		E339448D24F1B71600F11BA9 /* Build configuration list for PBXProject "StudyHub" */ = {
			isa = XCConfigurationList;
			buildConfigurations = (
				E33944A424F1B71B00F11BA9 /* Debug */,
				E33944A524F1B71B00F11BA9 /* Release */,
			);
			defaultConfigurationIsVisible = 0;
			defaultConfigurationName = Release;
		};
		E33944A624F1B71B00F11BA9 /* Build configuration list for PBXNativeTarget "StudyHub" */ = {
			isa = XCConfigurationList;
			buildConfigurations = (
				E33944A724F1B71B00F11BA9 /* Debug */,
				E33944A824F1B71B00F11BA9 /* Release */,
			);
			defaultConfigurationIsVisible = 0;
			defaultConfigurationName = Release;
		};
/* End XCConfigurationList section */

/* Begin XCRemoteSwiftPackageReference section */
		626E785A258D4371008633AB /* XCRemoteSwiftPackageReference "Kingfisher" */ = {
			isa = XCRemoteSwiftPackageReference;
			repositoryURL = "https://github.com/onevcat/Kingfisher.git";
			requirement = {
				kind = upToNextMajorVersion;
				minimumVersion = 5.15.8;
			};
		};
		626E7861258D488B008633AB /* XCRemoteSwiftPackageReference "SwiftUI-PageView" */ = {
			isa = XCRemoteSwiftPackageReference;
			repositoryURL = "https://github.com/Connapptivity/SwiftUI-PageView.git";
			requirement = {
				kind = upToNextMajorVersion;
				minimumVersion = 1.1.1;
			};
		};
		E17401F7258C357200A259CC /* XCRemoteSwiftPackageReference "ChartView" */ = {
			isa = XCRemoteSwiftPackageReference;
			repositoryURL = "https://github.com/AppPear/ChartView";
			requirement = {
				kind = upToNextMajorVersion;
				minimumVersion = 1.5.4;
			};
		};
		E1F2F8B7257009A800D8B87E /* XCRemoteSwiftPackageReference "Alamofire" */ = {
			isa = XCRemoteSwiftPackageReference;
			repositoryURL = "https://github.com/Alamofire/Alamofire.git";
			requirement = {
				kind = upToNextMajorVersion;
				minimumVersion = 5.4.0;
			};
		};
		E1FD834B24F54E670024D2A3 /* XCRemoteSwiftPackageReference "IQKeyboardManager" */ = {
			isa = XCRemoteSwiftPackageReference;
			repositoryURL = "https://github.com/hackiftekhar/IQKeyboardManager";
			requirement = {
				kind = upToNextMajorVersion;
				minimumVersion = 6.5.6;
			};
		};
/* End XCRemoteSwiftPackageReference section */

/* Begin XCSwiftPackageProductDependency section */
		626E785B258D4371008633AB /* KingfisherSwiftUI */ = {
			isa = XCSwiftPackageProductDependency;
			package = 626E785A258D4371008633AB /* XCRemoteSwiftPackageReference "Kingfisher" */;
			productName = KingfisherSwiftUI;
		};
		626E785D258D4371008633AB /* Kingfisher */ = {
			isa = XCSwiftPackageProductDependency;
			package = 626E785A258D4371008633AB /* XCRemoteSwiftPackageReference "Kingfisher" */;
			productName = Kingfisher;
		};
		626E7862258D488B008633AB /* PageView */ = {
			isa = XCSwiftPackageProductDependency;
			package = 626E7861258D488B008633AB /* XCRemoteSwiftPackageReference "SwiftUI-PageView" */;
			productName = PageView;
		};
		E17401F8258C357200A259CC /* SwiftUICharts */ = {
			isa = XCSwiftPackageProductDependency;
			package = E17401F7258C357200A259CC /* XCRemoteSwiftPackageReference "ChartView" */;
			productName = SwiftUICharts;
		};
		E1F2F8B8257009A800D8B87E /* Alamofire */ = {
			isa = XCSwiftPackageProductDependency;
			package = E1F2F8B7257009A800D8B87E /* XCRemoteSwiftPackageReference "Alamofire" */;
			productName = Alamofire;
		};
		E1FD834C24F54E670024D2A3 /* IQKeyboardManagerSwift */ = {
			isa = XCSwiftPackageProductDependency;
			package = E1FD834B24F54E670024D2A3 /* XCRemoteSwiftPackageReference "IQKeyboardManager" */;
			productName = IQKeyboardManagerSwift;
		};
/* End XCSwiftPackageProductDependency section */
	};
	rootObject = E339448A24F1B71600F11BA9 /* Project object */;
}
