// !$*UTF8*$!
{
	archiveVersion = 1;
	classes = {
	};
	objectVersion = 52;
	objects = {

/* Begin PBXBuildFile section */
		620590F124FDBB21001565BF /* Montserrat-Medium.ttf in Resources */ = {isa = PBXBuildFile; fileRef = 620590B924FDBB21001565BF /* Montserrat-Medium.ttf */; };
		620590F224FDBB21001565BF /* Montserrat-Light.ttf in Resources */ = {isa = PBXBuildFile; fileRef = 620590BA24FDBB21001565BF /* Montserrat-Light.ttf */; };
		620590F324FDBB21001565BF /* Montserrat-ExtraLight.ttf in Resources */ = {isa = PBXBuildFile; fileRef = 620590BB24FDBB21001565BF /* Montserrat-ExtraLight.ttf */; };
		620590F424FDBB21001565BF /* Montserrat-Thin.ttf in Resources */ = {isa = PBXBuildFile; fileRef = 620590BC24FDBB21001565BF /* Montserrat-Thin.ttf */; };
		620590F524FDBB21001565BF /* Montserrat-Bold.ttf in Resources */ = {isa = PBXBuildFile; fileRef = 620590BD24FDBB21001565BF /* Montserrat-Bold.ttf */; };
		620590F624FDBB21001565BF /* Montserrat-SemiBold.ttf in Resources */ = {isa = PBXBuildFile; fileRef = 620590BE24FDBB21001565BF /* Montserrat-SemiBold.ttf */; };
		620590F724FDBB21001565BF /* Montserrat-ExtraBold.ttf in Resources */ = {isa = PBXBuildFile; fileRef = 620590BF24FDBB21001565BF /* Montserrat-ExtraBold.ttf */; };
		620590F824FDBB21001565BF /* Montserrat-Black.ttf in Resources */ = {isa = PBXBuildFile; fileRef = 620590C024FDBB21001565BF /* Montserrat-Black.ttf */; };
		620590F924FDBB21001565BF /* Montserrat-Regular.ttf in Resources */ = {isa = PBXBuildFile; fileRef = 620590C124FDBB21001565BF /* Montserrat-Regular.ttf */; };
		620590FA24FDBB21001565BF /* Assets.xcassets in Resources */ = {isa = PBXBuildFile; fileRef = 620590C224FDBB21001565BF /* Assets.xcassets */; };
		620590FC24FDBB21001565BF /* Preview Assets.xcassets in Resources */ = {isa = PBXBuildFile; fileRef = 620590C524FDBB21001565BF /* Preview Assets.xcassets */; };
		620590FD24FDBB21001565BF /* LaunchScreen.storyboard in Resources */ = {isa = PBXBuildFile; fileRef = 620590C624FDBB21001565BF /* LaunchScreen.storyboard */; };
		620590FE24FDBB21001565BF /* Extensions.swift in Sources */ = {isa = PBXBuildFile; fileRef = 620590C924FDBB21001565BF /* Extensions.swift */; };
		620590FF24FDBB21001565BF /* PushNotificationManager.swift in Sources */ = {isa = PBXBuildFile; fileRef = 620590CB24FDBB21001565BF /* PushNotificationManager.swift */; };
		6205910024FDBB21001565BF /* PushNotificationSender.swift in Sources */ = {isa = PBXBuildFile; fileRef = 620590CC24FDBB21001565BF /* PushNotificationSender.swift */; };
		6205910124FDBB21001565BF /* FirebaseManager.swift in Sources */ = {isa = PBXBuildFile; fileRef = 620590CD24FDBB21001565BF /* FirebaseManager.swift */; };
		6205910224FDBB21001565BF /* AppDelegate.swift in Sources */ = {isa = PBXBuildFile; fileRef = 620590CE24FDBB21001565BF /* AppDelegate.swift */; };
		6205910324FDBB21001565BF /* Categories.swift in Sources */ = {isa = PBXBuildFile; fileRef = 620590D024FDBB21001565BF /* Categories.swift */; };
		6205910424FDBB21001565BF /* User.swift in Sources */ = {isa = PBXBuildFile; fileRef = 620590D124FDBB21001565BF /* User.swift */; };
		6205910524FDBB21001565BF /* UserData.swift in Sources */ = {isa = PBXBuildFile; fileRef = 620590D224FDBB21001565BF /* UserData.swift */; };
		6205910724FDBB21001565BF /* ViewRouter.swift in Sources */ = {isa = PBXBuildFile; fileRef = 620590D424FDBB21001565BF /* ViewRouter.swift */; };
		6205910824FDBB21001565BF /* ChatData.swift in Sources */ = {isa = PBXBuildFile; fileRef = 620590D524FDBB21001565BF /* ChatData.swift */; };
		6205910924FDBB21001565BF /* TimerView.swift in Sources */ = {isa = PBXBuildFile; fileRef = 620590D824FDBB21001565BF /* TimerView.swift */; };
		6205910A24FDBB21001565BF /* SettingView.swift in Sources */ = {isa = PBXBuildFile; fileRef = 620590DA24FDBB21001565BF /* SettingView.swift */; };
		6205910B24FDBB21001565BF /* CTA.swift in Sources */ = {isa = PBXBuildFile; fileRef = 620590DC24FDBB21001565BF /* CTA.swift */; };
		6205910C24FDBB21001565BF /* Home.swift in Sources */ = {isa = PBXBuildFile; fileRef = 620590DD24FDBB21001565BF /* Home.swift */; };
		6205910D24FDBB21001565BF /* Header.swift in Sources */ = {isa = PBXBuildFile; fileRef = 620590DE24FDBB21001565BF /* Header.swift */; };
		6205910E24FDBB21001565BF /* ChatCell.swift in Sources */ = {isa = PBXBuildFile; fileRef = 620590E024FDBB21001565BF /* ChatCell.swift */; };
		6205910F24FDBB21001565BF /* AddChat.swift in Sources */ = {isa = PBXBuildFile; fileRef = 620590E124FDBB21001565BF /* AddChat.swift */; };
		6205911024FDBB21001565BF /* ChatView.swift in Sources */ = {isa = PBXBuildFile; fileRef = 620590E224FDBB21001565BF /* ChatView.swift */; };
		6205911124FDBB21001565BF /* RecentsView.swift in Sources */ = {isa = PBXBuildFile; fileRef = 620590E324FDBB21001565BF /* RecentsView.swift */; };
		6205911224FDBB21001565BF /* AddChatCell.swift in Sources */ = {isa = PBXBuildFile; fileRef = 620590E424FDBB21001565BF /* AddChatCell.swift */; };
		6205911324FDBB21001565BF /* LeaderboardView.swift in Sources */ = {isa = PBXBuildFile; fileRef = 620590E624FDBB21001565BF /* LeaderboardView.swift */; };
		6205911424FDBB21001565BF /* LeaderboardTabBar.swift in Sources */ = {isa = PBXBuildFile; fileRef = 620590E724FDBB21001565BF /* LeaderboardTabBar.swift */; };
		6205911524FDBB21001565BF /* TabBar.swift in Sources */ = {isa = PBXBuildFile; fileRef = 620590E924FDBB21001565BF /* TabBar.swift */; };
		6205911624FDBB21001565BF /* CustomButtonStyles.swift in Sources */ = {isa = PBXBuildFile; fileRef = 620590EA24FDBB21001565BF /* CustomButtonStyles.swift */; };
		6205911724FDBB21001565BF /* ContentView.swift in Sources */ = {isa = PBXBuildFile; fileRef = 620590EB24FDBB21001565BF /* ContentView.swift */; };
		6205911824FDBB21001565BF /* RegistrationView.swift in Sources */ = {isa = PBXBuildFile; fileRef = 620590ED24FDBB21001565BF /* RegistrationView.swift */; };
		6205911924FDBB21001565BF /* LoginView.swift in Sources */ = {isa = PBXBuildFile; fileRef = 620590EE24FDBB21001565BF /* LoginView.swift */; };
		6205911B24FDBB21001565BF /* SceneDelegate.swift in Sources */ = {isa = PBXBuildFile; fileRef = 620590F024FDBB21001565BF /* SceneDelegate.swift */; };
		6205911D24FDBD1D001565BF /* ErrorModel.swift in Sources */ = {isa = PBXBuildFile; fileRef = 6205911C24FDBD1D001565BF /* ErrorModel.swift */; };
		628A12762518683B001C4B13 /* IntroView.swift in Sources */ = {isa = PBXBuildFile; fileRef = 628A12752518683B001C4B13 /* IntroView.swift */; };
		628A127A2518691A001C4B13 /* BuildFile in Frameworks */ = {isa = PBXBuildFile; productRef = 628A12792518691A001C4B13 /* SwiftPackageProductDependency */; };
		628A127D25186938001C4B13 /* IntroPage.swift in Sources */ = {isa = PBXBuildFile; fileRef = 628A127C25186938001C4B13 /* IntroPage.swift */; };
		628A128025186940001C4B13 /* IntroCustomize.swift in Sources */ = {isa = PBXBuildFile; fileRef = 628A127F25186940001C4B13 /* IntroCustomize.swift */; };
		62C3ED21250597A300CEA882 /* CreateGroupView.swift in Sources */ = {isa = PBXBuildFile; fileRef = 62C3ED20250597A300CEA882 /* CreateGroupView.swift */; };
		62F24BE4251415DB00777610 /* Lottie.swift in Sources */ = {isa = PBXBuildFile; fileRef = 62F24BE3251415DB00777610 /* Lottie.swift */; };
		62F24C03251419F400777610 /* planeLoading.json in Resources */ = {isa = PBXBuildFile; fileRef = 62F24C02251419F400777610 /* planeLoading.json */; };
		62F24C0B25141AF400777610 /* LottieUIView.swift in Sources */ = {isa = PBXBuildFile; fileRef = 62F24C0A25141AF400777610 /* LottieUIView.swift */; };
		BE167C452514333A00402C14 /* SettingsData.swift in Sources */ = {isa = PBXBuildFile; fileRef = BE167C442514333A00402C14 /* SettingsData.swift */; };
		BE3E16182517F96900E0A845 /* TimerManager.swift in Sources */ = {isa = PBXBuildFile; fileRef = BE3E16172517F96900E0A845 /* TimerManager.swift */; };
		E124C1B924FED758008EBD84 /* GoogleService-Info.plist in Resources */ = {isa = PBXBuildFile; fileRef = 620590C324FDBB21001565BF /* GoogleService-Info.plist */; };
		E155D69B251AA665008281AE /* ProfileStats.swift in Sources */ = {isa = PBXBuildFile; fileRef = E155D69A251AA665008281AE /* ProfileStats.swift */; };
		E155D69E251AA66F008281AE /* ProfileView.swift in Sources */ = {isa = PBXBuildFile; fileRef = E155D69D251AA66F008281AE /* ProfileView.swift */; };
		E155D6A3251AACA9008281AE /* ImagePicker.swift in Sources */ = {isa = PBXBuildFile; fileRef = E155D6A2251AACA9008281AE /* ImagePicker.swift */; };
		E18C8364251E920D0087A2BB /* RecentsView2.swift in Sources */ = {isa = PBXBuildFile; fileRef = E18C8363251E920D0087A2BB /* RecentsView2.swift */; };
		E1BCD3E1251E46540051A28C /* EditProfile.swift in Sources */ = {isa = PBXBuildFile; fileRef = E1BCD3E0251E46540051A28C /* EditProfile.swift */; };
		E1BCD401251E7CF50051A28C /* LeaderboardSubViews.swift in Sources */ = {isa = PBXBuildFile; fileRef = E1BCD400251E7CF50051A28C /* LeaderboardSubViews.swift */; };
		E1BCD406251E8A080051A28C /* PairingView.swift in Sources */ = {isa = PBXBuildFile; fileRef = E1BCD405251E8A080051A28C /* PairingView.swift */; };
		E1C91E122503B80800001424 /* ReverseScrollView.swift in Sources */ = {isa = PBXBuildFile; fileRef = E1C91E112503B80800001424 /* ReverseScrollView.swift */; };
		E1C91E142503B86300001424 /* Blur.swift in Sources */ = {isa = PBXBuildFile; fileRef = E1C91E132503B86300001424 /* Blur.swift */; };
		E1FD834D24F54E670024D2A3 /* BuildFile in Frameworks */ = {isa = PBXBuildFile; productRef = E1FD834C24F54E670024D2A3 /* SwiftPackageProductDependency */; };
		E3CA983225167D4800602EB6 /* NotificationsView.swift in Sources */ = {isa = PBXBuildFile; fileRef = E3CA983125167D4800602EB6 /* NotificationsView.swift */; };
		E3CA983825180CAD00602EB6 /* PersonalInfoView.swift in Sources */ = {isa = PBXBuildFile; fileRef = E3CA983725180CAD00602EB6 /* PersonalInfoView.swift */; };
		FB33AEA3FD2D5803BE4DAF75 /* Pods_StudyHub.framework in Frameworks */ = {isa = PBXBuildFile; fileRef = 47F4119D880B6AFBE91DBA85 /* Pods_StudyHub.framework */; };
/* End PBXBuildFile section */

/* Begin PBXFileReference section */
		47F4119D880B6AFBE91DBA85 /* Pods_StudyHub.framework */ = {isa = PBXFileReference; explicitFileType = wrapper.framework; includeInIndex = 0; path = Pods_StudyHub.framework; sourceTree = BUILT_PRODUCTS_DIR; };
		620590B924FDBB21001565BF /* Montserrat-Medium.ttf */ = {isa = PBXFileReference; lastKnownFileType = file; path = "Montserrat-Medium.ttf"; sourceTree = "<group>"; };
		620590BA24FDBB21001565BF /* Montserrat-Light.ttf */ = {isa = PBXFileReference; lastKnownFileType = file; path = "Montserrat-Light.ttf"; sourceTree = "<group>"; };
		620590BB24FDBB21001565BF /* Montserrat-ExtraLight.ttf */ = {isa = PBXFileReference; lastKnownFileType = file; path = "Montserrat-ExtraLight.ttf"; sourceTree = "<group>"; };
		620590BC24FDBB21001565BF /* Montserrat-Thin.ttf */ = {isa = PBXFileReference; lastKnownFileType = file; path = "Montserrat-Thin.ttf"; sourceTree = "<group>"; };
		620590BD24FDBB21001565BF /* Montserrat-Bold.ttf */ = {isa = PBXFileReference; lastKnownFileType = file; path = "Montserrat-Bold.ttf"; sourceTree = "<group>"; };
		620590BE24FDBB21001565BF /* Montserrat-SemiBold.ttf */ = {isa = PBXFileReference; lastKnownFileType = file; path = "Montserrat-SemiBold.ttf"; sourceTree = "<group>"; };
		620590BF24FDBB21001565BF /* Montserrat-ExtraBold.ttf */ = {isa = PBXFileReference; lastKnownFileType = file; path = "Montserrat-ExtraBold.ttf"; sourceTree = "<group>"; };
		620590C024FDBB21001565BF /* Montserrat-Black.ttf */ = {isa = PBXFileReference; lastKnownFileType = file; path = "Montserrat-Black.ttf"; sourceTree = "<group>"; };
		620590C124FDBB21001565BF /* Montserrat-Regular.ttf */ = {isa = PBXFileReference; lastKnownFileType = file; path = "Montserrat-Regular.ttf"; sourceTree = "<group>"; };
		620590C224FDBB21001565BF /* Assets.xcassets */ = {isa = PBXFileReference; lastKnownFileType = folder.assetcatalog; path = Assets.xcassets; sourceTree = "<group>"; };
		620590C324FDBB21001565BF /* GoogleService-Info.plist */ = {isa = PBXFileReference; fileEncoding = 4; lastKnownFileType = text.plist.xml; path = "GoogleService-Info.plist"; sourceTree = "<group>"; };
		620590C524FDBB21001565BF /* Preview Assets.xcassets */ = {isa = PBXFileReference; lastKnownFileType = folder.assetcatalog; path = "Preview Assets.xcassets"; sourceTree = "<group>"; };
		620590C724FDBB21001565BF /* Base */ = {isa = PBXFileReference; lastKnownFileType = file.storyboard; name = Base; path = Base.lproj/LaunchScreen.storyboard; sourceTree = "<group>"; };
		620590C924FDBB21001565BF /* Extensions.swift */ = {isa = PBXFileReference; fileEncoding = 4; lastKnownFileType = sourcecode.swift; path = Extensions.swift; sourceTree = "<group>"; };
		620590CB24FDBB21001565BF /* PushNotificationManager.swift */ = {isa = PBXFileReference; fileEncoding = 4; lastKnownFileType = sourcecode.swift; path = PushNotificationManager.swift; sourceTree = "<group>"; };
		620590CC24FDBB21001565BF /* PushNotificationSender.swift */ = {isa = PBXFileReference; fileEncoding = 4; lastKnownFileType = sourcecode.swift; path = PushNotificationSender.swift; sourceTree = "<group>"; };
		620590CD24FDBB21001565BF /* FirebaseManager.swift */ = {isa = PBXFileReference; fileEncoding = 4; lastKnownFileType = sourcecode.swift; path = FirebaseManager.swift; sourceTree = "<group>"; };
		620590CE24FDBB21001565BF /* AppDelegate.swift */ = {isa = PBXFileReference; fileEncoding = 4; lastKnownFileType = sourcecode.swift; path = AppDelegate.swift; sourceTree = "<group>"; };
		620590D024FDBB21001565BF /* Categories.swift */ = {isa = PBXFileReference; fileEncoding = 4; lastKnownFileType = sourcecode.swift; path = Categories.swift; sourceTree = "<group>"; };
		620590D124FDBB21001565BF /* User.swift */ = {isa = PBXFileReference; fileEncoding = 4; lastKnownFileType = sourcecode.swift; path = User.swift; sourceTree = "<group>"; };
		620590D224FDBB21001565BF /* UserData.swift */ = {isa = PBXFileReference; fileEncoding = 4; lastKnownFileType = sourcecode.swift; path = UserData.swift; sourceTree = "<group>"; };
		620590D424FDBB21001565BF /* ViewRouter.swift */ = {isa = PBXFileReference; fileEncoding = 4; lastKnownFileType = sourcecode.swift; path = ViewRouter.swift; sourceTree = "<group>"; };
		620590D524FDBB21001565BF /* ChatData.swift */ = {isa = PBXFileReference; fileEncoding = 4; lastKnownFileType = sourcecode.swift; path = ChatData.swift; sourceTree = "<group>"; };
		620590D824FDBB21001565BF /* TimerView.swift */ = {isa = PBXFileReference; fileEncoding = 4; lastKnownFileType = sourcecode.swift; path = TimerView.swift; sourceTree = "<group>"; };
		620590DA24FDBB21001565BF /* SettingView.swift */ = {isa = PBXFileReference; fileEncoding = 4; lastKnownFileType = sourcecode.swift; path = SettingView.swift; sourceTree = "<group>"; };
		620590DC24FDBB21001565BF /* CTA.swift */ = {isa = PBXFileReference; fileEncoding = 4; lastKnownFileType = sourcecode.swift; path = CTA.swift; sourceTree = "<group>"; };
		620590DD24FDBB21001565BF /* Home.swift */ = {isa = PBXFileReference; fileEncoding = 4; lastKnownFileType = sourcecode.swift; path = Home.swift; sourceTree = "<group>"; };
		620590DE24FDBB21001565BF /* Header.swift */ = {isa = PBXFileReference; fileEncoding = 4; lastKnownFileType = sourcecode.swift; path = Header.swift; sourceTree = "<group>"; };
		620590E024FDBB21001565BF /* ChatCell.swift */ = {isa = PBXFileReference; fileEncoding = 4; lastKnownFileType = sourcecode.swift; path = ChatCell.swift; sourceTree = "<group>"; };
		620590E124FDBB21001565BF /* AddChat.swift */ = {isa = PBXFileReference; fileEncoding = 4; lastKnownFileType = sourcecode.swift; path = AddChat.swift; sourceTree = "<group>"; };
		620590E224FDBB21001565BF /* ChatView.swift */ = {isa = PBXFileReference; fileEncoding = 4; lastKnownFileType = sourcecode.swift; path = ChatView.swift; sourceTree = "<group>"; };
		620590E324FDBB21001565BF /* RecentsView.swift */ = {isa = PBXFileReference; fileEncoding = 4; lastKnownFileType = sourcecode.swift; path = RecentsView.swift; sourceTree = "<group>"; };
		620590E424FDBB21001565BF /* AddChatCell.swift */ = {isa = PBXFileReference; fileEncoding = 4; lastKnownFileType = sourcecode.swift; path = AddChatCell.swift; sourceTree = "<group>"; };
		620590E624FDBB21001565BF /* LeaderboardView.swift */ = {isa = PBXFileReference; fileEncoding = 4; lastKnownFileType = sourcecode.swift; path = LeaderboardView.swift; sourceTree = "<group>"; };
		620590E724FDBB21001565BF /* LeaderboardTabBar.swift */ = {isa = PBXFileReference; fileEncoding = 4; lastKnownFileType = sourcecode.swift; path = LeaderboardTabBar.swift; sourceTree = "<group>"; };
		620590E924FDBB21001565BF /* TabBar.swift */ = {isa = PBXFileReference; fileEncoding = 4; lastKnownFileType = sourcecode.swift; path = TabBar.swift; sourceTree = "<group>"; };
		620590EA24FDBB21001565BF /* CustomButtonStyles.swift */ = {isa = PBXFileReference; fileEncoding = 4; lastKnownFileType = sourcecode.swift; path = CustomButtonStyles.swift; sourceTree = "<group>"; };
		620590EB24FDBB21001565BF /* ContentView.swift */ = {isa = PBXFileReference; fileEncoding = 4; lastKnownFileType = sourcecode.swift; path = ContentView.swift; sourceTree = "<group>"; };
		620590ED24FDBB21001565BF /* RegistrationView.swift */ = {isa = PBXFileReference; fileEncoding = 4; lastKnownFileType = sourcecode.swift; path = RegistrationView.swift; sourceTree = "<group>"; };
		620590EE24FDBB21001565BF /* LoginView.swift */ = {isa = PBXFileReference; fileEncoding = 4; lastKnownFileType = sourcecode.swift; path = LoginView.swift; sourceTree = "<group>"; };
		620590EF24FDBB21001565BF /* Info.plist */ = {isa = PBXFileReference; fileEncoding = 4; lastKnownFileType = text.plist.xml; path = Info.plist; sourceTree = "<group>"; };
		620590F024FDBB21001565BF /* SceneDelegate.swift */ = {isa = PBXFileReference; fileEncoding = 4; lastKnownFileType = sourcecode.swift; path = SceneDelegate.swift; sourceTree = "<group>"; };
		6205911C24FDBD1D001565BF /* ErrorModel.swift */ = {isa = PBXFileReference; lastKnownFileType = sourcecode.swift; path = ErrorModel.swift; sourceTree = "<group>"; };
		628A12752518683B001C4B13 /* IntroView.swift */ = {isa = PBXFileReference; lastKnownFileType = sourcecode.swift; path = IntroView.swift; sourceTree = "<group>"; };
		628A127C25186938001C4B13 /* IntroPage.swift */ = {isa = PBXFileReference; lastKnownFileType = sourcecode.swift; path = IntroPage.swift; sourceTree = "<group>"; };
		628A127F25186940001C4B13 /* IntroCustomize.swift */ = {isa = PBXFileReference; lastKnownFileType = sourcecode.swift; path = IntroCustomize.swift; sourceTree = "<group>"; };
		62C3ED20250597A300CEA882 /* CreateGroupView.swift */ = {isa = PBXFileReference; lastKnownFileType = sourcecode.swift; path = CreateGroupView.swift; sourceTree = "<group>"; };
		62F24BE3251415DB00777610 /* Lottie.swift */ = {isa = PBXFileReference; lastKnownFileType = sourcecode.swift; path = Lottie.swift; sourceTree = "<group>"; };
		62F24C02251419F400777610 /* planeLoading.json */ = {isa = PBXFileReference; fileEncoding = 4; lastKnownFileType = text.json; path = planeLoading.json; sourceTree = "<group>"; };
		62F24C0A25141AF400777610 /* LottieUIView.swift */ = {isa = PBXFileReference; lastKnownFileType = sourcecode.swift; path = LottieUIView.swift; sourceTree = "<group>"; };
		BE167C442514333A00402C14 /* SettingsData.swift */ = {isa = PBXFileReference; fileEncoding = 4; lastKnownFileType = sourcecode.swift; path = SettingsData.swift; sourceTree = "<group>"; };
		BE3E16172517F96900E0A845 /* TimerManager.swift */ = {isa = PBXFileReference; fileEncoding = 4; lastKnownFileType = sourcecode.swift; path = TimerManager.swift; sourceTree = "<group>"; };
		C7A62219EB10FE2A621A6C84 /* Pods-StudyHub.debug.xcconfig */ = {isa = PBXFileReference; includeInIndex = 1; lastKnownFileType = text.xcconfig; name = "Pods-StudyHub.debug.xcconfig"; path = "Target Support Files/Pods-StudyHub/Pods-StudyHub.debug.xcconfig"; sourceTree = "<group>"; };
		E155D69A251AA665008281AE /* ProfileStats.swift */ = {isa = PBXFileReference; lastKnownFileType = sourcecode.swift; path = ProfileStats.swift; sourceTree = "<group>"; };
		E155D69D251AA66F008281AE /* ProfileView.swift */ = {isa = PBXFileReference; lastKnownFileType = sourcecode.swift; path = ProfileView.swift; sourceTree = "<group>"; };
		E155D6A2251AACA9008281AE /* ImagePicker.swift */ = {isa = PBXFileReference; lastKnownFileType = sourcecode.swift; path = ImagePicker.swift; sourceTree = "<group>"; };
		E18C8363251E920D0087A2BB /* RecentsView2.swift */ = {isa = PBXFileReference; lastKnownFileType = sourcecode.swift; path = RecentsView2.swift; sourceTree = "<group>"; };
		E1BCD3E0251E46540051A28C /* EditProfile.swift */ = {isa = PBXFileReference; lastKnownFileType = sourcecode.swift; path = EditProfile.swift; sourceTree = "<group>"; };
		E1BCD400251E7CF50051A28C /* LeaderboardSubViews.swift */ = {isa = PBXFileReference; lastKnownFileType = sourcecode.swift; path = LeaderboardSubViews.swift; sourceTree = "<group>"; };
		E1BCD405251E8A080051A28C /* PairingView.swift */ = {isa = PBXFileReference; lastKnownFileType = sourcecode.swift; path = PairingView.swift; sourceTree = "<group>"; };
		E1C91E112503B80800001424 /* ReverseScrollView.swift */ = {isa = PBXFileReference; lastKnownFileType = sourcecode.swift; path = ReverseScrollView.swift; sourceTree = "<group>"; };
		E1C91E132503B86300001424 /* Blur.swift */ = {isa = PBXFileReference; fileEncoding = 4; lastKnownFileType = sourcecode.swift; path = Blur.swift; sourceTree = "<group>"; };
		E339449224F1B71600F11BA9 /* StudyHub.app */ = {isa = PBXFileReference; explicitFileType = wrapper.application; includeInIndex = 0; path = StudyHub.app; sourceTree = BUILT_PRODUCTS_DIR; };
		E3CA983125167D4800602EB6 /* NotificationsView.swift */ = {isa = PBXFileReference; lastKnownFileType = sourcecode.swift; path = NotificationsView.swift; sourceTree = "<group>"; };
		E3CA983725180CAD00602EB6 /* PersonalInfoView.swift */ = {isa = PBXFileReference; lastKnownFileType = sourcecode.swift; path = PersonalInfoView.swift; sourceTree = "<group>"; };
		EEC3B6AC4F1E11EB05097CA0 /* Pods-StudyHub.release.xcconfig */ = {isa = PBXFileReference; includeInIndex = 1; lastKnownFileType = text.xcconfig; name = "Pods-StudyHub.release.xcconfig"; path = "Target Support Files/Pods-StudyHub/Pods-StudyHub.release.xcconfig"; sourceTree = "<group>"; };
/* End PBXFileReference section */

/* Begin PBXFrameworksBuildPhase section */
		E339448F24F1B71600F11BA9 /* Frameworks */ = {
			isa = PBXFrameworksBuildPhase;
			buildActionMask = 2147483647;
			files = (
				628A127A2518691A001C4B13 /* BuildFile in Frameworks */,
				FB33AEA3FD2D5803BE4DAF75 /* Pods_StudyHub.framework in Frameworks */,
				E1FD834D24F54E670024D2A3 /* BuildFile in Frameworks */,
			);
			runOnlyForDeploymentPostprocessing = 0;
		};
/* End PBXFrameworksBuildPhase section */

/* Begin PBXGroup section */
		51283CD47EB283397FC5B9FD /* Frameworks */ = {
			isa = PBXGroup;
			children = (
				47F4119D880B6AFBE91DBA85 /* Pods_StudyHub.framework */,
			);
			name = Frameworks;
			sourceTree = "<group>";
		};
		620590B624FDBB21001565BF /* StudyHub */ = {
			isa = PBXGroup;
			children = (
				620590EF24FDBB21001565BF /* Info.plist */,
				620590C224FDBB21001565BF /* Assets.xcassets */,
				620590B724FDBB21001565BF /* Resources */,
				620590C424FDBB21001565BF /* Preview Content */,
				620590C824FDBB21001565BF /* Extensions */,
				620590CA24FDBB21001565BF /* Firebase */,
				620590CF24FDBB21001565BF /* Data */,
				620590D624FDBB21001565BF /* Views */,
				620590CE24FDBB21001565BF /* AppDelegate.swift */,
				620590F024FDBB21001565BF /* SceneDelegate.swift */,
				620590C624FDBB21001565BF /* LaunchScreen.storyboard */,
			);
			path = StudyHub;
			sourceTree = "<group>";
		};
		620590B724FDBB21001565BF /* Resources */ = {
			isa = PBXGroup;
			children = (
				62F24C01251419E900777610 /* Lottie */,
				620590C324FDBB21001565BF /* GoogleService-Info.plist */,
				620590B824FDBB21001565BF /* Fonts */,
			);
			path = Resources;
			sourceTree = "<group>";
		};
		620590B824FDBB21001565BF /* Fonts */ = {
			isa = PBXGroup;
			children = (
				620590B924FDBB21001565BF /* Montserrat-Medium.ttf */,
				620590BA24FDBB21001565BF /* Montserrat-Light.ttf */,
				620590BB24FDBB21001565BF /* Montserrat-ExtraLight.ttf */,
				620590BC24FDBB21001565BF /* Montserrat-Thin.ttf */,
				620590BD24FDBB21001565BF /* Montserrat-Bold.ttf */,
				620590BE24FDBB21001565BF /* Montserrat-SemiBold.ttf */,
				620590BF24FDBB21001565BF /* Montserrat-ExtraBold.ttf */,
				620590C024FDBB21001565BF /* Montserrat-Black.ttf */,
				620590C124FDBB21001565BF /* Montserrat-Regular.ttf */,
			);
			path = Fonts;
			sourceTree = "<group>";
		};
		620590C424FDBB21001565BF /* Preview Content */ = {
			isa = PBXGroup;
			children = (
				620590C524FDBB21001565BF /* Preview Assets.xcassets */,
			);
			path = "Preview Content";
			sourceTree = "<group>";
		};
		620590C824FDBB21001565BF /* Extensions */ = {
			isa = PBXGroup;
			children = (
				620590C924FDBB21001565BF /* Extensions.swift */,
			);
			path = Extensions;
			sourceTree = "<group>";
		};
		620590CA24FDBB21001565BF /* Firebase */ = {
			isa = PBXGroup;
			children = (
				620590CB24FDBB21001565BF /* PushNotificationManager.swift */,
				620590CC24FDBB21001565BF /* PushNotificationSender.swift */,
				620590CD24FDBB21001565BF /* FirebaseManager.swift */,
			);
			path = Firebase;
			sourceTree = "<group>";
		};
		620590CF24FDBB21001565BF /* Data */ = {
			isa = PBXGroup;
			children = (
				620590D024FDBB21001565BF /* Categories.swift */,
				620590D124FDBB21001565BF /* User.swift */,
				620590D224FDBB21001565BF /* UserData.swift */,
				620590D424FDBB21001565BF /* ViewRouter.swift */,
				BE167C442514333A00402C14 /* SettingsData.swift */,
				620590D524FDBB21001565BF /* ChatData.swift */,
				6205911C24FDBD1D001565BF /* ErrorModel.swift */,
			);
			path = Data;
			sourceTree = "<group>";
		};
		620590D624FDBB21001565BF /* Views */ = {
			isa = PBXGroup;
			children = (
				620590EB24FDBB21001565BF /* ContentView.swift */,
				E155D6A0251AA682008281AE /* Profile */,
				E1C91E152503B86800001424 /* Utility */,
				620590D724FDBB21001565BF /* Timer Screen */,
				620590D924FDBB21001565BF /* Settings */,
				620590DB24FDBB21001565BF /* Home */,
				620590DF24FDBB21001565BF /* Chat */,
				620590E524FDBB21001565BF /* Leaderboard */,
				620590E824FDBB21001565BF /* SubViews */,
				620590EC24FDBB21001565BF /* Onboarding */,
			);
			path = Views;
			sourceTree = "<group>";
		};
		620590D724FDBB21001565BF /* Timer Screen */ = {
			isa = PBXGroup;
			children = (
				620590D824FDBB21001565BF /* TimerView.swift */,
				BE3E16172517F96900E0A845 /* TimerManager.swift */,
			);
			path = "Timer Screen";
			sourceTree = "<group>";
		};
		620590D924FDBB21001565BF /* Settings */ = {
			isa = PBXGroup;
			children = (
				620590DA24FDBB21001565BF /* SettingView.swift */,
				E3CA982F25167CF400602EB6 /* Setting Subviews */,
			);
			path = Settings;
			sourceTree = "<group>";
		};
		620590DB24FDBB21001565BF /* Home */ = {
			isa = PBXGroup;
			children = (
				620590DC24FDBB21001565BF /* CTA.swift */,
				620590DD24FDBB21001565BF /* Home.swift */,
				620590DE24FDBB21001565BF /* Header.swift */,
			);
			path = Home;
			sourceTree = "<group>";
		};
		620590DF24FDBB21001565BF /* Chat */ = {
			isa = PBXGroup;
			children = (
				620590E124FDBB21001565BF /* AddChat.swift */,
				620590E224FDBB21001565BF /* ChatView.swift */,
				620590E024FDBB21001565BF /* ChatCell.swift */,
				620590E324FDBB21001565BF /* RecentsView.swift */,
				620590E424FDBB21001565BF /* AddChatCell.swift */,
				E1C91E112503B80800001424 /* ReverseScrollView.swift */,
				62C3ED20250597A300CEA882 /* CreateGroupView.swift */,
				E1BCD405251E8A080051A28C /* PairingView.swift */,
				E18C8363251E920D0087A2BB /* RecentsView2.swift */,
			);
			path = Chat;
			sourceTree = "<group>";
		};
		620590E524FDBB21001565BF /* Leaderboard */ = {
			isa = PBXGroup;
			children = (
				620590E624FDBB21001565BF /* LeaderboardView.swift */,
				E1BCD400251E7CF50051A28C /* LeaderboardSubViews.swift */,
				620590E724FDBB21001565BF /* LeaderboardTabBar.swift */,
			);
			path = Leaderboard;
			sourceTree = "<group>";
		};
		620590E824FDBB21001565BF /* SubViews */ = {
			isa = PBXGroup;
			children = (
				620590E924FDBB21001565BF /* TabBar.swift */,
				620590EA24FDBB21001565BF /* CustomButtonStyles.swift */,
			);
			path = SubViews;
			sourceTree = "<group>";
		};
		620590EC24FDBB21001565BF /* Onboarding */ = {
			isa = PBXGroup;
			children = (
				620590ED24FDBB21001565BF /* RegistrationView.swift */,
				620590EE24FDBB21001565BF /* LoginView.swift */,
				62F24C0A25141AF400777610 /* LottieUIView.swift */,
				628A12752518683B001C4B13 /* IntroView.swift */,
				628A127C25186938001C4B13 /* IntroPage.swift */,
				628A127F25186940001C4B13 /* IntroCustomize.swift */,
			);
			path = Onboarding;
			sourceTree = "<group>";
		};
		62F24C01251419E900777610 /* Lottie */ = {
			isa = PBXGroup;
			children = (
				62F24C02251419F400777610 /* planeLoading.json */,
			);
			path = Lottie;
			sourceTree = "<group>";
		};
		B7119E08197EA57CF68E817D /* Pods */ = {
			isa = PBXGroup;
			children = (
				C7A62219EB10FE2A621A6C84 /* Pods-StudyHub.debug.xcconfig */,
				EEC3B6AC4F1E11EB05097CA0 /* Pods-StudyHub.release.xcconfig */,
			);
			path = Pods;
			sourceTree = "<group>";
		};
		E155D6A0251AA682008281AE /* Profile */ = {
			isa = PBXGroup;
			children = (
				E155D69A251AA665008281AE /* ProfileStats.swift */,
				E155D69D251AA66F008281AE /* ProfileView.swift */,
				E1BCD3E0251E46540051A28C /* EditProfile.swift */,
				E155D6A2251AACA9008281AE /* ImagePicker.swift */,
			);
			path = Profile;
			sourceTree = "<group>";
		};
		E1C91E152503B86800001424 /* Utility */ = {
			isa = PBXGroup;
			children = (
				E1C91E132503B86300001424 /* Blur.swift */,
				62F24BE3251415DB00777610 /* Lottie.swift */,
			);
			path = Utility;
			sourceTree = "<group>";
		};
		E339448924F1B71600F11BA9 = {
			isa = PBXGroup;
			children = (
				620590B624FDBB21001565BF /* StudyHub */,
				E339449324F1B71600F11BA9 /* Products */,
				B7119E08197EA57CF68E817D /* Pods */,
				51283CD47EB283397FC5B9FD /* Frameworks */,
			);
			sourceTree = "<group>";
		};
		E339449324F1B71600F11BA9 /* Products */ = {
			isa = PBXGroup;
			children = (
				E339449224F1B71600F11BA9 /* StudyHub.app */,
			);
			name = Products;
			sourceTree = "<group>";
		};
		E3CA982F25167CF400602EB6 /* Setting Subviews */ = {
			isa = PBXGroup;
			children = (
				E3CA983125167D4800602EB6 /* NotificationsView.swift */,
				E3CA983725180CAD00602EB6 /* PersonalInfoView.swift */,
			);
			path = "Setting Subviews";
			sourceTree = "<group>";
		};
/* End PBXGroup section */

/* Begin PBXNativeTarget section */
		E339449124F1B71600F11BA9 /* StudyHub */ = {
			isa = PBXNativeTarget;
			buildConfigurationList = E33944A624F1B71B00F11BA9 /* Build configuration list for PBXNativeTarget "StudyHub" */;
			buildPhases = (
				1E70D3268AC78E92E76A77DF /* [CP] Check Pods Manifest.lock */,
				E339448E24F1B71600F11BA9 /* Sources */,
				E339448F24F1B71600F11BA9 /* Frameworks */,
				E339449024F1B71600F11BA9 /* Resources */,
				EBEBEE08A15DE469637297CD /* [CP] Embed Pods Frameworks */,
			);
			buildRules = (
			);
			dependencies = (
			);
			name = StudyHub;
			packageProductDependencies = (
				E1FD834C24F54E670024D2A3 /* SwiftPackageProductDependency */,
				628A12792518691A001C4B13 /* SwiftPackageProductDependency */,
			);
			productName = StudyHub;
			productReference = E339449224F1B71600F11BA9 /* StudyHub.app */;
			productType = "com.apple.product-type.application";
		};
/* End PBXNativeTarget section */

/* Begin PBXProject section */
		E339448A24F1B71600F11BA9 /* Project object */ = {
			isa = PBXProject;
			attributes = {
				LastSwiftUpdateCheck = 1150;
				LastUpgradeCheck = 1150;
				ORGANIZATIONNAME = "Dakshin Devanand";
				TargetAttributes = {
					E339449124F1B71600F11BA9 = {
						CreatedOnToolsVersion = 11.5;
					};
				};
			};
			buildConfigurationList = E339448D24F1B71600F11BA9 /* Build configuration list for PBXProject "StudyHub" */;
			compatibilityVersion = "Xcode 9.3";
			developmentRegion = en;
			hasScannedForEncodings = 0;
			knownRegions = (
				en,
				Base,
			);
			mainGroup = E339448924F1B71600F11BA9;
			packageReferences = (
				E1FD834B24F54E670024D2A3 /* RemoteSwiftPackageReference */,
				628A12782518691A001C4B13 /* RemoteSwiftPackageReference */,
			);
			productRefGroup = E339449324F1B71600F11BA9 /* Products */;
			projectDirPath = "";
			projectRoot = "";
			targets = (
				E339449124F1B71600F11BA9 /* StudyHub */,
			);
		};
/* End PBXProject section */

/* Begin PBXResourcesBuildPhase section */
		E339449024F1B71600F11BA9 /* Resources */ = {
			isa = PBXResourcesBuildPhase;
			buildActionMask = 2147483647;
			files = (
				E124C1B924FED758008EBD84 /* GoogleService-Info.plist in Resources */,
				620590F224FDBB21001565BF /* Montserrat-Light.ttf in Resources */,
				620590FA24FDBB21001565BF /* Assets.xcassets in Resources */,
				620590F724FDBB21001565BF /* Montserrat-ExtraBold.ttf in Resources */,
				620590FD24FDBB21001565BF /* LaunchScreen.storyboard in Resources */,
				62F24C03251419F400777610 /* planeLoading.json in Resources */,
				620590FC24FDBB21001565BF /* Preview Assets.xcassets in Resources */,
				620590F824FDBB21001565BF /* Montserrat-Black.ttf in Resources */,
				620590F924FDBB21001565BF /* Montserrat-Regular.ttf in Resources */,
				620590F624FDBB21001565BF /* Montserrat-SemiBold.ttf in Resources */,
				620590F124FDBB21001565BF /* Montserrat-Medium.ttf in Resources */,
				620590F424FDBB21001565BF /* Montserrat-Thin.ttf in Resources */,
				620590F524FDBB21001565BF /* Montserrat-Bold.ttf in Resources */,
				620590F324FDBB21001565BF /* Montserrat-ExtraLight.ttf in Resources */,
			);
			runOnlyForDeploymentPostprocessing = 0;
		};
/* End PBXResourcesBuildPhase section */

/* Begin PBXShellScriptBuildPhase section */
		1E70D3268AC78E92E76A77DF /* [CP] Check Pods Manifest.lock */ = {
			isa = PBXShellScriptBuildPhase;
			buildActionMask = 2147483647;
			files = (
			);
			inputFileListPaths = (
			);
			inputPaths = (
				"${PODS_PODFILE_DIR_PATH}/Podfile.lock",
				"${PODS_ROOT}/Manifest.lock",
			);
			name = "[CP] Check Pods Manifest.lock";
			outputFileListPaths = (
			);
			outputPaths = (
				"$(DERIVED_FILE_DIR)/Pods-StudyHub-checkManifestLockResult.txt",
			);
			runOnlyForDeploymentPostprocessing = 0;
			shellPath = /bin/sh;
			shellScript = "diff \"${PODS_PODFILE_DIR_PATH}/Podfile.lock\" \"${PODS_ROOT}/Manifest.lock\" > /dev/null\nif [ $? != 0 ] ; then\n    # print error to STDERR\n    echo \"error: The sandbox is not in sync with the Podfile.lock. Run 'pod install' or update your CocoaPods installation.\" >&2\n    exit 1\nfi\n# This output is used by Xcode 'outputs' to avoid re-running this script phase.\necho \"SUCCESS\" > \"${SCRIPT_OUTPUT_FILE_0}\"\n";
			showEnvVarsInLog = 0;
		};
		EBEBEE08A15DE469637297CD /* [CP] Embed Pods Frameworks */ = {
			isa = PBXShellScriptBuildPhase;
			buildActionMask = 2147483647;
			files = (
			);
			inputFileListPaths = (
				"${PODS_ROOT}/Target Support Files/Pods-StudyHub/Pods-StudyHub-frameworks-${CONFIGURATION}-input-files.xcfilelist",
			);
			name = "[CP] Embed Pods Frameworks";
			outputFileListPaths = (
				"${PODS_ROOT}/Target Support Files/Pods-StudyHub/Pods-StudyHub-frameworks-${CONFIGURATION}-output-files.xcfilelist",
			);
			runOnlyForDeploymentPostprocessing = 0;
			shellPath = /bin/sh;
			shellScript = "\"${PODS_ROOT}/Target Support Files/Pods-StudyHub/Pods-StudyHub-frameworks.sh\"\n";
			showEnvVarsInLog = 0;
		};
/* End PBXShellScriptBuildPhase section */

/* Begin PBXSourcesBuildPhase section */
		E339448E24F1B71600F11BA9 /* Sources */ = {
			isa = PBXSourcesBuildPhase;
			buildActionMask = 2147483647;
			files = (
				6205911D24FDBD1D001565BF /* ErrorModel.swift in Sources */,
				62F24C0B25141AF400777610 /* LottieUIView.swift in Sources */,
				6205911724FDBB21001565BF /* ContentView.swift in Sources */,
				6205910A24FDBB21001565BF /* SettingView.swift in Sources */,
				E1C91E122503B80800001424 /* ReverseScrollView.swift in Sources */,
				6205910824FDBB21001565BF /* ChatData.swift in Sources */,
				6205910724FDBB21001565BF /* ViewRouter.swift in Sources */,
				BE167C452514333A00402C14 /* SettingsData.swift in Sources */,
				E1BCD3E1251E46540051A28C /* EditProfile.swift in Sources */,
				6205910D24FDBB21001565BF /* Header.swift in Sources */,
				6205910524FDBB21001565BF /* UserData.swift in Sources */,
				6205911424FDBB21001565BF /* LeaderboardTabBar.swift in Sources */,
				6205910C24FDBB21001565BF /* Home.swift in Sources */,
				6205911224FDBB21001565BF /* AddChatCell.swift in Sources */,
				E155D69E251AA66F008281AE /* ProfileView.swift in Sources */,
				6205910F24FDBB21001565BF /* AddChat.swift in Sources */,
				62C3ED21250597A300CEA882 /* CreateGroupView.swift in Sources */,
				6205910124FDBB21001565BF /* FirebaseManager.swift in Sources */,
				6205911324FDBB21001565BF /* LeaderboardView.swift in Sources */,
				628A12762518683B001C4B13 /* IntroView.swift in Sources */,
				6205911824FDBB21001565BF /* RegistrationView.swift in Sources */,
				6205910E24FDBB21001565BF /* ChatCell.swift in Sources */,
				6205910B24FDBB21001565BF /* CTA.swift in Sources */,
				E1BCD406251E8A080051A28C /* PairingView.swift in Sources */,
				6205910324FDBB21001565BF /* Categories.swift in Sources */,
				6205911624FDBB21001565BF /* CustomButtonStyles.swift in Sources */,
				E1BCD401251E7CF50051A28C /* LeaderboardSubViews.swift in Sources */,
				6205911B24FDBB21001565BF /* SceneDelegate.swift in Sources */,
				6205911024FDBB21001565BF /* ChatView.swift in Sources */,
				620590FE24FDBB21001565BF /* Extensions.swift in Sources */,
				6205911524FDBB21001565BF /* TabBar.swift in Sources */,
				628A127D25186938001C4B13 /* IntroPage.swift in Sources */,
				E155D6A3251AACA9008281AE /* ImagePicker.swift in Sources */,
				620590FF24FDBB21001565BF /* PushNotificationManager.swift in Sources */,
				E155D69B251AA665008281AE /* ProfileStats.swift in Sources */,
				6205910424FDBB21001565BF /* User.swift in Sources */,
				E1C91E142503B86300001424 /* Blur.swift in Sources */,
				6205911124FDBB21001565BF /* RecentsView.swift in Sources */,
				6205910224FDBB21001565BF /* AppDelegate.swift in Sources */,
				628A128025186940001C4B13 /* IntroCustomize.swift in Sources */,
				62F24BE4251415DB00777610 /* Lottie.swift in Sources */,
				6205911924FDBB21001565BF /* LoginView.swift in Sources */,
				BE3E16182517F96900E0A845 /* TimerManager.swift in Sources */,
				6205910924FDBB21001565BF /* TimerView.swift in Sources */,
				6205910024FDBB21001565BF /* PushNotificationSender.swift in Sources */,
				E3CA983825180CAD00602EB6 /* PersonalInfoView.swift in Sources */,
				E18C8364251E920D0087A2BB /* RecentsView2.swift in Sources */,
				E3CA983225167D4800602EB6 /* NotificationsView.swift in Sources */,
			);
			runOnlyForDeploymentPostprocessing = 0;
		};
/* End PBXSourcesBuildPhase section */

/* Begin PBXVariantGroup section */
		620590C624FDBB21001565BF /* LaunchScreen.storyboard */ = {
			isa = PBXVariantGroup;
			children = (
				620590C724FDBB21001565BF /* Base */,
			);
			name = LaunchScreen.storyboard;
			sourceTree = "<group>";
		};
/* End PBXVariantGroup section */

/* Begin XCBuildConfiguration section */
		E33944A424F1B71B00F11BA9 /* Debug */ = {
			isa = XCBuildConfiguration;
			buildSettings = {
				ALWAYS_SEARCH_USER_PATHS = NO;
				CLANG_ANALYZER_NONNULL = YES;
				CLANG_ANALYZER_NUMBER_OBJECT_CONVERSION = YES_AGGRESSIVE;
				CLANG_CXX_LANGUAGE_STANDARD = "gnu++14";
				CLANG_CXX_LIBRARY = "libc++";
				CLANG_ENABLE_MODULES = YES;
				CLANG_ENABLE_OBJC_ARC = YES;
				CLANG_ENABLE_OBJC_WEAK = YES;
				CLANG_WARN_BLOCK_CAPTURE_AUTORELEASING = YES;
				CLANG_WARN_BOOL_CONVERSION = YES;
				CLANG_WARN_COMMA = YES;
				CLANG_WARN_CONSTANT_CONVERSION = YES;
				CLANG_WARN_DEPRECATED_OBJC_IMPLEMENTATIONS = YES;
				CLANG_WARN_DIRECT_OBJC_ISA_USAGE = YES_ERROR;
				CLANG_WARN_DOCUMENTATION_COMMENTS = YES;
				CLANG_WARN_EMPTY_BODY = YES;
				CLANG_WARN_ENUM_CONVERSION = YES;
				CLANG_WARN_INFINITE_RECURSION = YES;
				CLANG_WARN_INT_CONVERSION = YES;
				CLANG_WARN_NON_LITERAL_NULL_CONVERSION = YES;
				CLANG_WARN_OBJC_IMPLICIT_RETAIN_SELF = YES;
				CLANG_WARN_OBJC_LITERAL_CONVERSION = YES;
				CLANG_WARN_OBJC_ROOT_CLASS = YES_ERROR;
				CLANG_WARN_RANGE_LOOP_ANALYSIS = YES;
				CLANG_WARN_STRICT_PROTOTYPES = YES;
				CLANG_WARN_SUSPICIOUS_MOVE = YES;
				CLANG_WARN_UNGUARDED_AVAILABILITY = YES_AGGRESSIVE;
				CLANG_WARN_UNREACHABLE_CODE = YES;
				CLANG_WARN__DUPLICATE_METHOD_MATCH = YES;
				COPY_PHASE_STRIP = NO;
				DEBUG_INFORMATION_FORMAT = dwarf;
				ENABLE_STRICT_OBJC_MSGSEND = YES;
				ENABLE_TESTABILITY = YES;
				GCC_C_LANGUAGE_STANDARD = gnu11;
				GCC_DYNAMIC_NO_PIC = NO;
				GCC_NO_COMMON_BLOCKS = YES;
				GCC_OPTIMIZATION_LEVEL = 0;
				GCC_PREPROCESSOR_DEFINITIONS = (
					"DEBUG=1",
					"$(inherited)",
				);
				GCC_WARN_64_TO_32_BIT_CONVERSION = YES;
				GCC_WARN_ABOUT_RETURN_TYPE = YES_ERROR;
				GCC_WARN_UNDECLARED_SELECTOR = YES;
				GCC_WARN_UNINITIALIZED_AUTOS = YES_AGGRESSIVE;
				GCC_WARN_UNUSED_FUNCTION = YES;
				GCC_WARN_UNUSED_VARIABLE = YES;
				IPHONEOS_DEPLOYMENT_TARGET = 13.5;
				MTL_ENABLE_DEBUG_INFO = INCLUDE_SOURCE;
				MTL_FAST_MATH = YES;
				ONLY_ACTIVE_ARCH = YES;
				SDKROOT = iphoneos;
				SWIFT_ACTIVE_COMPILATION_CONDITIONS = DEBUG;
				SWIFT_OPTIMIZATION_LEVEL = "-Onone";
			};
			name = Debug;
		};
		E33944A524F1B71B00F11BA9 /* Release */ = {
			isa = XCBuildConfiguration;
			buildSettings = {
				ALWAYS_SEARCH_USER_PATHS = NO;
				CLANG_ANALYZER_NONNULL = YES;
				CLANG_ANALYZER_NUMBER_OBJECT_CONVERSION = YES_AGGRESSIVE;
				CLANG_CXX_LANGUAGE_STANDARD = "gnu++14";
				CLANG_CXX_LIBRARY = "libc++";
				CLANG_ENABLE_MODULES = YES;
				CLANG_ENABLE_OBJC_ARC = YES;
				CLANG_ENABLE_OBJC_WEAK = YES;
				CLANG_WARN_BLOCK_CAPTURE_AUTORELEASING = YES;
				CLANG_WARN_BOOL_CONVERSION = YES;
				CLANG_WARN_COMMA = YES;
				CLANG_WARN_CONSTANT_CONVERSION = YES;
				CLANG_WARN_DEPRECATED_OBJC_IMPLEMENTATIONS = YES;
				CLANG_WARN_DIRECT_OBJC_ISA_USAGE = YES_ERROR;
				CLANG_WARN_DOCUMENTATION_COMMENTS = YES;
				CLANG_WARN_EMPTY_BODY = YES;
				CLANG_WARN_ENUM_CONVERSION = YES;
				CLANG_WARN_INFINITE_RECURSION = YES;
				CLANG_WARN_INT_CONVERSION = YES;
				CLANG_WARN_NON_LITERAL_NULL_CONVERSION = YES;
				CLANG_WARN_OBJC_IMPLICIT_RETAIN_SELF = YES;
				CLANG_WARN_OBJC_LITERAL_CONVERSION = YES;
				CLANG_WARN_OBJC_ROOT_CLASS = YES_ERROR;
				CLANG_WARN_RANGE_LOOP_ANALYSIS = YES;
				CLANG_WARN_STRICT_PROTOTYPES = YES;
				CLANG_WARN_SUSPICIOUS_MOVE = YES;
				CLANG_WARN_UNGUARDED_AVAILABILITY = YES_AGGRESSIVE;
				CLANG_WARN_UNREACHABLE_CODE = YES;
				CLANG_WARN__DUPLICATE_METHOD_MATCH = YES;
				COPY_PHASE_STRIP = NO;
				DEBUG_INFORMATION_FORMAT = "dwarf-with-dsym";
				ENABLE_NS_ASSERTIONS = NO;
				ENABLE_STRICT_OBJC_MSGSEND = YES;
				GCC_C_LANGUAGE_STANDARD = gnu11;
				GCC_NO_COMMON_BLOCKS = YES;
				GCC_WARN_64_TO_32_BIT_CONVERSION = YES;
				GCC_WARN_ABOUT_RETURN_TYPE = YES_ERROR;
				GCC_WARN_UNDECLARED_SELECTOR = YES;
				GCC_WARN_UNINITIALIZED_AUTOS = YES_AGGRESSIVE;
				GCC_WARN_UNUSED_FUNCTION = YES;
				GCC_WARN_UNUSED_VARIABLE = YES;
				IPHONEOS_DEPLOYMENT_TARGET = 13.5;
				MTL_ENABLE_DEBUG_INFO = NO;
				MTL_FAST_MATH = YES;
				SDKROOT = iphoneos;
				SWIFT_COMPILATION_MODE = wholemodule;
				SWIFT_OPTIMIZATION_LEVEL = "-O";
				VALIDATE_PRODUCT = YES;
			};
			name = Release;
		};
		E33944A724F1B71B00F11BA9 /* Debug */ = {
			isa = XCBuildConfiguration;
			baseConfigurationReference = C7A62219EB10FE2A621A6C84 /* Pods-StudyHub.debug.xcconfig */;
			buildSettings = {
				ASSETCATALOG_COMPILER_APPICON_NAME = AppIcon;
				CODE_SIGN_STYLE = Automatic;
				DEAD_CODE_STRIPPING = NO;
				DEVELOPMENT_ASSET_PATHS = "\"StudyHub/Preview Content\"";
				DEVELOPMENT_TEAM = MC27HKM86M;
				ENABLE_PREVIEWS = YES;
				INFOPLIST_FILE = StudyHub/Info.plist;
				LD_RUNPATH_SEARCH_PATHS = (
					"$(inherited)",
					"@executable_path/Frameworks",
				);
				PRODUCT_BUNDLE_IDENTIFIER = com.StudyHub;
				PRODUCT_NAME = "$(TARGET_NAME)";
				SWIFT_VERSION = 5.0;
				TARGETED_DEVICE_FAMILY = "1,2";
			};
			name = Debug;
		};
		E33944A824F1B71B00F11BA9 /* Release */ = {
			isa = XCBuildConfiguration;
			baseConfigurationReference = EEC3B6AC4F1E11EB05097CA0 /* Pods-StudyHub.release.xcconfig */;
			buildSettings = {
				ASSETCATALOG_COMPILER_APPICON_NAME = AppIcon;
				CODE_SIGN_STYLE = Automatic;
				DEAD_CODE_STRIPPING = NO;
				DEVELOPMENT_ASSET_PATHS = "\"StudyHub/Preview Content\"";
				DEVELOPMENT_TEAM = MC27HKM86M;
				ENABLE_PREVIEWS = YES;
				INFOPLIST_FILE = StudyHub/Info.plist;
				LD_RUNPATH_SEARCH_PATHS = (
					"$(inherited)",
					"@executable_path/Frameworks",
				);
				PRODUCT_BUNDLE_IDENTIFIER = com.StudyHub;
				PRODUCT_NAME = "$(TARGET_NAME)";
				SWIFT_VERSION = 5.0;
				TARGETED_DEVICE_FAMILY = "1,2";
			};
			name = Release;
		};
/* End XCBuildConfiguration section */

/* Begin XCConfigurationList section */
		E339448D24F1B71600F11BA9 /* Build configuration list for PBXProject "StudyHub" */ = {
			isa = XCConfigurationList;
			buildConfigurations = (
				E33944A424F1B71B00F11BA9 /* Debug */,
				E33944A524F1B71B00F11BA9 /* Release */,
			);
			defaultConfigurationIsVisible = 0;
			defaultConfigurationName = Release;
		};
		E33944A624F1B71B00F11BA9 /* Build configuration list for PBXNativeTarget "StudyHub" */ = {
			isa = XCConfigurationList;
			buildConfigurations = (
				E33944A724F1B71B00F11BA9 /* Debug */,
				E33944A824F1B71B00F11BA9 /* Release */,
			);
			defaultConfigurationIsVisible = 0;
			defaultConfigurationName = Release;
		};
/* End XCConfigurationList section */

/* Begin XCRemoteSwiftPackageReference section */
		628A12782518691A001C4B13 /* RemoteSwiftPackageReference */ = {
			isa = XCRemoteSwiftPackageReference;
			repositoryURL = "https://github.com/nachonavarro/Pages.git";
			requirement = {
				kind = upToNextMajorVersion;
				minimumVersion = 0.1.5;
			};
		};
		E1FD834B24F54E670024D2A3 /* RemoteSwiftPackageReference */ = {
			isa = XCRemoteSwiftPackageReference;
			repositoryURL = "https://github.com/hackiftekhar/IQKeyboardManager";
			requirement = {
				kind = upToNextMajorVersion;
				minimumVersion = 6.5.6;
			};
		};
/* End XCRemoteSwiftPackageReference section */

/* Begin XCSwiftPackageProductDependency section */
		628A12792518691A001C4B13 /* SwiftPackageProductDependency */ = {
			isa = XCSwiftPackageProductDependency;
			package = 628A12782518691A001C4B13 /* RemoteSwiftPackageReference */;
			productName = Pages;
		};
		E1FD834C24F54E670024D2A3 /* SwiftPackageProductDependency */ = {
			isa = XCSwiftPackageProductDependency;
			package = E1FD834B24F54E670024D2A3 /* RemoteSwiftPackageReference */;
			productName = IQKeyboardManagerSwift;
		};
/* End XCSwiftPackageProductDependency section */
	};
	rootObject = E339448A24F1B71600F11BA9 /* Project object */;
}
